
Microsoft Visual Studio Solution File, Format Version 10.00
# Visual Studio 2008
Project("{8BC9CEB8-8B4A-11D0-8D11-00A0C91BC942}") = "game", "game.vcproj", "{D80E209F-FE3D-41C6-B2C3-5B20A687BBF8}"
	ProjectSection(ProjectDependencies) = postProject
		{8D9287B3-0AC5-434C-BDD4-F78B40254471} = {8D9287B3-0AC5-434C-BDD4-F78B40254471}
	EndProjectSection
EndProject
Project("{8BC9CEB8-8B4A-11D0-8D11-00A0C91BC942}") = "engine", "..\..\engine\engine.vcproj", "{8D9287B3-0AC5-434C-BDD4-F78B40254471}"
EndProject
Project("{2150E333-8FDC-42A3-9474-1A3956D46DE8}") = "Tools", "Tools", "{B99D614A-CDDA-4A23-81E7-539932A29860}"
EndProject
Project("{8BC9CEB8-8B4A-11D0-8D11-00A0C91BC942}") = "MapEditor", "..\..\tools\MapEditor\MapEditor.vcproj", "{7E602DBF-D2F0-4FEE-B1B9-EE22859A8B0E}"
	ProjectSection(ProjectDependencies) = postProject
		{0264F668-0FEA-44B2-AA6A-B560D4FDEC73} = {0264F668-0FEA-44B2-AA6A-B560D4FDEC73}
		{8D9287B3-0AC5-434C-BDD4-F78B40254471} = {8D9287B3-0AC5-434C-BDD4-F78B40254471}
	EndProjectSection
EndProject
Project("{8BC9CEB8-8B4A-11D0-8D11-00A0C91BC942}") = "ToolFramework", "..\..\tools\sdk\ToolFramework\ToolFramework.vcproj", "{0264F668-0FEA-44B2-AA6A-B560D4FDEC73}"
EndProject
Project("{8BC9CEB8-8B4A-11D0-8D11-00A0C91BC942}") = "Viewer", "..\..\tools\Viewer\Viewer.vcproj", "{026DD97A-A1CF-40D9-A652-56A2C6A47CF2}"
	ProjectSection(ProjectDependencies) = postProject
		{0264F668-0FEA-44B2-AA6A-B560D4FDEC73} = {0264F668-0FEA-44B2-AA6A-B560D4FDEC73}
		{D80E209F-FE3D-41C6-B2C3-5B20A687BBF8} = {D80E209F-FE3D-41C6-B2C3-5B20A687BBF8}
	EndProjectSection
EndProject
Project("{8BC9CEB8-8B4A-11D0-8D11-00A0C91BC942}") = "EffectViewer", "..\..\tools\EffectViewer\EffectViewer.vcproj", "{C6614F59-928D-4A72-B21B-9AB7B1211283}"
	ProjectSection(ProjectDependencies) = postProject
		{0264F668-0FEA-44B2-AA6A-B560D4FDEC73} = {0264F668-0FEA-44B2-AA6A-B560D4FDEC73}
		{8D9287B3-0AC5-434C-BDD4-F78B40254471} = {8D9287B3-0AC5-434C-BDD4-F78B40254471}
	EndProjectSection
EndProject
Global
	GlobalSection(SolutionConfigurationPlatforms) = preSolution
		Debug|Win32 = Debug|Win32
		Release|Win32 = Release|Win32
	EndGlobalSection
	GlobalSection(ProjectConfigurationPlatforms) = postSolution
		{D80E209F-FE3D-41C6-B2C3-5B20A687BBF8}.Debug|Win32.ActiveCfg = Debug|Win32
		{D80E209F-FE3D-41C6-B2C3-5B20A687BBF8}.Debug|Win32.Build.0 = Debug|Win32
		{D80E209F-FE3D-41C6-B2C3-5B20A687BBF8}.Release|Win32.ActiveCfg = Release|Win32
		{D80E209F-FE3D-41C6-B2C3-5B20A687BBF8}.Release|Win32.Build.0 = Release|Win32
		{8D9287B3-0AC5-434C-BDD4-F78B40254471}.Debug|Win32.ActiveCfg = Debug|Win32
		{8D9287B3-0AC5-434C-BDD4-F78B40254471}.Debug|Win32.Build.0 = Debug|Win32
		{8D9287B3-0AC5-434C-BDD4-F78B40254471}.Release|Win32.ActiveCfg = Release|Win32
		{8D9287B3-0AC5-434C-BDD4-F78B40254471}.Release|Win32.Build.0 = Release|Win32
		{7E602DBF-D2F0-4FEE-B1B9-EE22859A8B0E}.Debug|Win32.ActiveCfg = Debug|Win32
		{7E602DBF-D2F0-4FEE-B1B9-EE22859A8B0E}.Debug|Win32.Build.0 = Debug|Win32
		{7E602DBF-D2F0-4FEE-B1B9-EE22859A8B0E}.Release|Win32.ActiveCfg = Release|Win32
		{7E602DBF-D2F0-4FEE-B1B9-EE22859A8B0E}.Release|Win32.Build.0 = Release|Win32
		{0264F668-0FEA-44B2-AA6A-B560D4FDEC73}.Debug|Win32.ActiveCfg = Debug|Win32
		{0264F668-0FEA-44B2-AA6A-B560D4FDEC73}.Debug|Win32.Build.0 = Debug|Win32
		{0264F668-0FEA-44B2-AA6A-B560D4FDEC73}.Release|Win32.ActiveCfg = Release|Win32
		{0264F668-0FEA-44B2-AA6A-B560D4FDEC73}.Release|Win32.Build.0 = Release|Win32
		{026DD97A-A1CF-40D9-A652-56A2C6A47CF2}.Debug|Win32.ActiveCfg = Debug|Win32
		{026DD97A-A1CF-40D9-A652-56A2C6A47CF2}.Debug|Win32.Build.0 = Debug|Win32
		{026DD97A-A1CF-40D9-A652-56A2C6A47CF2}.Release|Win32.ActiveCfg = Release|Win32
		{026DD97A-A1CF-40D9-A652-56A2C6A47CF2}.Release|Win32.Build.0 = Release|Win32
		{C6614F59-928D-4A72-B21B-9AB7B1211283}.Debug|Win32.ActiveCfg = Debug|Win32
		{C6614F59-928D-4A72-B21B-9AB7B1211283}.Debug|Win32.Build.0 = Debug|Win32
		{C6614F59-928D-4A72-B21B-9AB7B1211283}.Release|Win32.ActiveCfg = Release|Win32
		{C6614F59-928D-4A72-B21B-9AB7B1211283}.Release|Win32.Build.0 = Release|Win32
	EndGlobalSection
	GlobalSection(SolutionProperties) = preSolution
		HideSolutionNode = FALSE
	EndGlobalSection
	GlobalSection(NestedProjects) = preSolution
		{7E602DBF-D2F0-4FEE-B1B9-EE22859A8B0E} = {B99D614A-CDDA-4A23-81E7-539932A29860}
		{0264F668-0FEA-44B2-AA6A-B560D4FDEC73} = {B99D614A-CDDA-4A23-81E7-539932A29860}
		{026DD97A-A1CF-40D9-A652-56A2C6A47CF2} = {B99D614A-CDDA-4A23-81E7-539932A29860}
		{C6614F59-928D-4A72-B21B-9AB7B1211283} = {B99D614A-CDDA-4A23-81E7-539932A29860}
	EndGlobalSection
EndGlobal
