
Microsoft Visual Studio Solution File, Format Version 10.00
# Visual Studio 2008
Project("{8BC9CEB8-8B4A-11D0-8D11-00A0C91BC942}") = "orange-grass", "orange-grass.vcproj", "{D80E209F-FE3D-41C6-B2C3-5B20A687BBF8}"
	ProjectSection(ProjectDependencies) = postProject
		{8D9287B3-0AC5-434C-BDD4-F78B40254471} = {8D9287B3-0AC5-434C-BDD4-F78B40254471}
	EndProjectSection
EndProject
Project("{8BC9CEB8-8B4A-11D0-8D11-00A0C91BC942}") = "og", "..\..\..\engine\og.vcproj", "{8D9287B3-0AC5-434C-BDD4-F78B40254471}"
EndProject
Project("{2150E333-8FDC-42A3-9474-1A3956D46DE8}") = "Tools", "Tools", "{B99D614A-CDDA-4A23-81E7-539932A29860}"
EndProject
Project("{8BC9CEB8-8B4A-11D0-8D11-00A0C91BC942}") = "MapEditor", "..\..\..\tools\MapEditor\MapEditor.vcproj", "{7E602DBF-D2F0-4FEE-B1B9-EE22859A8B0E}"
	ProjectSection(ProjectDependencies) = postProject
		{0264F668-0FEA-44B2-AA6A-B560D4FDEC73} = {0264F668-0FEA-44B2-AA6A-B560D4FDEC73}
		{D014496F-0F76-4A57-9F8F-CFF8A569D6AC} = {D014496F-0F76-4A57-9F8F-CFF8A569D6AC}
		{AD674477-C9BC-4E46-8433-17AF206E9A3F} = {AD674477-C9BC-4E46-8433-17AF206E9A3F}
		{7BA8DC77-BD06-4A0C-878C-1FE16FCF1969} = {7BA8DC77-BD06-4A0C-878C-1FE16FCF1969}
		{F2EA407C-ACFB-4925-916B-2F2E0717AC0A} = {F2EA407C-ACFB-4925-916B-2F2E0717AC0A}
		{8D9287B3-0AC5-434C-BDD4-F78B40254471} = {8D9287B3-0AC5-434C-BDD4-F78B40254471}
		{F6B88FE2-C09D-4AC6-A9C0-FA7A809BE5F0} = {F6B88FE2-C09D-4AC6-A9C0-FA7A809BE5F0}
	EndProjectSection
EndProject
Project("{8BC9CEB8-8B4A-11D0-8D11-00A0C91BC942}") = "ToolFramework", "..\..\..\tools\sdk\ToolFramework\ToolFramework.vcproj", "{0264F668-0FEA-44B2-AA6A-B560D4FDEC73}"
EndProject
Project("{2150E333-8FDC-42A3-9474-1A3956D46DE8}") = "sdk", "sdk", "{9859476C-81E7-44E6-8515-93253850DB4C}"
EndProject
Project("{8BC9CEB8-8B4A-11D0-8D11-00A0C91BC942}") = "adv", "..\..\..\tools\sdk\wxWidgets\build\msw\wx_adv.vcproj", "{AD674477-C9BC-4E46-8433-17AF206E9A3F}"
EndProject
Project("{2150E333-8FDC-42A3-9474-1A3956D46DE8}") = "wxWidgets", "wxWidgets", "{21EDDC0F-C9DF-4E3A-946D-CF24F7D60F2C}"
EndProject
Project("{8BC9CEB8-8B4A-11D0-8D11-00A0C91BC942}") = "aui", "..\..\..\tools\sdk\wxWidgets\build\msw\wx_aui.vcproj", "{D014496F-0F76-4A57-9F8F-CFF8A569D6AC}"
EndProject
Project("{8BC9CEB8-8B4A-11D0-8D11-00A0C91BC942}") = "base", "..\..\..\tools\sdk\wxWidgets\build\msw\wx_base.vcproj", "{F6B88FE2-C09D-4AC6-A9C0-FA7A809BE5F0}"
EndProject
Project("{8BC9CEB8-8B4A-11D0-8D11-00A0C91BC942}") = "core", "..\..\..\tools\sdk\wxWidgets\build\msw\wx_core.vcproj", "{7BA8DC77-BD06-4A0C-878C-1FE16FCF1969}"
EndProject
Project("{8BC9CEB8-8B4A-11D0-8D11-00A0C91BC942}") = "dbgrid", "..\..\..\tools\sdk\wxWidgets\build\msw\wx_dbgrid.vcproj", "{B6AA3B28-6E3E-40FA-9EE4-0D8AFE14BCFA}"
EndProject
Project("{8BC9CEB8-8B4A-11D0-8D11-00A0C91BC942}") = "gl", "..\..\..\tools\sdk\wxWidgets\build\msw\wx_gl.vcproj", "{F2EA407C-ACFB-4925-916B-2F2E0717AC0A}"
EndProject
Project("{8BC9CEB8-8B4A-11D0-8D11-00A0C91BC942}") = "html", "..\..\..\tools\sdk\wxWidgets\build\msw\wx_html.vcproj", "{DD3F8E21-24EB-48DA-8F6E-864B48324371}"
EndProject
Project("{8BC9CEB8-8B4A-11D0-8D11-00A0C91BC942}") = "media", "..\..\..\tools\sdk\wxWidgets\build\msw\wx_media.vcproj", "{13867B9C-A389-44C8-A344-9873E0F23EB5}"
EndProject
Project("{8BC9CEB8-8B4A-11D0-8D11-00A0C91BC942}") = "net", "..\..\..\tools\sdk\wxWidgets\build\msw\wx_net.vcproj", "{6FDBEAF9-9E6D-4D59-9E6B-772001313F03}"
EndProject
Project("{8BC9CEB8-8B4A-11D0-8D11-00A0C91BC942}") = "odbc", "..\..\..\tools\sdk\wxWidgets\build\msw\wx_odbc.vcproj", "{1DD2DCA0-D245-4FE0-AF66-3B80CBBF2AF3}"
EndProject
Project("{8BC9CEB8-8B4A-11D0-8D11-00A0C91BC942}") = "qa", "..\..\..\tools\sdk\wxWidgets\build\msw\wx_qa.vcproj", "{A45DCEC5-EC51-4AC8-87CF-3FAD3B568E91}"
EndProject
Project("{8BC9CEB8-8B4A-11D0-8D11-00A0C91BC942}") = "richtext", "..\..\..\tools\sdk\wxWidgets\build\msw\wx_richtext.vcproj", "{2F0362F3-9148-4B51-BC90-5D8A2BCC45EA}"
EndProject
Project("{8BC9CEB8-8B4A-11D0-8D11-00A0C91BC942}") = "wxexpat", "..\..\..\tools\sdk\wxWidgets\build\msw\wx_wxexpat.vcproj", "{483BCC4F-4850-48E1-9F92-D1945FE47F1A}"
EndProject
Project("{8BC9CEB8-8B4A-11D0-8D11-00A0C91BC942}") = "wxjpeg", "..\..\..\tools\sdk\wxWidgets\build\msw\wx_wxjpeg.vcproj", "{0692891D-87A4-45CF-8029-18F4AC9DFBFB}"
EndProject
Project("{8BC9CEB8-8B4A-11D0-8D11-00A0C91BC942}") = "wxpng", "..\..\..\tools\sdk\wxWidgets\build\msw\wx_wxpng.vcproj", "{95F33FA9-4DAE-4FA2-8CDD-8C1E9483774D}"
EndProject
Project("{8BC9CEB8-8B4A-11D0-8D11-00A0C91BC942}") = "wxregex", "..\..\..\tools\sdk\wxWidgets\build\msw\wx_wxregex.vcproj", "{95275C55-28B7-4FD7-B28B-4ACE7A182F89}"
EndProject
Project("{8BC9CEB8-8B4A-11D0-8D11-00A0C91BC942}") = "wxtiff", "..\..\..\tools\sdk\wxWidgets\build\msw\wx_wxtiff.vcproj", "{1B8ED247-6F14-4D88-8FEF-7F3A6E965150}"
EndProject
Project("{8BC9CEB8-8B4A-11D0-8D11-00A0C91BC942}") = "wxzlib", "..\..\..\tools\sdk\wxWidgets\build\msw\wx_wxzlib.vcproj", "{061B4312-50DC-441E-96EE-3AC00C2773A4}"
EndProject
Project("{8BC9CEB8-8B4A-11D0-8D11-00A0C91BC942}") = "xml", "..\..\..\tools\sdk\wxWidgets\build\msw\wx_xml.vcproj", "{58CB7479-42C1-4A3D-AF9D-DD89943A0051}"
EndProject
Project("{8BC9CEB8-8B4A-11D0-8D11-00A0C91BC942}") = "xrc", "..\..\..\tools\sdk\wxWidgets\build\msw\wx_xrc.vcproj", "{6EC6B247-B0B9-4808-94DD-85D3D6C13ABC}"
EndProject
Project("{8BC9CEB8-8B4A-11D0-8D11-00A0C91BC942}") = "Viewer", "..\..\..\tools\Viewer\Viewer.vcproj", "{026DD97A-A1CF-40D9-A652-56A2C6A47CF2}"
	ProjectSection(ProjectDependencies) = postProject
		{0264F668-0FEA-44B2-AA6A-B560D4FDEC73} = {0264F668-0FEA-44B2-AA6A-B560D4FDEC73}
		{D014496F-0F76-4A57-9F8F-CFF8A569D6AC} = {D014496F-0F76-4A57-9F8F-CFF8A569D6AC}
		{AD674477-C9BC-4E46-8433-17AF206E9A3F} = {AD674477-C9BC-4E46-8433-17AF206E9A3F}
		{7BA8DC77-BD06-4A0C-878C-1FE16FCF1969} = {7BA8DC77-BD06-4A0C-878C-1FE16FCF1969}
		{F2EA407C-ACFB-4925-916B-2F2E0717AC0A} = {F2EA407C-ACFB-4925-916B-2F2E0717AC0A}
		{D80E209F-FE3D-41C6-B2C3-5B20A687BBF8} = {D80E209F-FE3D-41C6-B2C3-5B20A687BBF8}
		{F6B88FE2-C09D-4AC6-A9C0-FA7A809BE5F0} = {F6B88FE2-C09D-4AC6-A9C0-FA7A809BE5F0}
	EndProjectSection
EndProject
Project("{8BC9CEB8-8B4A-11D0-8D11-00A0C91BC942}") = "EffectViewer", "..\..\..\tools\EffectViewer\EffectViewer.vcproj", "{C6614F59-928D-4A72-B21B-9AB7B1211283}"
	ProjectSection(ProjectDependencies) = postProject
		{0264F668-0FEA-44B2-AA6A-B560D4FDEC73} = {0264F668-0FEA-44B2-AA6A-B560D4FDEC73}
		{D014496F-0F76-4A57-9F8F-CFF8A569D6AC} = {D014496F-0F76-4A57-9F8F-CFF8A569D6AC}
		{AD674477-C9BC-4E46-8433-17AF206E9A3F} = {AD674477-C9BC-4E46-8433-17AF206E9A3F}
		{7BA8DC77-BD06-4A0C-878C-1FE16FCF1969} = {7BA8DC77-BD06-4A0C-878C-1FE16FCF1969}
		{F2EA407C-ACFB-4925-916B-2F2E0717AC0A} = {F2EA407C-ACFB-4925-916B-2F2E0717AC0A}
		{8D9287B3-0AC5-434C-BDD4-F78B40254471} = {8D9287B3-0AC5-434C-BDD4-F78B40254471}
		{F6B88FE2-C09D-4AC6-A9C0-FA7A809BE5F0} = {F6B88FE2-C09D-4AC6-A9C0-FA7A809BE5F0}
	EndProjectSection
EndProject
Global
	GlobalSection(SolutionConfigurationPlatforms) = preSolution
		Debug|Win32 = Debug|Win32
		DLL Debug|Win32 = DLL Debug|Win32
		DLL Release|Win32 = DLL Release|Win32
		DLL Unicode Debug|Win32 = DLL Unicode Debug|Win32
		DLL Unicode Release|Win32 = DLL Unicode Release|Win32
		DLL Universal Debug|Win32 = DLL Universal Debug|Win32
		DLL Universal Release|Win32 = DLL Universal Release|Win32
		DLL Universal Unicode Debug|Win32 = DLL Universal Unicode Debug|Win32
		DLL Universal Unicode Release|Win32 = DLL Universal Unicode Release|Win32
		Release|Win32 = Release|Win32
		Unicode Debug|Win32 = Unicode Debug|Win32
		Unicode Release|Win32 = Unicode Release|Win32
		Universal Debug|Win32 = Universal Debug|Win32
		Universal Release|Win32 = Universal Release|Win32
		Universal Unicode Debug|Win32 = Universal Unicode Debug|Win32
		Universal Unicode Release|Win32 = Universal Unicode Release|Win32
	EndGlobalSection
	GlobalSection(ProjectConfigurationPlatforms) = postSolution
		{D80E209F-FE3D-41C6-B2C3-5B20A687BBF8}.Debug|Win32.ActiveCfg = Debug|Win32
		{D80E209F-FE3D-41C6-B2C3-5B20A687BBF8}.Debug|Win32.Build.0 = Debug|Win32
		{D80E209F-FE3D-41C6-B2C3-5B20A687BBF8}.DLL Debug|Win32.ActiveCfg = Debug|Win32
		{D80E209F-FE3D-41C6-B2C3-5B20A687BBF8}.DLL Debug|Win32.Build.0 = Debug|Win32
		{D80E209F-FE3D-41C6-B2C3-5B20A687BBF8}.DLL Release|Win32.ActiveCfg = Release|Win32
		{D80E209F-FE3D-41C6-B2C3-5B20A687BBF8}.DLL Release|Win32.Build.0 = Release|Win32
		{D80E209F-FE3D-41C6-B2C3-5B20A687BBF8}.DLL Unicode Debug|Win32.ActiveCfg = Debug|Win32
		{D80E209F-FE3D-41C6-B2C3-5B20A687BBF8}.DLL Unicode Debug|Win32.Build.0 = Debug|Win32
		{D80E209F-FE3D-41C6-B2C3-5B20A687BBF8}.DLL Unicode Release|Win32.ActiveCfg = Release|Win32
		{D80E209F-FE3D-41C6-B2C3-5B20A687BBF8}.DLL Unicode Release|Win32.Build.0 = Release|Win32
		{D80E209F-FE3D-41C6-B2C3-5B20A687BBF8}.DLL Universal Debug|Win32.ActiveCfg = Debug|Win32
		{D80E209F-FE3D-41C6-B2C3-5B20A687BBF8}.DLL Universal Debug|Win32.Build.0 = Debug|Win32
		{D80E209F-FE3D-41C6-B2C3-5B20A687BBF8}.DLL Universal Release|Win32.ActiveCfg = Release|Win32
		{D80E209F-FE3D-41C6-B2C3-5B20A687BBF8}.DLL Universal Release|Win32.Build.0 = Release|Win32
		{D80E209F-FE3D-41C6-B2C3-5B20A687BBF8}.DLL Universal Unicode Debug|Win32.ActiveCfg = Debug|Win32
		{D80E209F-FE3D-41C6-B2C3-5B20A687BBF8}.DLL Universal Unicode Debug|Win32.Build.0 = Debug|Win32
		{D80E209F-FE3D-41C6-B2C3-5B20A687BBF8}.DLL Universal Unicode Release|Win32.ActiveCfg = Release|Win32
		{D80E209F-FE3D-41C6-B2C3-5B20A687BBF8}.DLL Universal Unicode Release|Win32.Build.0 = Release|Win32
		{D80E209F-FE3D-41C6-B2C3-5B20A687BBF8}.Release|Win32.ActiveCfg = Release|Win32
		{D80E209F-FE3D-41C6-B2C3-5B20A687BBF8}.Release|Win32.Build.0 = Release|Win32
		{D80E209F-FE3D-41C6-B2C3-5B20A687BBF8}.Unicode Debug|Win32.ActiveCfg = Debug|Win32
		{D80E209F-FE3D-41C6-B2C3-5B20A687BBF8}.Unicode Debug|Win32.Build.0 = Debug|Win32
		{D80E209F-FE3D-41C6-B2C3-5B20A687BBF8}.Unicode Release|Win32.ActiveCfg = Release|Win32
		{D80E209F-FE3D-41C6-B2C3-5B20A687BBF8}.Unicode Release|Win32.Build.0 = Release|Win32
		{D80E209F-FE3D-41C6-B2C3-5B20A687BBF8}.Universal Debug|Win32.ActiveCfg = Debug|Win32
		{D80E209F-FE3D-41C6-B2C3-5B20A687BBF8}.Universal Debug|Win32.Build.0 = Debug|Win32
		{D80E209F-FE3D-41C6-B2C3-5B20A687BBF8}.Universal Release|Win32.ActiveCfg = Release|Win32
		{D80E209F-FE3D-41C6-B2C3-5B20A687BBF8}.Universal Release|Win32.Build.0 = Release|Win32
		{D80E209F-FE3D-41C6-B2C3-5B20A687BBF8}.Universal Unicode Debug|Win32.ActiveCfg = Debug|Win32
		{D80E209F-FE3D-41C6-B2C3-5B20A687BBF8}.Universal Unicode Debug|Win32.Build.0 = Debug|Win32
		{D80E209F-FE3D-41C6-B2C3-5B20A687BBF8}.Universal Unicode Release|Win32.ActiveCfg = Release|Win32
		{D80E209F-FE3D-41C6-B2C3-5B20A687BBF8}.Universal Unicode Release|Win32.Build.0 = Release|Win32
		{8D9287B3-0AC5-434C-BDD4-F78B40254471}.Debug|Win32.ActiveCfg = Debug|Win32
		{8D9287B3-0AC5-434C-BDD4-F78B40254471}.Debug|Win32.Build.0 = Debug|Win32
		{8D9287B3-0AC5-434C-BDD4-F78B40254471}.DLL Debug|Win32.ActiveCfg = Debug|Win32
		{8D9287B3-0AC5-434C-BDD4-F78B40254471}.DLL Debug|Win32.Build.0 = Debug|Win32
		{8D9287B3-0AC5-434C-BDD4-F78B40254471}.DLL Release|Win32.ActiveCfg = Release|Win32
		{8D9287B3-0AC5-434C-BDD4-F78B40254471}.DLL Release|Win32.Build.0 = Release|Win32
		{8D9287B3-0AC5-434C-BDD4-F78B40254471}.DLL Unicode Debug|Win32.ActiveCfg = Debug|Win32
		{8D9287B3-0AC5-434C-BDD4-F78B40254471}.DLL Unicode Debug|Win32.Build.0 = Debug|Win32
		{8D9287B3-0AC5-434C-BDD4-F78B40254471}.DLL Unicode Release|Win32.ActiveCfg = Release|Win32
		{8D9287B3-0AC5-434C-BDD4-F78B40254471}.DLL Unicode Release|Win32.Build.0 = Release|Win32
		{8D9287B3-0AC5-434C-BDD4-F78B40254471}.DLL Universal Debug|Win32.ActiveCfg = Debug|Win32
		{8D9287B3-0AC5-434C-BDD4-F78B40254471}.DLL Universal Debug|Win32.Build.0 = Debug|Win32
		{8D9287B3-0AC5-434C-BDD4-F78B40254471}.DLL Universal Release|Win32.ActiveCfg = Release|Win32
		{8D9287B3-0AC5-434C-BDD4-F78B40254471}.DLL Universal Release|Win32.Build.0 = Release|Win32
		{8D9287B3-0AC5-434C-BDD4-F78B40254471}.DLL Universal Unicode Debug|Win32.ActiveCfg = Debug|Win32
		{8D9287B3-0AC5-434C-BDD4-F78B40254471}.DLL Universal Unicode Debug|Win32.Build.0 = Debug|Win32
		{8D9287B3-0AC5-434C-BDD4-F78B40254471}.DLL Universal Unicode Release|Win32.ActiveCfg = Release|Win32
		{8D9287B3-0AC5-434C-BDD4-F78B40254471}.DLL Universal Unicode Release|Win32.Build.0 = Release|Win32
		{8D9287B3-0AC5-434C-BDD4-F78B40254471}.Release|Win32.ActiveCfg = Release|Win32
		{8D9287B3-0AC5-434C-BDD4-F78B40254471}.Release|Win32.Build.0 = Release|Win32
		{8D9287B3-0AC5-434C-BDD4-F78B40254471}.Unicode Debug|Win32.ActiveCfg = Debug|Win32
		{8D9287B3-0AC5-434C-BDD4-F78B40254471}.Unicode Debug|Win32.Build.0 = Debug|Win32
		{8D9287B3-0AC5-434C-BDD4-F78B40254471}.Unicode Release|Win32.ActiveCfg = Release|Win32
		{8D9287B3-0AC5-434C-BDD4-F78B40254471}.Unicode Release|Win32.Build.0 = Release|Win32
		{8D9287B3-0AC5-434C-BDD4-F78B40254471}.Universal Debug|Win32.ActiveCfg = Debug|Win32
		{8D9287B3-0AC5-434C-BDD4-F78B40254471}.Universal Debug|Win32.Build.0 = Debug|Win32
		{8D9287B3-0AC5-434C-BDD4-F78B40254471}.Universal Release|Win32.ActiveCfg = Release|Win32
		{8D9287B3-0AC5-434C-BDD4-F78B40254471}.Universal Release|Win32.Build.0 = Release|Win32
		{8D9287B3-0AC5-434C-BDD4-F78B40254471}.Universal Unicode Debug|Win32.ActiveCfg = Debug|Win32
		{8D9287B3-0AC5-434C-BDD4-F78B40254471}.Universal Unicode Debug|Win32.Build.0 = Debug|Win32
		{8D9287B3-0AC5-434C-BDD4-F78B40254471}.Universal Unicode Release|Win32.ActiveCfg = Release|Win32
		{8D9287B3-0AC5-434C-BDD4-F78B40254471}.Universal Unicode Release|Win32.Build.0 = Release|Win32
		{7E602DBF-D2F0-4FEE-B1B9-EE22859A8B0E}.Debug|Win32.ActiveCfg = Debug|Win32
		{7E602DBF-D2F0-4FEE-B1B9-EE22859A8B0E}.Debug|Win32.Build.0 = Debug|Win32
		{7E602DBF-D2F0-4FEE-B1B9-EE22859A8B0E}.DLL Debug|Win32.ActiveCfg = Debug|Win32
		{7E602DBF-D2F0-4FEE-B1B9-EE22859A8B0E}.DLL Debug|Win32.Build.0 = Debug|Win32
		{7E602DBF-D2F0-4FEE-B1B9-EE22859A8B0E}.DLL Release|Win32.ActiveCfg = Release|Win32
		{7E602DBF-D2F0-4FEE-B1B9-EE22859A8B0E}.DLL Release|Win32.Build.0 = Release|Win32
		{7E602DBF-D2F0-4FEE-B1B9-EE22859A8B0E}.DLL Unicode Debug|Win32.ActiveCfg = Debug|Win32
		{7E602DBF-D2F0-4FEE-B1B9-EE22859A8B0E}.DLL Unicode Debug|Win32.Build.0 = Debug|Win32
		{7E602DBF-D2F0-4FEE-B1B9-EE22859A8B0E}.DLL Unicode Release|Win32.ActiveCfg = Release|Win32
		{7E602DBF-D2F0-4FEE-B1B9-EE22859A8B0E}.DLL Unicode Release|Win32.Build.0 = Release|Win32
		{7E602DBF-D2F0-4FEE-B1B9-EE22859A8B0E}.DLL Universal Debug|Win32.ActiveCfg = Debug|Win32
		{7E602DBF-D2F0-4FEE-B1B9-EE22859A8B0E}.DLL Universal Debug|Win32.Build.0 = Debug|Win32
		{7E602DBF-D2F0-4FEE-B1B9-EE22859A8B0E}.DLL Universal Release|Win32.ActiveCfg = Release|Win32
		{7E602DBF-D2F0-4FEE-B1B9-EE22859A8B0E}.DLL Universal Release|Win32.Build.0 = Release|Win32
		{7E602DBF-D2F0-4FEE-B1B9-EE22859A8B0E}.DLL Universal Unicode Debug|Win32.ActiveCfg = Debug|Win32
		{7E602DBF-D2F0-4FEE-B1B9-EE22859A8B0E}.DLL Universal Unicode Debug|Win32.Build.0 = Debug|Win32
		{7E602DBF-D2F0-4FEE-B1B9-EE22859A8B0E}.DLL Universal Unicode Release|Win32.ActiveCfg = Release|Win32
		{7E602DBF-D2F0-4FEE-B1B9-EE22859A8B0E}.DLL Universal Unicode Release|Win32.Build.0 = Release|Win32
		{7E602DBF-D2F0-4FEE-B1B9-EE22859A8B0E}.Release|Win32.ActiveCfg = Release|Win32
		{7E602DBF-D2F0-4FEE-B1B9-EE22859A8B0E}.Release|Win32.Build.0 = Release|Win32
		{7E602DBF-D2F0-4FEE-B1B9-EE22859A8B0E}.Unicode Debug|Win32.ActiveCfg = Debug|Win32
		{7E602DBF-D2F0-4FEE-B1B9-EE22859A8B0E}.Unicode Debug|Win32.Build.0 = Debug|Win32
		{7E602DBF-D2F0-4FEE-B1B9-EE22859A8B0E}.Unicode Release|Win32.ActiveCfg = Release|Win32
		{7E602DBF-D2F0-4FEE-B1B9-EE22859A8B0E}.Unicode Release|Win32.Build.0 = Release|Win32
		{7E602DBF-D2F0-4FEE-B1B9-EE22859A8B0E}.Universal Debug|Win32.ActiveCfg = Debug|Win32
		{7E602DBF-D2F0-4FEE-B1B9-EE22859A8B0E}.Universal Debug|Win32.Build.0 = Debug|Win32
		{7E602DBF-D2F0-4FEE-B1B9-EE22859A8B0E}.Universal Release|Win32.ActiveCfg = Release|Win32
		{7E602DBF-D2F0-4FEE-B1B9-EE22859A8B0E}.Universal Release|Win32.Build.0 = Release|Win32
		{7E602DBF-D2F0-4FEE-B1B9-EE22859A8B0E}.Universal Unicode Debug|Win32.ActiveCfg = Debug|Win32
		{7E602DBF-D2F0-4FEE-B1B9-EE22859A8B0E}.Universal Unicode Debug|Win32.Build.0 = Debug|Win32
		{7E602DBF-D2F0-4FEE-B1B9-EE22859A8B0E}.Universal Unicode Release|Win32.ActiveCfg = Release|Win32
		{7E602DBF-D2F0-4FEE-B1B9-EE22859A8B0E}.Universal Unicode Release|Win32.Build.0 = Release|Win32
		{0264F668-0FEA-44B2-AA6A-B560D4FDEC73}.Debug|Win32.ActiveCfg = Debug|Win32
		{0264F668-0FEA-44B2-AA6A-B560D4FDEC73}.Debug|Win32.Build.0 = Debug|Win32
		{0264F668-0FEA-44B2-AA6A-B560D4FDEC73}.DLL Debug|Win32.ActiveCfg = Debug|Win32
		{0264F668-0FEA-44B2-AA6A-B560D4FDEC73}.DLL Debug|Win32.Build.0 = Debug|Win32
		{0264F668-0FEA-44B2-AA6A-B560D4FDEC73}.DLL Release|Win32.ActiveCfg = Release|Win32
		{0264F668-0FEA-44B2-AA6A-B560D4FDEC73}.DLL Release|Win32.Build.0 = Release|Win32
		{0264F668-0FEA-44B2-AA6A-B560D4FDEC73}.DLL Unicode Debug|Win32.ActiveCfg = Debug|Win32
		{0264F668-0FEA-44B2-AA6A-B560D4FDEC73}.DLL Unicode Debug|Win32.Build.0 = Debug|Win32
		{0264F668-0FEA-44B2-AA6A-B560D4FDEC73}.DLL Unicode Release|Win32.ActiveCfg = Release|Win32
		{0264F668-0FEA-44B2-AA6A-B560D4FDEC73}.DLL Unicode Release|Win32.Build.0 = Release|Win32
		{0264F668-0FEA-44B2-AA6A-B560D4FDEC73}.DLL Universal Debug|Win32.ActiveCfg = Debug|Win32
		{0264F668-0FEA-44B2-AA6A-B560D4FDEC73}.DLL Universal Debug|Win32.Build.0 = Debug|Win32
		{0264F668-0FEA-44B2-AA6A-B560D4FDEC73}.DLL Universal Release|Win32.ActiveCfg = Release|Win32
		{0264F668-0FEA-44B2-AA6A-B560D4FDEC73}.DLL Universal Release|Win32.Build.0 = Release|Win32
		{0264F668-0FEA-44B2-AA6A-B560D4FDEC73}.DLL Universal Unicode Debug|Win32.ActiveCfg = Debug|Win32
		{0264F668-0FEA-44B2-AA6A-B560D4FDEC73}.DLL Universal Unicode Debug|Win32.Build.0 = Debug|Win32
		{0264F668-0FEA-44B2-AA6A-B560D4FDEC73}.DLL Universal Unicode Release|Win32.ActiveCfg = Release|Win32
		{0264F668-0FEA-44B2-AA6A-B560D4FDEC73}.DLL Universal Unicode Release|Win32.Build.0 = Release|Win32
		{0264F668-0FEA-44B2-AA6A-B560D4FDEC73}.Release|Win32.ActiveCfg = Release|Win32
		{0264F668-0FEA-44B2-AA6A-B560D4FDEC73}.Release|Win32.Build.0 = Release|Win32
		{0264F668-0FEA-44B2-AA6A-B560D4FDEC73}.Unicode Debug|Win32.ActiveCfg = Debug|Win32
		{0264F668-0FEA-44B2-AA6A-B560D4FDEC73}.Unicode Debug|Win32.Build.0 = Debug|Win32
		{0264F668-0FEA-44B2-AA6A-B560D4FDEC73}.Unicode Release|Win32.ActiveCfg = Release|Win32
		{0264F668-0FEA-44B2-AA6A-B560D4FDEC73}.Unicode Release|Win32.Build.0 = Release|Win32
		{0264F668-0FEA-44B2-AA6A-B560D4FDEC73}.Universal Debug|Win32.ActiveCfg = Debug|Win32
		{0264F668-0FEA-44B2-AA6A-B560D4FDEC73}.Universal Debug|Win32.Build.0 = Debug|Win32
		{0264F668-0FEA-44B2-AA6A-B560D4FDEC73}.Universal Release|Win32.ActiveCfg = Release|Win32
		{0264F668-0FEA-44B2-AA6A-B560D4FDEC73}.Universal Release|Win32.Build.0 = Release|Win32
		{0264F668-0FEA-44B2-AA6A-B560D4FDEC73}.Universal Unicode Debug|Win32.ActiveCfg = Debug|Win32
		{0264F668-0FEA-44B2-AA6A-B560D4FDEC73}.Universal Unicode Debug|Win32.Build.0 = Debug|Win32
		{0264F668-0FEA-44B2-AA6A-B560D4FDEC73}.Universal Unicode Release|Win32.ActiveCfg = Release|Win32
		{0264F668-0FEA-44B2-AA6A-B560D4FDEC73}.Universal Unicode Release|Win32.Build.0 = Release|Win32
		{AD674477-C9BC-4E46-8433-17AF206E9A3F}.Debug|Win32.ActiveCfg = Debug|Win32
		{AD674477-C9BC-4E46-8433-17AF206E9A3F}.Debug|Win32.Build.0 = Debug|Win32
		{AD674477-C9BC-4E46-8433-17AF206E9A3F}.DLL Debug|Win32.ActiveCfg = DLL Debug|Win32
		{AD674477-C9BC-4E46-8433-17AF206E9A3F}.DLL Debug|Win32.Build.0 = DLL Debug|Win32
		{AD674477-C9BC-4E46-8433-17AF206E9A3F}.DLL Release|Win32.ActiveCfg = DLL Release|Win32
		{AD674477-C9BC-4E46-8433-17AF206E9A3F}.DLL Release|Win32.Build.0 = DLL Release|Win32
		{AD674477-C9BC-4E46-8433-17AF206E9A3F}.DLL Unicode Debug|Win32.ActiveCfg = DLL Unicode Debug|Win32
		{AD674477-C9BC-4E46-8433-17AF206E9A3F}.DLL Unicode Debug|Win32.Build.0 = DLL Unicode Debug|Win32
		{AD674477-C9BC-4E46-8433-17AF206E9A3F}.DLL Unicode Release|Win32.ActiveCfg = DLL Unicode Release|Win32
		{AD674477-C9BC-4E46-8433-17AF206E9A3F}.DLL Unicode Release|Win32.Build.0 = DLL Unicode Release|Win32
		{AD674477-C9BC-4E46-8433-17AF206E9A3F}.DLL Universal Debug|Win32.ActiveCfg = DLL Universal Debug|Win32
		{AD674477-C9BC-4E46-8433-17AF206E9A3F}.DLL Universal Debug|Win32.Build.0 = DLL Universal Debug|Win32
		{AD674477-C9BC-4E46-8433-17AF206E9A3F}.DLL Universal Release|Win32.ActiveCfg = DLL Universal Release|Win32
		{AD674477-C9BC-4E46-8433-17AF206E9A3F}.DLL Universal Release|Win32.Build.0 = DLL Universal Release|Win32
		{AD674477-C9BC-4E46-8433-17AF206E9A3F}.DLL Universal Unicode Debug|Win32.ActiveCfg = DLL Universal Unicode Debug|Win32
		{AD674477-C9BC-4E46-8433-17AF206E9A3F}.DLL Universal Unicode Debug|Win32.Build.0 = DLL Universal Unicode Debug|Win32
		{AD674477-C9BC-4E46-8433-17AF206E9A3F}.DLL Universal Unicode Release|Win32.ActiveCfg = DLL Universal Unicode Release|Win32
		{AD674477-C9BC-4E46-8433-17AF206E9A3F}.DLL Universal Unicode Release|Win32.Build.0 = DLL Universal Unicode Release|Win32
		{AD674477-C9BC-4E46-8433-17AF206E9A3F}.Release|Win32.ActiveCfg = Release|Win32
		{AD674477-C9BC-4E46-8433-17AF206E9A3F}.Release|Win32.Build.0 = Release|Win32
		{AD674477-C9BC-4E46-8433-17AF206E9A3F}.Unicode Debug|Win32.ActiveCfg = Unicode Debug|Win32
		{AD674477-C9BC-4E46-8433-17AF206E9A3F}.Unicode Debug|Win32.Build.0 = Unicode Debug|Win32
		{AD674477-C9BC-4E46-8433-17AF206E9A3F}.Unicode Release|Win32.ActiveCfg = Unicode Release|Win32
		{AD674477-C9BC-4E46-8433-17AF206E9A3F}.Unicode Release|Win32.Build.0 = Unicode Release|Win32
		{AD674477-C9BC-4E46-8433-17AF206E9A3F}.Universal Debug|Win32.ActiveCfg = Universal Debug|Win32
		{AD674477-C9BC-4E46-8433-17AF206E9A3F}.Universal Debug|Win32.Build.0 = Universal Debug|Win32
		{AD674477-C9BC-4E46-8433-17AF206E9A3F}.Universal Release|Win32.ActiveCfg = Universal Release|Win32
		{AD674477-C9BC-4E46-8433-17AF206E9A3F}.Universal Release|Win32.Build.0 = Universal Release|Win32
		{AD674477-C9BC-4E46-8433-17AF206E9A3F}.Universal Unicode Debug|Win32.ActiveCfg = Universal Unicode Debug|Win32
		{AD674477-C9BC-4E46-8433-17AF206E9A3F}.Universal Unicode Debug|Win32.Build.0 = Universal Unicode Debug|Win32
		{AD674477-C9BC-4E46-8433-17AF206E9A3F}.Universal Unicode Release|Win32.ActiveCfg = Universal Unicode Release|Win32
		{AD674477-C9BC-4E46-8433-17AF206E9A3F}.Universal Unicode Release|Win32.Build.0 = Universal Unicode Release|Win32
		{D014496F-0F76-4A57-9F8F-CFF8A569D6AC}.Debug|Win32.ActiveCfg = Debug|Win32
		{D014496F-0F76-4A57-9F8F-CFF8A569D6AC}.Debug|Win32.Build.0 = Debug|Win32
		{D014496F-0F76-4A57-9F8F-CFF8A569D6AC}.DLL Debug|Win32.ActiveCfg = DLL Debug|Win32
		{D014496F-0F76-4A57-9F8F-CFF8A569D6AC}.DLL Debug|Win32.Build.0 = DLL Debug|Win32
		{D014496F-0F76-4A57-9F8F-CFF8A569D6AC}.DLL Release|Win32.ActiveCfg = DLL Release|Win32
		{D014496F-0F76-4A57-9F8F-CFF8A569D6AC}.DLL Release|Win32.Build.0 = DLL Release|Win32
		{D014496F-0F76-4A57-9F8F-CFF8A569D6AC}.DLL Unicode Debug|Win32.ActiveCfg = DLL Unicode Debug|Win32
		{D014496F-0F76-4A57-9F8F-CFF8A569D6AC}.DLL Unicode Debug|Win32.Build.0 = DLL Unicode Debug|Win32
		{D014496F-0F76-4A57-9F8F-CFF8A569D6AC}.DLL Unicode Release|Win32.ActiveCfg = DLL Unicode Release|Win32
		{D014496F-0F76-4A57-9F8F-CFF8A569D6AC}.DLL Unicode Release|Win32.Build.0 = DLL Unicode Release|Win32
		{D014496F-0F76-4A57-9F8F-CFF8A569D6AC}.DLL Universal Debug|Win32.ActiveCfg = DLL Universal Debug|Win32
		{D014496F-0F76-4A57-9F8F-CFF8A569D6AC}.DLL Universal Debug|Win32.Build.0 = DLL Universal Debug|Win32
		{D014496F-0F76-4A57-9F8F-CFF8A569D6AC}.DLL Universal Release|Win32.ActiveCfg = DLL Universal Release|Win32
		{D014496F-0F76-4A57-9F8F-CFF8A569D6AC}.DLL Universal Release|Win32.Build.0 = DLL Universal Release|Win32
		{D014496F-0F76-4A57-9F8F-CFF8A569D6AC}.DLL Universal Unicode Debug|Win32.ActiveCfg = DLL Universal Unicode Debug|Win32
		{D014496F-0F76-4A57-9F8F-CFF8A569D6AC}.DLL Universal Unicode Debug|Win32.Build.0 = DLL Universal Unicode Debug|Win32
		{D014496F-0F76-4A57-9F8F-CFF8A569D6AC}.DLL Universal Unicode Release|Win32.ActiveCfg = DLL Universal Unicode Release|Win32
		{D014496F-0F76-4A57-9F8F-CFF8A569D6AC}.DLL Universal Unicode Release|Win32.Build.0 = DLL Universal Unicode Release|Win32
		{D014496F-0F76-4A57-9F8F-CFF8A569D6AC}.Release|Win32.ActiveCfg = Release|Win32
		{D014496F-0F76-4A57-9F8F-CFF8A569D6AC}.Release|Win32.Build.0 = Release|Win32
		{D014496F-0F76-4A57-9F8F-CFF8A569D6AC}.Unicode Debug|Win32.ActiveCfg = Unicode Debug|Win32
		{D014496F-0F76-4A57-9F8F-CFF8A569D6AC}.Unicode Debug|Win32.Build.0 = Unicode Debug|Win32
		{D014496F-0F76-4A57-9F8F-CFF8A569D6AC}.Unicode Release|Win32.ActiveCfg = Unicode Release|Win32
		{D014496F-0F76-4A57-9F8F-CFF8A569D6AC}.Unicode Release|Win32.Build.0 = Unicode Release|Win32
		{D014496F-0F76-4A57-9F8F-CFF8A569D6AC}.Universal Debug|Win32.ActiveCfg = Universal Debug|Win32
		{D014496F-0F76-4A57-9F8F-CFF8A569D6AC}.Universal Debug|Win32.Build.0 = Universal Debug|Win32
		{D014496F-0F76-4A57-9F8F-CFF8A569D6AC}.Universal Release|Win32.ActiveCfg = Universal Release|Win32
		{D014496F-0F76-4A57-9F8F-CFF8A569D6AC}.Universal Release|Win32.Build.0 = Universal Release|Win32
		{D014496F-0F76-4A57-9F8F-CFF8A569D6AC}.Universal Unicode Debug|Win32.ActiveCfg = Universal Unicode Debug|Win32
		{D014496F-0F76-4A57-9F8F-CFF8A569D6AC}.Universal Unicode Debug|Win32.Build.0 = Universal Unicode Debug|Win32
		{D014496F-0F76-4A57-9F8F-CFF8A569D6AC}.Universal Unicode Release|Win32.ActiveCfg = Universal Unicode Release|Win32
		{D014496F-0F76-4A57-9F8F-CFF8A569D6AC}.Universal Unicode Release|Win32.Build.0 = Universal Unicode Release|Win32
		{F6B88FE2-C09D-4AC6-A9C0-FA7A809BE5F0}.Debug|Win32.ActiveCfg = Debug|Win32
		{F6B88FE2-C09D-4AC6-A9C0-FA7A809BE5F0}.Debug|Win32.Build.0 = Debug|Win32
		{F6B88FE2-C09D-4AC6-A9C0-FA7A809BE5F0}.DLL Debug|Win32.ActiveCfg = DLL Debug|Win32
		{F6B88FE2-C09D-4AC6-A9C0-FA7A809BE5F0}.DLL Debug|Win32.Build.0 = DLL Debug|Win32
		{F6B88FE2-C09D-4AC6-A9C0-FA7A809BE5F0}.DLL Release|Win32.ActiveCfg = DLL Release|Win32
		{F6B88FE2-C09D-4AC6-A9C0-FA7A809BE5F0}.DLL Release|Win32.Build.0 = DLL Release|Win32
		{F6B88FE2-C09D-4AC6-A9C0-FA7A809BE5F0}.DLL Unicode Debug|Win32.ActiveCfg = DLL Unicode Debug|Win32
		{F6B88FE2-C09D-4AC6-A9C0-FA7A809BE5F0}.DLL Unicode Debug|Win32.Build.0 = DLL Unicode Debug|Win32
		{F6B88FE2-C09D-4AC6-A9C0-FA7A809BE5F0}.DLL Unicode Release|Win32.ActiveCfg = DLL Unicode Release|Win32
		{F6B88FE2-C09D-4AC6-A9C0-FA7A809BE5F0}.DLL Unicode Release|Win32.Build.0 = DLL Unicode Release|Win32
		{F6B88FE2-C09D-4AC6-A9C0-FA7A809BE5F0}.DLL Universal Debug|Win32.ActiveCfg = DLL Universal Debug|Win32
		{F6B88FE2-C09D-4AC6-A9C0-FA7A809BE5F0}.DLL Universal Debug|Win32.Build.0 = DLL Universal Debug|Win32
		{F6B88FE2-C09D-4AC6-A9C0-FA7A809BE5F0}.DLL Universal Release|Win32.ActiveCfg = DLL Universal Release|Win32
		{F6B88FE2-C09D-4AC6-A9C0-FA7A809BE5F0}.DLL Universal Release|Win32.Build.0 = DLL Universal Release|Win32
		{F6B88FE2-C09D-4AC6-A9C0-FA7A809BE5F0}.DLL Universal Unicode Debug|Win32.ActiveCfg = DLL Universal Unicode Debug|Win32
		{F6B88FE2-C09D-4AC6-A9C0-FA7A809BE5F0}.DLL Universal Unicode Debug|Win32.Build.0 = DLL Universal Unicode Debug|Win32
		{F6B88FE2-C09D-4AC6-A9C0-FA7A809BE5F0}.DLL Universal Unicode Release|Win32.ActiveCfg = DLL Universal Unicode Release|Win32
		{F6B88FE2-C09D-4AC6-A9C0-FA7A809BE5F0}.DLL Universal Unicode Release|Win32.Build.0 = DLL Universal Unicode Release|Win32
		{F6B88FE2-C09D-4AC6-A9C0-FA7A809BE5F0}.Release|Win32.ActiveCfg = Release|Win32
		{F6B88FE2-C09D-4AC6-A9C0-FA7A809BE5F0}.Release|Win32.Build.0 = Release|Win32
		{F6B88FE2-C09D-4AC6-A9C0-FA7A809BE5F0}.Unicode Debug|Win32.ActiveCfg = Unicode Debug|Win32
		{F6B88FE2-C09D-4AC6-A9C0-FA7A809BE5F0}.Unicode Debug|Win32.Build.0 = Unicode Debug|Win32
		{F6B88FE2-C09D-4AC6-A9C0-FA7A809BE5F0}.Unicode Release|Win32.ActiveCfg = Unicode Release|Win32
		{F6B88FE2-C09D-4AC6-A9C0-FA7A809BE5F0}.Unicode Release|Win32.Build.0 = Unicode Release|Win32
		{F6B88FE2-C09D-4AC6-A9C0-FA7A809BE5F0}.Universal Debug|Win32.ActiveCfg = Universal Debug|Win32
		{F6B88FE2-C09D-4AC6-A9C0-FA7A809BE5F0}.Universal Debug|Win32.Build.0 = Universal Debug|Win32
		{F6B88FE2-C09D-4AC6-A9C0-FA7A809BE5F0}.Universal Release|Win32.ActiveCfg = Universal Release|Win32
		{F6B88FE2-C09D-4AC6-A9C0-FA7A809BE5F0}.Universal Release|Win32.Build.0 = Universal Release|Win32
		{F6B88FE2-C09D-4AC6-A9C0-FA7A809BE5F0}.Universal Unicode Debug|Win32.ActiveCfg = Universal Unicode Debug|Win32
		{F6B88FE2-C09D-4AC6-A9C0-FA7A809BE5F0}.Universal Unicode Debug|Win32.Build.0 = Universal Unicode Debug|Win32
		{F6B88FE2-C09D-4AC6-A9C0-FA7A809BE5F0}.Universal Unicode Release|Win32.ActiveCfg = Universal Unicode Release|Win32
		{F6B88FE2-C09D-4AC6-A9C0-FA7A809BE5F0}.Universal Unicode Release|Win32.Build.0 = Universal Unicode Release|Win32
		{7BA8DC77-BD06-4A0C-878C-1FE16FCF1969}.Debug|Win32.ActiveCfg = Debug|Win32
		{7BA8DC77-BD06-4A0C-878C-1FE16FCF1969}.Debug|Win32.Build.0 = Debug|Win32
		{7BA8DC77-BD06-4A0C-878C-1FE16FCF1969}.DLL Debug|Win32.ActiveCfg = DLL Debug|Win32
		{7BA8DC77-BD06-4A0C-878C-1FE16FCF1969}.DLL Debug|Win32.Build.0 = DLL Debug|Win32
		{7BA8DC77-BD06-4A0C-878C-1FE16FCF1969}.DLL Release|Win32.ActiveCfg = DLL Release|Win32
		{7BA8DC77-BD06-4A0C-878C-1FE16FCF1969}.DLL Release|Win32.Build.0 = DLL Release|Win32
		{7BA8DC77-BD06-4A0C-878C-1FE16FCF1969}.DLL Unicode Debug|Win32.ActiveCfg = DLL Unicode Debug|Win32
		{7BA8DC77-BD06-4A0C-878C-1FE16FCF1969}.DLL Unicode Debug|Win32.Build.0 = DLL Unicode Debug|Win32
		{7BA8DC77-BD06-4A0C-878C-1FE16FCF1969}.DLL Unicode Release|Win32.ActiveCfg = DLL Unicode Release|Win32
		{7BA8DC77-BD06-4A0C-878C-1FE16FCF1969}.DLL Unicode Release|Win32.Build.0 = DLL Unicode Release|Win32
		{7BA8DC77-BD06-4A0C-878C-1FE16FCF1969}.DLL Universal Debug|Win32.ActiveCfg = DLL Universal Debug|Win32
		{7BA8DC77-BD06-4A0C-878C-1FE16FCF1969}.DLL Universal Debug|Win32.Build.0 = DLL Universal Debug|Win32
		{7BA8DC77-BD06-4A0C-878C-1FE16FCF1969}.DLL Universal Release|Win32.ActiveCfg = DLL Universal Release|Win32
		{7BA8DC77-BD06-4A0C-878C-1FE16FCF1969}.DLL Universal Release|Win32.Build.0 = DLL Universal Release|Win32
		{7BA8DC77-BD06-4A0C-878C-1FE16FCF1969}.DLL Universal Unicode Debug|Win32.ActiveCfg = DLL Universal Unicode Debug|Win32
		{7BA8DC77-BD06-4A0C-878C-1FE16FCF1969}.DLL Universal Unicode Debug|Win32.Build.0 = DLL Universal Unicode Debug|Win32
		{7BA8DC77-BD06-4A0C-878C-1FE16FCF1969}.DLL Universal Unicode Release|Win32.ActiveCfg = DLL Universal Unicode Release|Win32
		{7BA8DC77-BD06-4A0C-878C-1FE16FCF1969}.DLL Universal Unicode Release|Win32.Build.0 = DLL Universal Unicode Release|Win32
		{7BA8DC77-BD06-4A0C-878C-1FE16FCF1969}.Release|Win32.ActiveCfg = Release|Win32
		{7BA8DC77-BD06-4A0C-878C-1FE16FCF1969}.Release|Win32.Build.0 = Release|Win32
		{7BA8DC77-BD06-4A0C-878C-1FE16FCF1969}.Unicode Debug|Win32.ActiveCfg = Unicode Debug|Win32
		{7BA8DC77-BD06-4A0C-878C-1FE16FCF1969}.Unicode Debug|Win32.Build.0 = Unicode Debug|Win32
		{7BA8DC77-BD06-4A0C-878C-1FE16FCF1969}.Unicode Release|Win32.ActiveCfg = Unicode Release|Win32
		{7BA8DC77-BD06-4A0C-878C-1FE16FCF1969}.Unicode Release|Win32.Build.0 = Unicode Release|Win32
		{7BA8DC77-BD06-4A0C-878C-1FE16FCF1969}.Universal Debug|Win32.ActiveCfg = Universal Debug|Win32
		{7BA8DC77-BD06-4A0C-878C-1FE16FCF1969}.Universal Debug|Win32.Build.0 = Universal Debug|Win32
		{7BA8DC77-BD06-4A0C-878C-1FE16FCF1969}.Universal Release|Win32.ActiveCfg = Universal Release|Win32
		{7BA8DC77-BD06-4A0C-878C-1FE16FCF1969}.Universal Release|Win32.Build.0 = Universal Release|Win32
		{7BA8DC77-BD06-4A0C-878C-1FE16FCF1969}.Universal Unicode Debug|Win32.ActiveCfg = Universal Unicode Debug|Win32
		{7BA8DC77-BD06-4A0C-878C-1FE16FCF1969}.Universal Unicode Debug|Win32.Build.0 = Universal Unicode Debug|Win32
		{7BA8DC77-BD06-4A0C-878C-1FE16FCF1969}.Universal Unicode Release|Win32.ActiveCfg = Universal Unicode Release|Win32
		{7BA8DC77-BD06-4A0C-878C-1FE16FCF1969}.Universal Unicode Release|Win32.Build.0 = Universal Unicode Release|Win32
		{B6AA3B28-6E3E-40FA-9EE4-0D8AFE14BCFA}.Debug|Win32.ActiveCfg = Debug|Win32
		{B6AA3B28-6E3E-40FA-9EE4-0D8AFE14BCFA}.Debug|Win32.Build.0 = Debug|Win32
		{B6AA3B28-6E3E-40FA-9EE4-0D8AFE14BCFA}.DLL Debug|Win32.ActiveCfg = DLL Debug|Win32
		{B6AA3B28-6E3E-40FA-9EE4-0D8AFE14BCFA}.DLL Debug|Win32.Build.0 = DLL Debug|Win32
		{B6AA3B28-6E3E-40FA-9EE4-0D8AFE14BCFA}.DLL Release|Win32.ActiveCfg = DLL Release|Win32
		{B6AA3B28-6E3E-40FA-9EE4-0D8AFE14BCFA}.DLL Release|Win32.Build.0 = DLL Release|Win32
		{B6AA3B28-6E3E-40FA-9EE4-0D8AFE14BCFA}.DLL Unicode Debug|Win32.ActiveCfg = DLL Unicode Debug|Win32
		{B6AA3B28-6E3E-40FA-9EE4-0D8AFE14BCFA}.DLL Unicode Debug|Win32.Build.0 = DLL Unicode Debug|Win32
		{B6AA3B28-6E3E-40FA-9EE4-0D8AFE14BCFA}.DLL Unicode Release|Win32.ActiveCfg = DLL Unicode Release|Win32
		{B6AA3B28-6E3E-40FA-9EE4-0D8AFE14BCFA}.DLL Unicode Release|Win32.Build.0 = DLL Unicode Release|Win32
		{B6AA3B28-6E3E-40FA-9EE4-0D8AFE14BCFA}.DLL Universal Debug|Win32.ActiveCfg = DLL Universal Debug|Win32
		{B6AA3B28-6E3E-40FA-9EE4-0D8AFE14BCFA}.DLL Universal Debug|Win32.Build.0 = DLL Universal Debug|Win32
		{B6AA3B28-6E3E-40FA-9EE4-0D8AFE14BCFA}.DLL Universal Release|Win32.ActiveCfg = DLL Universal Release|Win32
		{B6AA3B28-6E3E-40FA-9EE4-0D8AFE14BCFA}.DLL Universal Release|Win32.Build.0 = DLL Universal Release|Win32
		{B6AA3B28-6E3E-40FA-9EE4-0D8AFE14BCFA}.DLL Universal Unicode Debug|Win32.ActiveCfg = DLL Universal Unicode Debug|Win32
		{B6AA3B28-6E3E-40FA-9EE4-0D8AFE14BCFA}.DLL Universal Unicode Debug|Win32.Build.0 = DLL Universal Unicode Debug|Win32
		{B6AA3B28-6E3E-40FA-9EE4-0D8AFE14BCFA}.DLL Universal Unicode Release|Win32.ActiveCfg = DLL Universal Unicode Release|Win32
		{B6AA3B28-6E3E-40FA-9EE4-0D8AFE14BCFA}.DLL Universal Unicode Release|Win32.Build.0 = DLL Universal Unicode Release|Win32
		{B6AA3B28-6E3E-40FA-9EE4-0D8AFE14BCFA}.Release|Win32.ActiveCfg = Release|Win32
		{B6AA3B28-6E3E-40FA-9EE4-0D8AFE14BCFA}.Release|Win32.Build.0 = Release|Win32
		{B6AA3B28-6E3E-40FA-9EE4-0D8AFE14BCFA}.Unicode Debug|Win32.ActiveCfg = Unicode Debug|Win32
		{B6AA3B28-6E3E-40FA-9EE4-0D8AFE14BCFA}.Unicode Debug|Win32.Build.0 = Unicode Debug|Win32
		{B6AA3B28-6E3E-40FA-9EE4-0D8AFE14BCFA}.Unicode Release|Win32.ActiveCfg = Unicode Release|Win32
		{B6AA3B28-6E3E-40FA-9EE4-0D8AFE14BCFA}.Unicode Release|Win32.Build.0 = Unicode Release|Win32
		{B6AA3B28-6E3E-40FA-9EE4-0D8AFE14BCFA}.Universal Debug|Win32.ActiveCfg = Universal Debug|Win32
		{B6AA3B28-6E3E-40FA-9EE4-0D8AFE14BCFA}.Universal Debug|Win32.Build.0 = Universal Debug|Win32
		{B6AA3B28-6E3E-40FA-9EE4-0D8AFE14BCFA}.Universal Release|Win32.ActiveCfg = Universal Release|Win32
		{B6AA3B28-6E3E-40FA-9EE4-0D8AFE14BCFA}.Universal Release|Win32.Build.0 = Universal Release|Win32
		{B6AA3B28-6E3E-40FA-9EE4-0D8AFE14BCFA}.Universal Unicode Debug|Win32.ActiveCfg = Universal Unicode Debug|Win32
		{B6AA3B28-6E3E-40FA-9EE4-0D8AFE14BCFA}.Universal Unicode Debug|Win32.Build.0 = Universal Unicode Debug|Win32
		{B6AA3B28-6E3E-40FA-9EE4-0D8AFE14BCFA}.Universal Unicode Release|Win32.ActiveCfg = Universal Unicode Release|Win32
		{B6AA3B28-6E3E-40FA-9EE4-0D8AFE14BCFA}.Universal Unicode Release|Win32.Build.0 = Universal Unicode Release|Win32
		{F2EA407C-ACFB-4925-916B-2F2E0717AC0A}.Debug|Win32.ActiveCfg = Debug|Win32
		{F2EA407C-ACFB-4925-916B-2F2E0717AC0A}.Debug|Win32.Build.0 = Debug|Win32
		{F2EA407C-ACFB-4925-916B-2F2E0717AC0A}.DLL Debug|Win32.ActiveCfg = DLL Debug|Win32
		{F2EA407C-ACFB-4925-916B-2F2E0717AC0A}.DLL Debug|Win32.Build.0 = DLL Debug|Win32
		{F2EA407C-ACFB-4925-916B-2F2E0717AC0A}.DLL Release|Win32.ActiveCfg = DLL Release|Win32
		{F2EA407C-ACFB-4925-916B-2F2E0717AC0A}.DLL Release|Win32.Build.0 = DLL Release|Win32
		{F2EA407C-ACFB-4925-916B-2F2E0717AC0A}.DLL Unicode Debug|Win32.ActiveCfg = DLL Unicode Debug|Win32
		{F2EA407C-ACFB-4925-916B-2F2E0717AC0A}.DLL Unicode Debug|Win32.Build.0 = DLL Unicode Debug|Win32
		{F2EA407C-ACFB-4925-916B-2F2E0717AC0A}.DLL Unicode Release|Win32.ActiveCfg = DLL Unicode Release|Win32
		{F2EA407C-ACFB-4925-916B-2F2E0717AC0A}.DLL Unicode Release|Win32.Build.0 = DLL Unicode Release|Win32
		{F2EA407C-ACFB-4925-916B-2F2E0717AC0A}.DLL Universal Debug|Win32.ActiveCfg = DLL Universal Debug|Win32
		{F2EA407C-ACFB-4925-916B-2F2E0717AC0A}.DLL Universal Debug|Win32.Build.0 = DLL Universal Debug|Win32
		{F2EA407C-ACFB-4925-916B-2F2E0717AC0A}.DLL Universal Release|Win32.ActiveCfg = DLL Universal Release|Win32
		{F2EA407C-ACFB-4925-916B-2F2E0717AC0A}.DLL Universal Release|Win32.Build.0 = DLL Universal Release|Win32
		{F2EA407C-ACFB-4925-916B-2F2E0717AC0A}.DLL Universal Unicode Debug|Win32.ActiveCfg = DLL Universal Unicode Debug|Win32
		{F2EA407C-ACFB-4925-916B-2F2E0717AC0A}.DLL Universal Unicode Debug|Win32.Build.0 = DLL Universal Unicode Debug|Win32
		{F2EA407C-ACFB-4925-916B-2F2E0717AC0A}.DLL Universal Unicode Release|Win32.ActiveCfg = DLL Universal Unicode Release|Win32
		{F2EA407C-ACFB-4925-916B-2F2E0717AC0A}.DLL Universal Unicode Release|Win32.Build.0 = DLL Universal Unicode Release|Win32
		{F2EA407C-ACFB-4925-916B-2F2E0717AC0A}.Release|Win32.ActiveCfg = Release|Win32
		{F2EA407C-ACFB-4925-916B-2F2E0717AC0A}.Release|Win32.Build.0 = Release|Win32
		{F2EA407C-ACFB-4925-916B-2F2E0717AC0A}.Unicode Debug|Win32.ActiveCfg = Unicode Debug|Win32
		{F2EA407C-ACFB-4925-916B-2F2E0717AC0A}.Unicode Debug|Win32.Build.0 = Unicode Debug|Win32
		{F2EA407C-ACFB-4925-916B-2F2E0717AC0A}.Unicode Release|Win32.ActiveCfg = Unicode Release|Win32
		{F2EA407C-ACFB-4925-916B-2F2E0717AC0A}.Unicode Release|Win32.Build.0 = Unicode Release|Win32
		{F2EA407C-ACFB-4925-916B-2F2E0717AC0A}.Universal Debug|Win32.ActiveCfg = Universal Debug|Win32
		{F2EA407C-ACFB-4925-916B-2F2E0717AC0A}.Universal Debug|Win32.Build.0 = Universal Debug|Win32
		{F2EA407C-ACFB-4925-916B-2F2E0717AC0A}.Universal Release|Win32.ActiveCfg = Universal Release|Win32
		{F2EA407C-ACFB-4925-916B-2F2E0717AC0A}.Universal Release|Win32.Build.0 = Universal Release|Win32
		{F2EA407C-ACFB-4925-916B-2F2E0717AC0A}.Universal Unicode Debug|Win32.ActiveCfg = Universal Unicode Debug|Win32
		{F2EA407C-ACFB-4925-916B-2F2E0717AC0A}.Universal Unicode Debug|Win32.Build.0 = Universal Unicode Debug|Win32
		{F2EA407C-ACFB-4925-916B-2F2E0717AC0A}.Universal Unicode Release|Win32.ActiveCfg = Universal Unicode Release|Win32
		{F2EA407C-ACFB-4925-916B-2F2E0717AC0A}.Universal Unicode Release|Win32.Build.0 = Universal Unicode Release|Win32
		{DD3F8E21-24EB-48DA-8F6E-864B48324371}.Debug|Win32.ActiveCfg = Debug|Win32
		{DD3F8E21-24EB-48DA-8F6E-864B48324371}.Debug|Win32.Build.0 = Debug|Win32
		{DD3F8E21-24EB-48DA-8F6E-864B48324371}.DLL Debug|Win32.ActiveCfg = DLL Debug|Win32
		{DD3F8E21-24EB-48DA-8F6E-864B48324371}.DLL Debug|Win32.Build.0 = DLL Debug|Win32
		{DD3F8E21-24EB-48DA-8F6E-864B48324371}.DLL Release|Win32.ActiveCfg = DLL Release|Win32
		{DD3F8E21-24EB-48DA-8F6E-864B48324371}.DLL Release|Win32.Build.0 = DLL Release|Win32
		{DD3F8E21-24EB-48DA-8F6E-864B48324371}.DLL Unicode Debug|Win32.ActiveCfg = DLL Unicode Debug|Win32
		{DD3F8E21-24EB-48DA-8F6E-864B48324371}.DLL Unicode Debug|Win32.Build.0 = DLL Unicode Debug|Win32
		{DD3F8E21-24EB-48DA-8F6E-864B48324371}.DLL Unicode Release|Win32.ActiveCfg = DLL Unicode Release|Win32
		{DD3F8E21-24EB-48DA-8F6E-864B48324371}.DLL Unicode Release|Win32.Build.0 = DLL Unicode Release|Win32
		{DD3F8E21-24EB-48DA-8F6E-864B48324371}.DLL Universal Debug|Win32.ActiveCfg = DLL Universal Debug|Win32
		{DD3F8E21-24EB-48DA-8F6E-864B48324371}.DLL Universal Debug|Win32.Build.0 = DLL Universal Debug|Win32
		{DD3F8E21-24EB-48DA-8F6E-864B48324371}.DLL Universal Release|Win32.ActiveCfg = DLL Universal Release|Win32
		{DD3F8E21-24EB-48DA-8F6E-864B48324371}.DLL Universal Release|Win32.Build.0 = DLL Universal Release|Win32
		{DD3F8E21-24EB-48DA-8F6E-864B48324371}.DLL Universal Unicode Debug|Win32.ActiveCfg = DLL Universal Unicode Debug|Win32
		{DD3F8E21-24EB-48DA-8F6E-864B48324371}.DLL Universal Unicode Debug|Win32.Build.0 = DLL Universal Unicode Debug|Win32
		{DD3F8E21-24EB-48DA-8F6E-864B48324371}.DLL Universal Unicode Release|Win32.ActiveCfg = DLL Universal Unicode Release|Win32
		{DD3F8E21-24EB-48DA-8F6E-864B48324371}.DLL Universal Unicode Release|Win32.Build.0 = DLL Universal Unicode Release|Win32
		{DD3F8E21-24EB-48DA-8F6E-864B48324371}.Release|Win32.ActiveCfg = Release|Win32
		{DD3F8E21-24EB-48DA-8F6E-864B48324371}.Release|Win32.Build.0 = Release|Win32
		{DD3F8E21-24EB-48DA-8F6E-864B48324371}.Unicode Debug|Win32.ActiveCfg = Unicode Debug|Win32
		{DD3F8E21-24EB-48DA-8F6E-864B48324371}.Unicode Debug|Win32.Build.0 = Unicode Debug|Win32
		{DD3F8E21-24EB-48DA-8F6E-864B48324371}.Unicode Release|Win32.ActiveCfg = Unicode Release|Win32
		{DD3F8E21-24EB-48DA-8F6E-864B48324371}.Unicode Release|Win32.Build.0 = Unicode Release|Win32
		{DD3F8E21-24EB-48DA-8F6E-864B48324371}.Universal Debug|Win32.ActiveCfg = Universal Debug|Win32
		{DD3F8E21-24EB-48DA-8F6E-864B48324371}.Universal Debug|Win32.Build.0 = Universal Debug|Win32
		{DD3F8E21-24EB-48DA-8F6E-864B48324371}.Universal Release|Win32.ActiveCfg = Universal Release|Win32
		{DD3F8E21-24EB-48DA-8F6E-864B48324371}.Universal Release|Win32.Build.0 = Universal Release|Win32
		{DD3F8E21-24EB-48DA-8F6E-864B48324371}.Universal Unicode Debug|Win32.ActiveCfg = Universal Unicode Debug|Win32
		{DD3F8E21-24EB-48DA-8F6E-864B48324371}.Universal Unicode Debug|Win32.Build.0 = Universal Unicode Debug|Win32
		{DD3F8E21-24EB-48DA-8F6E-864B48324371}.Universal Unicode Release|Win32.ActiveCfg = Universal Unicode Release|Win32
		{DD3F8E21-24EB-48DA-8F6E-864B48324371}.Universal Unicode Release|Win32.Build.0 = Universal Unicode Release|Win32
		{13867B9C-A389-44C8-A344-9873E0F23EB5}.Debug|Win32.ActiveCfg = Debug|Win32
		{13867B9C-A389-44C8-A344-9873E0F23EB5}.Debug|Win32.Build.0 = Debug|Win32
		{13867B9C-A389-44C8-A344-9873E0F23EB5}.DLL Debug|Win32.ActiveCfg = DLL Debug|Win32
		{13867B9C-A389-44C8-A344-9873E0F23EB5}.DLL Debug|Win32.Build.0 = DLL Debug|Win32
		{13867B9C-A389-44C8-A344-9873E0F23EB5}.DLL Release|Win32.ActiveCfg = DLL Release|Win32
		{13867B9C-A389-44C8-A344-9873E0F23EB5}.DLL Release|Win32.Build.0 = DLL Release|Win32
		{13867B9C-A389-44C8-A344-9873E0F23EB5}.DLL Unicode Debug|Win32.ActiveCfg = DLL Unicode Debug|Win32
		{13867B9C-A389-44C8-A344-9873E0F23EB5}.DLL Unicode Debug|Win32.Build.0 = DLL Unicode Debug|Win32
		{13867B9C-A389-44C8-A344-9873E0F23EB5}.DLL Unicode Release|Win32.ActiveCfg = DLL Unicode Release|Win32
		{13867B9C-A389-44C8-A344-9873E0F23EB5}.DLL Unicode Release|Win32.Build.0 = DLL Unicode Release|Win32
		{13867B9C-A389-44C8-A344-9873E0F23EB5}.DLL Universal Debug|Win32.ActiveCfg = DLL Universal Debug|Win32
		{13867B9C-A389-44C8-A344-9873E0F23EB5}.DLL Universal Debug|Win32.Build.0 = DLL Universal Debug|Win32
		{13867B9C-A389-44C8-A344-9873E0F23EB5}.DLL Universal Release|Win32.ActiveCfg = DLL Universal Release|Win32
		{13867B9C-A389-44C8-A344-9873E0F23EB5}.DLL Universal Release|Win32.Build.0 = DLL Universal Release|Win32
		{13867B9C-A389-44C8-A344-9873E0F23EB5}.DLL Universal Unicode Debug|Win32.ActiveCfg = DLL Universal Unicode Debug|Win32
		{13867B9C-A389-44C8-A344-9873E0F23EB5}.DLL Universal Unicode Debug|Win32.Build.0 = DLL Universal Unicode Debug|Win32
		{13867B9C-A389-44C8-A344-9873E0F23EB5}.DLL Universal Unicode Release|Win32.ActiveCfg = DLL Universal Unicode Release|Win32
		{13867B9C-A389-44C8-A344-9873E0F23EB5}.DLL Universal Unicode Release|Win32.Build.0 = DLL Universal Unicode Release|Win32
		{13867B9C-A389-44C8-A344-9873E0F23EB5}.Release|Win32.ActiveCfg = Release|Win32
		{13867B9C-A389-44C8-A344-9873E0F23EB5}.Release|Win32.Build.0 = Release|Win32
		{13867B9C-A389-44C8-A344-9873E0F23EB5}.Unicode Debug|Win32.ActiveCfg = Unicode Debug|Win32
		{13867B9C-A389-44C8-A344-9873E0F23EB5}.Unicode Debug|Win32.Build.0 = Unicode Debug|Win32
		{13867B9C-A389-44C8-A344-9873E0F23EB5}.Unicode Release|Win32.ActiveCfg = Unicode Release|Win32
		{13867B9C-A389-44C8-A344-9873E0F23EB5}.Unicode Release|Win32.Build.0 = Unicode Release|Win32
		{13867B9C-A389-44C8-A344-9873E0F23EB5}.Universal Debug|Win32.ActiveCfg = Universal Debug|Win32
		{13867B9C-A389-44C8-A344-9873E0F23EB5}.Universal Debug|Win32.Build.0 = Universal Debug|Win32
		{13867B9C-A389-44C8-A344-9873E0F23EB5}.Universal Release|Win32.ActiveCfg = Universal Release|Win32
		{13867B9C-A389-44C8-A344-9873E0F23EB5}.Universal Release|Win32.Build.0 = Universal Release|Win32
		{13867B9C-A389-44C8-A344-9873E0F23EB5}.Universal Unicode Debug|Win32.ActiveCfg = Universal Unicode Debug|Win32
		{13867B9C-A389-44C8-A344-9873E0F23EB5}.Universal Unicode Debug|Win32.Build.0 = Universal Unicode Debug|Win32
		{13867B9C-A389-44C8-A344-9873E0F23EB5}.Universal Unicode Release|Win32.ActiveCfg = Universal Unicode Release|Win32
		{13867B9C-A389-44C8-A344-9873E0F23EB5}.Universal Unicode Release|Win32.Build.0 = Universal Unicode Release|Win32
		{6FDBEAF9-9E6D-4D59-9E6B-772001313F03}.Debug|Win32.ActiveCfg = Debug|Win32
		{6FDBEAF9-9E6D-4D59-9E6B-772001313F03}.Debug|Win32.Build.0 = Debug|Win32
		{6FDBEAF9-9E6D-4D59-9E6B-772001313F03}.DLL Debug|Win32.ActiveCfg = DLL Debug|Win32
		{6FDBEAF9-9E6D-4D59-9E6B-772001313F03}.DLL Debug|Win32.Build.0 = DLL Debug|Win32
		{6FDBEAF9-9E6D-4D59-9E6B-772001313F03}.DLL Release|Win32.ActiveCfg = DLL Release|Win32
		{6FDBEAF9-9E6D-4D59-9E6B-772001313F03}.DLL Release|Win32.Build.0 = DLL Release|Win32
		{6FDBEAF9-9E6D-4D59-9E6B-772001313F03}.DLL Unicode Debug|Win32.ActiveCfg = DLL Unicode Debug|Win32
		{6FDBEAF9-9E6D-4D59-9E6B-772001313F03}.DLL Unicode Debug|Win32.Build.0 = DLL Unicode Debug|Win32
		{6FDBEAF9-9E6D-4D59-9E6B-772001313F03}.DLL Unicode Release|Win32.ActiveCfg = DLL Unicode Release|Win32
		{6FDBEAF9-9E6D-4D59-9E6B-772001313F03}.DLL Unicode Release|Win32.Build.0 = DLL Unicode Release|Win32
		{6FDBEAF9-9E6D-4D59-9E6B-772001313F03}.DLL Universal Debug|Win32.ActiveCfg = DLL Universal Debug|Win32
		{6FDBEAF9-9E6D-4D59-9E6B-772001313F03}.DLL Universal Debug|Win32.Build.0 = DLL Universal Debug|Win32
		{6FDBEAF9-9E6D-4D59-9E6B-772001313F03}.DLL Universal Release|Win32.ActiveCfg = DLL Universal Release|Win32
		{6FDBEAF9-9E6D-4D59-9E6B-772001313F03}.DLL Universal Release|Win32.Build.0 = DLL Universal Release|Win32
		{6FDBEAF9-9E6D-4D59-9E6B-772001313F03}.DLL Universal Unicode Debug|Win32.ActiveCfg = DLL Universal Unicode Debug|Win32
		{6FDBEAF9-9E6D-4D59-9E6B-772001313F03}.DLL Universal Unicode Debug|Win32.Build.0 = DLL Universal Unicode Debug|Win32
		{6FDBEAF9-9E6D-4D59-9E6B-772001313F03}.DLL Universal Unicode Release|Win32.ActiveCfg = DLL Universal Unicode Release|Win32
		{6FDBEAF9-9E6D-4D59-9E6B-772001313F03}.DLL Universal Unicode Release|Win32.Build.0 = DLL Universal Unicode Release|Win32
		{6FDBEAF9-9E6D-4D59-9E6B-772001313F03}.Release|Win32.ActiveCfg = Release|Win32
		{6FDBEAF9-9E6D-4D59-9E6B-772001313F03}.Release|Win32.Build.0 = Release|Win32
		{6FDBEAF9-9E6D-4D59-9E6B-772001313F03}.Unicode Debug|Win32.ActiveCfg = Unicode Debug|Win32
		{6FDBEAF9-9E6D-4D59-9E6B-772001313F03}.Unicode Debug|Win32.Build.0 = Unicode Debug|Win32
		{6FDBEAF9-9E6D-4D59-9E6B-772001313F03}.Unicode Release|Win32.ActiveCfg = Unicode Release|Win32
		{6FDBEAF9-9E6D-4D59-9E6B-772001313F03}.Unicode Release|Win32.Build.0 = Unicode Release|Win32
		{6FDBEAF9-9E6D-4D59-9E6B-772001313F03}.Universal Debug|Win32.ActiveCfg = Universal Debug|Win32
		{6FDBEAF9-9E6D-4D59-9E6B-772001313F03}.Universal Debug|Win32.Build.0 = Universal Debug|Win32
		{6FDBEAF9-9E6D-4D59-9E6B-772001313F03}.Universal Release|Win32.ActiveCfg = Universal Release|Win32
		{6FDBEAF9-9E6D-4D59-9E6B-772001313F03}.Universal Release|Win32.Build.0 = Universal Release|Win32
		{6FDBEAF9-9E6D-4D59-9E6B-772001313F03}.Universal Unicode Debug|Win32.ActiveCfg = Universal Unicode Debug|Win32
		{6FDBEAF9-9E6D-4D59-9E6B-772001313F03}.Universal Unicode Debug|Win32.Build.0 = Universal Unicode Debug|Win32
		{6FDBEAF9-9E6D-4D59-9E6B-772001313F03}.Universal Unicode Release|Win32.ActiveCfg = Universal Unicode Release|Win32
		{6FDBEAF9-9E6D-4D59-9E6B-772001313F03}.Universal Unicode Release|Win32.Build.0 = Universal Unicode Release|Win32
		{1DD2DCA0-D245-4FE0-AF66-3B80CBBF2AF3}.Debug|Win32.ActiveCfg = Debug|Win32
		{1DD2DCA0-D245-4FE0-AF66-3B80CBBF2AF3}.Debug|Win32.Build.0 = Debug|Win32
		{1DD2DCA0-D245-4FE0-AF66-3B80CBBF2AF3}.DLL Debug|Win32.ActiveCfg = DLL Debug|Win32
		{1DD2DCA0-D245-4FE0-AF66-3B80CBBF2AF3}.DLL Debug|Win32.Build.0 = DLL Debug|Win32
		{1DD2DCA0-D245-4FE0-AF66-3B80CBBF2AF3}.DLL Release|Win32.ActiveCfg = DLL Release|Win32
		{1DD2DCA0-D245-4FE0-AF66-3B80CBBF2AF3}.DLL Release|Win32.Build.0 = DLL Release|Win32
		{1DD2DCA0-D245-4FE0-AF66-3B80CBBF2AF3}.DLL Unicode Debug|Win32.ActiveCfg = DLL Unicode Debug|Win32
		{1DD2DCA0-D245-4FE0-AF66-3B80CBBF2AF3}.DLL Unicode Debug|Win32.Build.0 = DLL Unicode Debug|Win32
		{1DD2DCA0-D245-4FE0-AF66-3B80CBBF2AF3}.DLL Unicode Release|Win32.ActiveCfg = DLL Unicode Release|Win32
		{1DD2DCA0-D245-4FE0-AF66-3B80CBBF2AF3}.DLL Unicode Release|Win32.Build.0 = DLL Unicode Release|Win32
		{1DD2DCA0-D245-4FE0-AF66-3B80CBBF2AF3}.DLL Universal Debug|Win32.ActiveCfg = DLL Universal Debug|Win32
		{1DD2DCA0-D245-4FE0-AF66-3B80CBBF2AF3}.DLL Universal Debug|Win32.Build.0 = DLL Universal Debug|Win32
		{1DD2DCA0-D245-4FE0-AF66-3B80CBBF2AF3}.DLL Universal Release|Win32.ActiveCfg = DLL Universal Release|Win32
		{1DD2DCA0-D245-4FE0-AF66-3B80CBBF2AF3}.DLL Universal Release|Win32.Build.0 = DLL Universal Release|Win32
		{1DD2DCA0-D245-4FE0-AF66-3B80CBBF2AF3}.DLL Universal Unicode Debug|Win32.ActiveCfg = DLL Universal Unicode Debug|Win32
		{1DD2DCA0-D245-4FE0-AF66-3B80CBBF2AF3}.DLL Universal Unicode Debug|Win32.Build.0 = DLL Universal Unicode Debug|Win32
		{1DD2DCA0-D245-4FE0-AF66-3B80CBBF2AF3}.DLL Universal Unicode Release|Win32.ActiveCfg = DLL Universal Unicode Release|Win32
		{1DD2DCA0-D245-4FE0-AF66-3B80CBBF2AF3}.DLL Universal Unicode Release|Win32.Build.0 = DLL Universal Unicode Release|Win32
		{1DD2DCA0-D245-4FE0-AF66-3B80CBBF2AF3}.Release|Win32.ActiveCfg = Release|Win32
		{1DD2DCA0-D245-4FE0-AF66-3B80CBBF2AF3}.Release|Win32.Build.0 = Release|Win32
		{1DD2DCA0-D245-4FE0-AF66-3B80CBBF2AF3}.Unicode Debug|Win32.ActiveCfg = Unicode Debug|Win32
		{1DD2DCA0-D245-4FE0-AF66-3B80CBBF2AF3}.Unicode Debug|Win32.Build.0 = Unicode Debug|Win32
		{1DD2DCA0-D245-4FE0-AF66-3B80CBBF2AF3}.Unicode Release|Win32.ActiveCfg = Unicode Release|Win32
		{1DD2DCA0-D245-4FE0-AF66-3B80CBBF2AF3}.Unicode Release|Win32.Build.0 = Unicode Release|Win32
		{1DD2DCA0-D245-4FE0-AF66-3B80CBBF2AF3}.Universal Debug|Win32.ActiveCfg = Universal Debug|Win32
		{1DD2DCA0-D245-4FE0-AF66-3B80CBBF2AF3}.Universal Debug|Win32.Build.0 = Universal Debug|Win32
		{1DD2DCA0-D245-4FE0-AF66-3B80CBBF2AF3}.Universal Release|Win32.ActiveCfg = Universal Release|Win32
		{1DD2DCA0-D245-4FE0-AF66-3B80CBBF2AF3}.Universal Release|Win32.Build.0 = Universal Release|Win32
		{1DD2DCA0-D245-4FE0-AF66-3B80CBBF2AF3}.Universal Unicode Debug|Win32.ActiveCfg = Universal Unicode Debug|Win32
		{1DD2DCA0-D245-4FE0-AF66-3B80CBBF2AF3}.Universal Unicode Debug|Win32.Build.0 = Universal Unicode Debug|Win32
		{1DD2DCA0-D245-4FE0-AF66-3B80CBBF2AF3}.Universal Unicode Release|Win32.ActiveCfg = Universal Unicode Release|Win32
		{1DD2DCA0-D245-4FE0-AF66-3B80CBBF2AF3}.Universal Unicode Release|Win32.Build.0 = Universal Unicode Release|Win32
		{A45DCEC5-EC51-4AC8-87CF-3FAD3B568E91}.Debug|Win32.ActiveCfg = Debug|Win32
		{A45DCEC5-EC51-4AC8-87CF-3FAD3B568E91}.Debug|Win32.Build.0 = Debug|Win32
		{A45DCEC5-EC51-4AC8-87CF-3FAD3B568E91}.DLL Debug|Win32.ActiveCfg = DLL Debug|Win32
		{A45DCEC5-EC51-4AC8-87CF-3FAD3B568E91}.DLL Debug|Win32.Build.0 = DLL Debug|Win32
		{A45DCEC5-EC51-4AC8-87CF-3FAD3B568E91}.DLL Release|Win32.ActiveCfg = DLL Release|Win32
		{A45DCEC5-EC51-4AC8-87CF-3FAD3B568E91}.DLL Release|Win32.Build.0 = DLL Release|Win32
		{A45DCEC5-EC51-4AC8-87CF-3FAD3B568E91}.DLL Unicode Debug|Win32.ActiveCfg = DLL Unicode Debug|Win32
		{A45DCEC5-EC51-4AC8-87CF-3FAD3B568E91}.DLL Unicode Debug|Win32.Build.0 = DLL Unicode Debug|Win32
		{A45DCEC5-EC51-4AC8-87CF-3FAD3B568E91}.DLL Unicode Release|Win32.ActiveCfg = DLL Unicode Release|Win32
		{A45DCEC5-EC51-4AC8-87CF-3FAD3B568E91}.DLL Unicode Release|Win32.Build.0 = DLL Unicode Release|Win32
		{A45DCEC5-EC51-4AC8-87CF-3FAD3B568E91}.DLL Universal Debug|Win32.ActiveCfg = DLL Universal Debug|Win32
		{A45DCEC5-EC51-4AC8-87CF-3FAD3B568E91}.DLL Universal Debug|Win32.Build.0 = DLL Universal Debug|Win32
		{A45DCEC5-EC51-4AC8-87CF-3FAD3B568E91}.DLL Universal Release|Win32.ActiveCfg = DLL Universal Release|Win32
		{A45DCEC5-EC51-4AC8-87CF-3FAD3B568E91}.DLL Universal Release|Win32.Build.0 = DLL Universal Release|Win32
		{A45DCEC5-EC51-4AC8-87CF-3FAD3B568E91}.DLL Universal Unicode Debug|Win32.ActiveCfg = DLL Universal Unicode Debug|Win32
		{A45DCEC5-EC51-4AC8-87CF-3FAD3B568E91}.DLL Universal Unicode Debug|Win32.Build.0 = DLL Universal Unicode Debug|Win32
		{A45DCEC5-EC51-4AC8-87CF-3FAD3B568E91}.DLL Universal Unicode Release|Win32.ActiveCfg = DLL Universal Unicode Release|Win32
		{A45DCEC5-EC51-4AC8-87CF-3FAD3B568E91}.DLL Universal Unicode Release|Win32.Build.0 = DLL Universal Unicode Release|Win32
		{A45DCEC5-EC51-4AC8-87CF-3FAD3B568E91}.Release|Win32.ActiveCfg = Release|Win32
		{A45DCEC5-EC51-4AC8-87CF-3FAD3B568E91}.Release|Win32.Build.0 = Release|Win32
		{A45DCEC5-EC51-4AC8-87CF-3FAD3B568E91}.Unicode Debug|Win32.ActiveCfg = Unicode Debug|Win32
		{A45DCEC5-EC51-4AC8-87CF-3FAD3B568E91}.Unicode Debug|Win32.Build.0 = Unicode Debug|Win32
		{A45DCEC5-EC51-4AC8-87CF-3FAD3B568E91}.Unicode Release|Win32.ActiveCfg = Unicode Release|Win32
		{A45DCEC5-EC51-4AC8-87CF-3FAD3B568E91}.Unicode Release|Win32.Build.0 = Unicode Release|Win32
		{A45DCEC5-EC51-4AC8-87CF-3FAD3B568E91}.Universal Debug|Win32.ActiveCfg = Universal Debug|Win32
		{A45DCEC5-EC51-4AC8-87CF-3FAD3B568E91}.Universal Debug|Win32.Build.0 = Universal Debug|Win32
		{A45DCEC5-EC51-4AC8-87CF-3FAD3B568E91}.Universal Release|Win32.ActiveCfg = Universal Release|Win32
		{A45DCEC5-EC51-4AC8-87CF-3FAD3B568E91}.Universal Release|Win32.Build.0 = Universal Release|Win32
		{A45DCEC5-EC51-4AC8-87CF-3FAD3B568E91}.Universal Unicode Debug|Win32.ActiveCfg = Universal Unicode Debug|Win32
		{A45DCEC5-EC51-4AC8-87CF-3FAD3B568E91}.Universal Unicode Debug|Win32.Build.0 = Universal Unicode Debug|Win32
		{A45DCEC5-EC51-4AC8-87CF-3FAD3B568E91}.Universal Unicode Release|Win32.ActiveCfg = Universal Unicode Release|Win32
		{A45DCEC5-EC51-4AC8-87CF-3FAD3B568E91}.Universal Unicode Release|Win32.Build.0 = Universal Unicode Release|Win32
		{2F0362F3-9148-4B51-BC90-5D8A2BCC45EA}.Debug|Win32.ActiveCfg = Debug|Win32
		{2F0362F3-9148-4B51-BC90-5D8A2BCC45EA}.Debug|Win32.Build.0 = Debug|Win32
		{2F0362F3-9148-4B51-BC90-5D8A2BCC45EA}.DLL Debug|Win32.ActiveCfg = DLL Debug|Win32
		{2F0362F3-9148-4B51-BC90-5D8A2BCC45EA}.DLL Debug|Win32.Build.0 = DLL Debug|Win32
		{2F0362F3-9148-4B51-BC90-5D8A2BCC45EA}.DLL Release|Win32.ActiveCfg = DLL Release|Win32
		{2F0362F3-9148-4B51-BC90-5D8A2BCC45EA}.DLL Release|Win32.Build.0 = DLL Release|Win32
		{2F0362F3-9148-4B51-BC90-5D8A2BCC45EA}.DLL Unicode Debug|Win32.ActiveCfg = DLL Unicode Debug|Win32
		{2F0362F3-9148-4B51-BC90-5D8A2BCC45EA}.DLL Unicode Debug|Win32.Build.0 = DLL Unicode Debug|Win32
		{2F0362F3-9148-4B51-BC90-5D8A2BCC45EA}.DLL Unicode Release|Win32.ActiveCfg = DLL Unicode Release|Win32
		{2F0362F3-9148-4B51-BC90-5D8A2BCC45EA}.DLL Unicode Release|Win32.Build.0 = DLL Unicode Release|Win32
		{2F0362F3-9148-4B51-BC90-5D8A2BCC45EA}.DLL Universal Debug|Win32.ActiveCfg = DLL Universal Debug|Win32
		{2F0362F3-9148-4B51-BC90-5D8A2BCC45EA}.DLL Universal Debug|Win32.Build.0 = DLL Universal Debug|Win32
		{2F0362F3-9148-4B51-BC90-5D8A2BCC45EA}.DLL Universal Release|Win32.ActiveCfg = DLL Universal Release|Win32
		{2F0362F3-9148-4B51-BC90-5D8A2BCC45EA}.DLL Universal Release|Win32.Build.0 = DLL Universal Release|Win32
		{2F0362F3-9148-4B51-BC90-5D8A2BCC45EA}.DLL Universal Unicode Debug|Win32.ActiveCfg = DLL Universal Unicode Debug|Win32
		{2F0362F3-9148-4B51-BC90-5D8A2BCC45EA}.DLL Universal Unicode Debug|Win32.Build.0 = DLL Universal Unicode Debug|Win32
		{2F0362F3-9148-4B51-BC90-5D8A2BCC45EA}.DLL Universal Unicode Release|Win32.ActiveCfg = DLL Universal Unicode Release|Win32
		{2F0362F3-9148-4B51-BC90-5D8A2BCC45EA}.DLL Universal Unicode Release|Win32.Build.0 = DLL Universal Unicode Release|Win32
		{2F0362F3-9148-4B51-BC90-5D8A2BCC45EA}.Release|Win32.ActiveCfg = Release|Win32
		{2F0362F3-9148-4B51-BC90-5D8A2BCC45EA}.Release|Win32.Build.0 = Release|Win32
		{2F0362F3-9148-4B51-BC90-5D8A2BCC45EA}.Unicode Debug|Win32.ActiveCfg = Unicode Debug|Win32
		{2F0362F3-9148-4B51-BC90-5D8A2BCC45EA}.Unicode Debug|Win32.Build.0 = Unicode Debug|Win32
		{2F0362F3-9148-4B51-BC90-5D8A2BCC45EA}.Unicode Release|Win32.ActiveCfg = Unicode Release|Win32
		{2F0362F3-9148-4B51-BC90-5D8A2BCC45EA}.Unicode Release|Win32.Build.0 = Unicode Release|Win32
		{2F0362F3-9148-4B51-BC90-5D8A2BCC45EA}.Universal Debug|Win32.ActiveCfg = Universal Debug|Win32
		{2F0362F3-9148-4B51-BC90-5D8A2BCC45EA}.Universal Debug|Win32.Build.0 = Universal Debug|Win32
		{2F0362F3-9148-4B51-BC90-5D8A2BCC45EA}.Universal Release|Win32.ActiveCfg = Universal Release|Win32
		{2F0362F3-9148-4B51-BC90-5D8A2BCC45EA}.Universal Release|Win32.Build.0 = Universal Release|Win32
		{2F0362F3-9148-4B51-BC90-5D8A2BCC45EA}.Universal Unicode Debug|Win32.ActiveCfg = Universal Unicode Debug|Win32
		{2F0362F3-9148-4B51-BC90-5D8A2BCC45EA}.Universal Unicode Debug|Win32.Build.0 = Universal Unicode Debug|Win32
		{2F0362F3-9148-4B51-BC90-5D8A2BCC45EA}.Universal Unicode Release|Win32.ActiveCfg = Universal Unicode Release|Win32
		{2F0362F3-9148-4B51-BC90-5D8A2BCC45EA}.Universal Unicode Release|Win32.Build.0 = Universal Unicode Release|Win32
		{483BCC4F-4850-48E1-9F92-D1945FE47F1A}.Debug|Win32.ActiveCfg = Debug|Win32
		{483BCC4F-4850-48E1-9F92-D1945FE47F1A}.Debug|Win32.Build.0 = Debug|Win32
		{483BCC4F-4850-48E1-9F92-D1945FE47F1A}.DLL Debug|Win32.ActiveCfg = DLL Debug|Win32
		{483BCC4F-4850-48E1-9F92-D1945FE47F1A}.DLL Debug|Win32.Build.0 = DLL Debug|Win32
		{483BCC4F-4850-48E1-9F92-D1945FE47F1A}.DLL Release|Win32.ActiveCfg = DLL Release|Win32
		{483BCC4F-4850-48E1-9F92-D1945FE47F1A}.DLL Release|Win32.Build.0 = DLL Release|Win32
		{483BCC4F-4850-48E1-9F92-D1945FE47F1A}.DLL Unicode Debug|Win32.ActiveCfg = DLL Unicode Debug|Win32
		{483BCC4F-4850-48E1-9F92-D1945FE47F1A}.DLL Unicode Debug|Win32.Build.0 = DLL Unicode Debug|Win32
		{483BCC4F-4850-48E1-9F92-D1945FE47F1A}.DLL Unicode Release|Win32.ActiveCfg = DLL Unicode Release|Win32
		{483BCC4F-4850-48E1-9F92-D1945FE47F1A}.DLL Unicode Release|Win32.Build.0 = DLL Unicode Release|Win32
		{483BCC4F-4850-48E1-9F92-D1945FE47F1A}.DLL Universal Debug|Win32.ActiveCfg = DLL Universal Debug|Win32
		{483BCC4F-4850-48E1-9F92-D1945FE47F1A}.DLL Universal Debug|Win32.Build.0 = DLL Universal Debug|Win32
		{483BCC4F-4850-48E1-9F92-D1945FE47F1A}.DLL Universal Release|Win32.ActiveCfg = DLL Universal Release|Win32
		{483BCC4F-4850-48E1-9F92-D1945FE47F1A}.DLL Universal Release|Win32.Build.0 = DLL Universal Release|Win32
		{483BCC4F-4850-48E1-9F92-D1945FE47F1A}.DLL Universal Unicode Debug|Win32.ActiveCfg = DLL Universal Unicode Debug|Win32
		{483BCC4F-4850-48E1-9F92-D1945FE47F1A}.DLL Universal Unicode Debug|Win32.Build.0 = DLL Universal Unicode Debug|Win32
		{483BCC4F-4850-48E1-9F92-D1945FE47F1A}.DLL Universal Unicode Release|Win32.ActiveCfg = DLL Universal Unicode Release|Win32
		{483BCC4F-4850-48E1-9F92-D1945FE47F1A}.DLL Universal Unicode Release|Win32.Build.0 = DLL Universal Unicode Release|Win32
		{483BCC4F-4850-48E1-9F92-D1945FE47F1A}.Release|Win32.ActiveCfg = Release|Win32
		{483BCC4F-4850-48E1-9F92-D1945FE47F1A}.Release|Win32.Build.0 = Release|Win32
		{483BCC4F-4850-48E1-9F92-D1945FE47F1A}.Unicode Debug|Win32.ActiveCfg = Unicode Debug|Win32
		{483BCC4F-4850-48E1-9F92-D1945FE47F1A}.Unicode Debug|Win32.Build.0 = Unicode Debug|Win32
		{483BCC4F-4850-48E1-9F92-D1945FE47F1A}.Unicode Release|Win32.ActiveCfg = Unicode Release|Win32
		{483BCC4F-4850-48E1-9F92-D1945FE47F1A}.Unicode Release|Win32.Build.0 = Unicode Release|Win32
		{483BCC4F-4850-48E1-9F92-D1945FE47F1A}.Universal Debug|Win32.ActiveCfg = Universal Debug|Win32
		{483BCC4F-4850-48E1-9F92-D1945FE47F1A}.Universal Debug|Win32.Build.0 = Universal Debug|Win32
		{483BCC4F-4850-48E1-9F92-D1945FE47F1A}.Universal Release|Win32.ActiveCfg = Universal Release|Win32
		{483BCC4F-4850-48E1-9F92-D1945FE47F1A}.Universal Release|Win32.Build.0 = Universal Release|Win32
		{483BCC4F-4850-48E1-9F92-D1945FE47F1A}.Universal Unicode Debug|Win32.ActiveCfg = Universal Unicode Debug|Win32
		{483BCC4F-4850-48E1-9F92-D1945FE47F1A}.Universal Unicode Debug|Win32.Build.0 = Universal Unicode Debug|Win32
		{483BCC4F-4850-48E1-9F92-D1945FE47F1A}.Universal Unicode Release|Win32.ActiveCfg = Universal Unicode Release|Win32
		{483BCC4F-4850-48E1-9F92-D1945FE47F1A}.Universal Unicode Release|Win32.Build.0 = Universal Unicode Release|Win32
		{0692891D-87A4-45CF-8029-18F4AC9DFBFB}.Debug|Win32.ActiveCfg = Debug|Win32
		{0692891D-87A4-45CF-8029-18F4AC9DFBFB}.Debug|Win32.Build.0 = Debug|Win32
		{0692891D-87A4-45CF-8029-18F4AC9DFBFB}.DLL Debug|Win32.ActiveCfg = DLL Debug|Win32
		{0692891D-87A4-45CF-8029-18F4AC9DFBFB}.DLL Debug|Win32.Build.0 = DLL Debug|Win32
		{0692891D-87A4-45CF-8029-18F4AC9DFBFB}.DLL Release|Win32.ActiveCfg = DLL Release|Win32
		{0692891D-87A4-45CF-8029-18F4AC9DFBFB}.DLL Release|Win32.Build.0 = DLL Release|Win32
		{0692891D-87A4-45CF-8029-18F4AC9DFBFB}.DLL Unicode Debug|Win32.ActiveCfg = DLL Unicode Debug|Win32
		{0692891D-87A4-45CF-8029-18F4AC9DFBFB}.DLL Unicode Debug|Win32.Build.0 = DLL Unicode Debug|Win32
		{0692891D-87A4-45CF-8029-18F4AC9DFBFB}.DLL Unicode Release|Win32.ActiveCfg = DLL Unicode Release|Win32
		{0692891D-87A4-45CF-8029-18F4AC9DFBFB}.DLL Unicode Release|Win32.Build.0 = DLL Unicode Release|Win32
		{0692891D-87A4-45CF-8029-18F4AC9DFBFB}.DLL Universal Debug|Win32.ActiveCfg = DLL Universal Debug|Win32
		{0692891D-87A4-45CF-8029-18F4AC9DFBFB}.DLL Universal Debug|Win32.Build.0 = DLL Universal Debug|Win32
		{0692891D-87A4-45CF-8029-18F4AC9DFBFB}.DLL Universal Release|Win32.ActiveCfg = DLL Universal Release|Win32
		{0692891D-87A4-45CF-8029-18F4AC9DFBFB}.DLL Universal Release|Win32.Build.0 = DLL Universal Release|Win32
		{0692891D-87A4-45CF-8029-18F4AC9DFBFB}.DLL Universal Unicode Debug|Win32.ActiveCfg = DLL Universal Unicode Debug|Win32
		{0692891D-87A4-45CF-8029-18F4AC9DFBFB}.DLL Universal Unicode Debug|Win32.Build.0 = DLL Universal Unicode Debug|Win32
		{0692891D-87A4-45CF-8029-18F4AC9DFBFB}.DLL Universal Unicode Release|Win32.ActiveCfg = DLL Universal Unicode Release|Win32
		{0692891D-87A4-45CF-8029-18F4AC9DFBFB}.DLL Universal Unicode Release|Win32.Build.0 = DLL Universal Unicode Release|Win32
		{0692891D-87A4-45CF-8029-18F4AC9DFBFB}.Release|Win32.ActiveCfg = Release|Win32
		{0692891D-87A4-45CF-8029-18F4AC9DFBFB}.Release|Win32.Build.0 = Release|Win32
		{0692891D-87A4-45CF-8029-18F4AC9DFBFB}.Unicode Debug|Win32.ActiveCfg = Unicode Debug|Win32
		{0692891D-87A4-45CF-8029-18F4AC9DFBFB}.Unicode Debug|Win32.Build.0 = Unicode Debug|Win32
		{0692891D-87A4-45CF-8029-18F4AC9DFBFB}.Unicode Release|Win32.ActiveCfg = Unicode Release|Win32
		{0692891D-87A4-45CF-8029-18F4AC9DFBFB}.Unicode Release|Win32.Build.0 = Unicode Release|Win32
		{0692891D-87A4-45CF-8029-18F4AC9DFBFB}.Universal Debug|Win32.ActiveCfg = Universal Debug|Win32
		{0692891D-87A4-45CF-8029-18F4AC9DFBFB}.Universal Debug|Win32.Build.0 = Universal Debug|Win32
		{0692891D-87A4-45CF-8029-18F4AC9DFBFB}.Universal Release|Win32.ActiveCfg = Universal Release|Win32
		{0692891D-87A4-45CF-8029-18F4AC9DFBFB}.Universal Release|Win32.Build.0 = Universal Release|Win32
		{0692891D-87A4-45CF-8029-18F4AC9DFBFB}.Universal Unicode Debug|Win32.ActiveCfg = Universal Unicode Debug|Win32
		{0692891D-87A4-45CF-8029-18F4AC9DFBFB}.Universal Unicode Debug|Win32.Build.0 = Universal Unicode Debug|Win32
		{0692891D-87A4-45CF-8029-18F4AC9DFBFB}.Universal Unicode Release|Win32.ActiveCfg = Universal Unicode Release|Win32
		{0692891D-87A4-45CF-8029-18F4AC9DFBFB}.Universal Unicode Release|Win32.Build.0 = Universal Unicode Release|Win32
		{95F33FA9-4DAE-4FA2-8CDD-8C1E9483774D}.Debug|Win32.ActiveCfg = Debug|Win32
		{95F33FA9-4DAE-4FA2-8CDD-8C1E9483774D}.Debug|Win32.Build.0 = Debug|Win32
		{95F33FA9-4DAE-4FA2-8CDD-8C1E9483774D}.DLL Debug|Win32.ActiveCfg = DLL Debug|Win32
		{95F33FA9-4DAE-4FA2-8CDD-8C1E9483774D}.DLL Debug|Win32.Build.0 = DLL Debug|Win32
		{95F33FA9-4DAE-4FA2-8CDD-8C1E9483774D}.DLL Release|Win32.ActiveCfg = DLL Release|Win32
		{95F33FA9-4DAE-4FA2-8CDD-8C1E9483774D}.DLL Release|Win32.Build.0 = DLL Release|Win32
		{95F33FA9-4DAE-4FA2-8CDD-8C1E9483774D}.DLL Unicode Debug|Win32.ActiveCfg = DLL Unicode Debug|Win32
		{95F33FA9-4DAE-4FA2-8CDD-8C1E9483774D}.DLL Unicode Debug|Win32.Build.0 = DLL Unicode Debug|Win32
		{95F33FA9-4DAE-4FA2-8CDD-8C1E9483774D}.DLL Unicode Release|Win32.ActiveCfg = DLL Unicode Release|Win32
		{95F33FA9-4DAE-4FA2-8CDD-8C1E9483774D}.DLL Unicode Release|Win32.Build.0 = DLL Unicode Release|Win32
		{95F33FA9-4DAE-4FA2-8CDD-8C1E9483774D}.DLL Universal Debug|Win32.ActiveCfg = DLL Universal Debug|Win32
		{95F33FA9-4DAE-4FA2-8CDD-8C1E9483774D}.DLL Universal Debug|Win32.Build.0 = DLL Universal Debug|Win32
		{95F33FA9-4DAE-4FA2-8CDD-8C1E9483774D}.DLL Universal Release|Win32.ActiveCfg = DLL Universal Release|Win32
		{95F33FA9-4DAE-4FA2-8CDD-8C1E9483774D}.DLL Universal Release|Win32.Build.0 = DLL Universal Release|Win32
		{95F33FA9-4DAE-4FA2-8CDD-8C1E9483774D}.DLL Universal Unicode Debug|Win32.ActiveCfg = DLL Universal Unicode Debug|Win32
		{95F33FA9-4DAE-4FA2-8CDD-8C1E9483774D}.DLL Universal Unicode Debug|Win32.Build.0 = DLL Universal Unicode Debug|Win32
		{95F33FA9-4DAE-4FA2-8CDD-8C1E9483774D}.DLL Universal Unicode Release|Win32.ActiveCfg = DLL Universal Unicode Release|Win32
		{95F33FA9-4DAE-4FA2-8CDD-8C1E9483774D}.DLL Universal Unicode Release|Win32.Build.0 = DLL Universal Unicode Release|Win32
		{95F33FA9-4DAE-4FA2-8CDD-8C1E9483774D}.Release|Win32.ActiveCfg = Release|Win32
		{95F33FA9-4DAE-4FA2-8CDD-8C1E9483774D}.Release|Win32.Build.0 = Release|Win32
		{95F33FA9-4DAE-4FA2-8CDD-8C1E9483774D}.Unicode Debug|Win32.ActiveCfg = Unicode Debug|Win32
		{95F33FA9-4DAE-4FA2-8CDD-8C1E9483774D}.Unicode Debug|Win32.Build.0 = Unicode Debug|Win32
		{95F33FA9-4DAE-4FA2-8CDD-8C1E9483774D}.Unicode Release|Win32.ActiveCfg = Unicode Release|Win32
		{95F33FA9-4DAE-4FA2-8CDD-8C1E9483774D}.Unicode Release|Win32.Build.0 = Unicode Release|Win32
		{95F33FA9-4DAE-4FA2-8CDD-8C1E9483774D}.Universal Debug|Win32.ActiveCfg = Universal Debug|Win32
		{95F33FA9-4DAE-4FA2-8CDD-8C1E9483774D}.Universal Debug|Win32.Build.0 = Universal Debug|Win32
		{95F33FA9-4DAE-4FA2-8CDD-8C1E9483774D}.Universal Release|Win32.ActiveCfg = Universal Release|Win32
		{95F33FA9-4DAE-4FA2-8CDD-8C1E9483774D}.Universal Release|Win32.Build.0 = Universal Release|Win32
		{95F33FA9-4DAE-4FA2-8CDD-8C1E9483774D}.Universal Unicode Debug|Win32.ActiveCfg = Universal Unicode Debug|Win32
		{95F33FA9-4DAE-4FA2-8CDD-8C1E9483774D}.Universal Unicode Debug|Win32.Build.0 = Universal Unicode Debug|Win32
		{95F33FA9-4DAE-4FA2-8CDD-8C1E9483774D}.Universal Unicode Release|Win32.ActiveCfg = Universal Unicode Release|Win32
		{95F33FA9-4DAE-4FA2-8CDD-8C1E9483774D}.Universal Unicode Release|Win32.Build.0 = Universal Unicode Release|Win32
		{95275C55-28B7-4FD7-B28B-4ACE7A182F89}.Debug|Win32.ActiveCfg = Debug|Win32
		{95275C55-28B7-4FD7-B28B-4ACE7A182F89}.Debug|Win32.Build.0 = Debug|Win32
		{95275C55-28B7-4FD7-B28B-4ACE7A182F89}.DLL Debug|Win32.ActiveCfg = DLL Debug|Win32
		{95275C55-28B7-4FD7-B28B-4ACE7A182F89}.DLL Debug|Win32.Build.0 = DLL Debug|Win32
		{95275C55-28B7-4FD7-B28B-4ACE7A182F89}.DLL Release|Win32.ActiveCfg = DLL Release|Win32
		{95275C55-28B7-4FD7-B28B-4ACE7A182F89}.DLL Release|Win32.Build.0 = DLL Release|Win32
		{95275C55-28B7-4FD7-B28B-4ACE7A182F89}.DLL Unicode Debug|Win32.ActiveCfg = DLL Unicode Debug|Win32
		{95275C55-28B7-4FD7-B28B-4ACE7A182F89}.DLL Unicode Debug|Win32.Build.0 = DLL Unicode Debug|Win32
		{95275C55-28B7-4FD7-B28B-4ACE7A182F89}.DLL Unicode Release|Win32.ActiveCfg = DLL Unicode Release|Win32
		{95275C55-28B7-4FD7-B28B-4ACE7A182F89}.DLL Unicode Release|Win32.Build.0 = DLL Unicode Release|Win32
		{95275C55-28B7-4FD7-B28B-4ACE7A182F89}.DLL Universal Debug|Win32.ActiveCfg = DLL Universal Debug|Win32
		{95275C55-28B7-4FD7-B28B-4ACE7A182F89}.DLL Universal Debug|Win32.Build.0 = DLL Universal Debug|Win32
		{95275C55-28B7-4FD7-B28B-4ACE7A182F89}.DLL Universal Release|Win32.ActiveCfg = DLL Universal Release|Win32
		{95275C55-28B7-4FD7-B28B-4ACE7A182F89}.DLL Universal Release|Win32.Build.0 = DLL Universal Release|Win32
		{95275C55-28B7-4FD7-B28B-4ACE7A182F89}.DLL Universal Unicode Debug|Win32.ActiveCfg = DLL Universal Unicode Debug|Win32
		{95275C55-28B7-4FD7-B28B-4ACE7A182F89}.DLL Universal Unicode Debug|Win32.Build.0 = DLL Universal Unicode Debug|Win32
		{95275C55-28B7-4FD7-B28B-4ACE7A182F89}.DLL Universal Unicode Release|Win32.ActiveCfg = DLL Universal Unicode Release|Win32
		{95275C55-28B7-4FD7-B28B-4ACE7A182F89}.DLL Universal Unicode Release|Win32.Build.0 = DLL Universal Unicode Release|Win32
		{95275C55-28B7-4FD7-B28B-4ACE7A182F89}.Release|Win32.ActiveCfg = Release|Win32
		{95275C55-28B7-4FD7-B28B-4ACE7A182F89}.Release|Win32.Build.0 = Release|Win32
		{95275C55-28B7-4FD7-B28B-4ACE7A182F89}.Unicode Debug|Win32.ActiveCfg = Unicode Debug|Win32
		{95275C55-28B7-4FD7-B28B-4ACE7A182F89}.Unicode Debug|Win32.Build.0 = Unicode Debug|Win32
		{95275C55-28B7-4FD7-B28B-4ACE7A182F89}.Unicode Release|Win32.ActiveCfg = Unicode Release|Win32
		{95275C55-28B7-4FD7-B28B-4ACE7A182F89}.Unicode Release|Win32.Build.0 = Unicode Release|Win32
		{95275C55-28B7-4FD7-B28B-4ACE7A182F89}.Universal Debug|Win32.ActiveCfg = Universal Debug|Win32
		{95275C55-28B7-4FD7-B28B-4ACE7A182F89}.Universal Debug|Win32.Build.0 = Universal Debug|Win32
		{95275C55-28B7-4FD7-B28B-4ACE7A182F89}.Universal Release|Win32.ActiveCfg = Universal Release|Win32
		{95275C55-28B7-4FD7-B28B-4ACE7A182F89}.Universal Release|Win32.Build.0 = Universal Release|Win32
		{95275C55-28B7-4FD7-B28B-4ACE7A182F89}.Universal Unicode Debug|Win32.ActiveCfg = Universal Unicode Debug|Win32
		{95275C55-28B7-4FD7-B28B-4ACE7A182F89}.Universal Unicode Debug|Win32.Build.0 = Universal Unicode Debug|Win32
		{95275C55-28B7-4FD7-B28B-4ACE7A182F89}.Universal Unicode Release|Win32.ActiveCfg = Universal Unicode Release|Win32
		{95275C55-28B7-4FD7-B28B-4ACE7A182F89}.Universal Unicode Release|Win32.Build.0 = Universal Unicode Release|Win32
		{1B8ED247-6F14-4D88-8FEF-7F3A6E965150}.Debug|Win32.ActiveCfg = Debug|Win32
		{1B8ED247-6F14-4D88-8FEF-7F3A6E965150}.Debug|Win32.Build.0 = Debug|Win32
		{1B8ED247-6F14-4D88-8FEF-7F3A6E965150}.DLL Debug|Win32.ActiveCfg = DLL Debug|Win32
		{1B8ED247-6F14-4D88-8FEF-7F3A6E965150}.DLL Debug|Win32.Build.0 = DLL Debug|Win32
		{1B8ED247-6F14-4D88-8FEF-7F3A6E965150}.DLL Release|Win32.ActiveCfg = DLL Release|Win32
		{1B8ED247-6F14-4D88-8FEF-7F3A6E965150}.DLL Release|Win32.Build.0 = DLL Release|Win32
		{1B8ED247-6F14-4D88-8FEF-7F3A6E965150}.DLL Unicode Debug|Win32.ActiveCfg = DLL Unicode Debug|Win32
		{1B8ED247-6F14-4D88-8FEF-7F3A6E965150}.DLL Unicode Debug|Win32.Build.0 = DLL Unicode Debug|Win32
		{1B8ED247-6F14-4D88-8FEF-7F3A6E965150}.DLL Unicode Release|Win32.ActiveCfg = DLL Unicode Release|Win32
		{1B8ED247-6F14-4D88-8FEF-7F3A6E965150}.DLL Unicode Release|Win32.Build.0 = DLL Unicode Release|Win32
		{1B8ED247-6F14-4D88-8FEF-7F3A6E965150}.DLL Universal Debug|Win32.ActiveCfg = DLL Universal Debug|Win32
		{1B8ED247-6F14-4D88-8FEF-7F3A6E965150}.DLL Universal Debug|Win32.Build.0 = DLL Universal Debug|Win32
		{1B8ED247-6F14-4D88-8FEF-7F3A6E965150}.DLL Universal Release|Win32.ActiveCfg = DLL Universal Release|Win32
		{1B8ED247-6F14-4D88-8FEF-7F3A6E965150}.DLL Universal Release|Win32.Build.0 = DLL Universal Release|Win32
		{1B8ED247-6F14-4D88-8FEF-7F3A6E965150}.DLL Universal Unicode Debug|Win32.ActiveCfg = DLL Universal Unicode Debug|Win32
		{1B8ED247-6F14-4D88-8FEF-7F3A6E965150}.DLL Universal Unicode Debug|Win32.Build.0 = DLL Universal Unicode Debug|Win32
		{1B8ED247-6F14-4D88-8FEF-7F3A6E965150}.DLL Universal Unicode Release|Win32.ActiveCfg = DLL Universal Unicode Release|Win32
		{1B8ED247-6F14-4D88-8FEF-7F3A6E965150}.DLL Universal Unicode Release|Win32.Build.0 = DLL Universal Unicode Release|Win32
		{1B8ED247-6F14-4D88-8FEF-7F3A6E965150}.Release|Win32.ActiveCfg = Release|Win32
		{1B8ED247-6F14-4D88-8FEF-7F3A6E965150}.Release|Win32.Build.0 = Release|Win32
		{1B8ED247-6F14-4D88-8FEF-7F3A6E965150}.Unicode Debug|Win32.ActiveCfg = Unicode Debug|Win32
		{1B8ED247-6F14-4D88-8FEF-7F3A6E965150}.Unicode Debug|Win32.Build.0 = Unicode Debug|Win32
		{1B8ED247-6F14-4D88-8FEF-7F3A6E965150}.Unicode Release|Win32.ActiveCfg = Unicode Release|Win32
		{1B8ED247-6F14-4D88-8FEF-7F3A6E965150}.Unicode Release|Win32.Build.0 = Unicode Release|Win32
		{1B8ED247-6F14-4D88-8FEF-7F3A6E965150}.Universal Debug|Win32.ActiveCfg = Universal Debug|Win32
		{1B8ED247-6F14-4D88-8FEF-7F3A6E965150}.Universal Debug|Win32.Build.0 = Universal Debug|Win32
		{1B8ED247-6F14-4D88-8FEF-7F3A6E965150}.Universal Release|Win32.ActiveCfg = Universal Release|Win32
		{1B8ED247-6F14-4D88-8FEF-7F3A6E965150}.Universal Release|Win32.Build.0 = Universal Release|Win32
		{1B8ED247-6F14-4D88-8FEF-7F3A6E965150}.Universal Unicode Debug|Win32.ActiveCfg = Universal Unicode Debug|Win32
		{1B8ED247-6F14-4D88-8FEF-7F3A6E965150}.Universal Unicode Debug|Win32.Build.0 = Universal Unicode Debug|Win32
		{1B8ED247-6F14-4D88-8FEF-7F3A6E965150}.Universal Unicode Release|Win32.ActiveCfg = Universal Unicode Release|Win32
		{1B8ED247-6F14-4D88-8FEF-7F3A6E965150}.Universal Unicode Release|Win32.Build.0 = Universal Unicode Release|Win32
		{061B4312-50DC-441E-96EE-3AC00C2773A4}.Debug|Win32.ActiveCfg = Debug|Win32
		{061B4312-50DC-441E-96EE-3AC00C2773A4}.Debug|Win32.Build.0 = Debug|Win32
		{061B4312-50DC-441E-96EE-3AC00C2773A4}.DLL Debug|Win32.ActiveCfg = DLL Debug|Win32
		{061B4312-50DC-441E-96EE-3AC00C2773A4}.DLL Debug|Win32.Build.0 = DLL Debug|Win32
		{061B4312-50DC-441E-96EE-3AC00C2773A4}.DLL Release|Win32.ActiveCfg = DLL Release|Win32
		{061B4312-50DC-441E-96EE-3AC00C2773A4}.DLL Release|Win32.Build.0 = DLL Release|Win32
		{061B4312-50DC-441E-96EE-3AC00C2773A4}.DLL Unicode Debug|Win32.ActiveCfg = DLL Unicode Debug|Win32
		{061B4312-50DC-441E-96EE-3AC00C2773A4}.DLL Unicode Debug|Win32.Build.0 = DLL Unicode Debug|Win32
		{061B4312-50DC-441E-96EE-3AC00C2773A4}.DLL Unicode Release|Win32.ActiveCfg = DLL Unicode Release|Win32
		{061B4312-50DC-441E-96EE-3AC00C2773A4}.DLL Unicode Release|Win32.Build.0 = DLL Unicode Release|Win32
		{061B4312-50DC-441E-96EE-3AC00C2773A4}.DLL Universal Debug|Win32.ActiveCfg = DLL Universal Debug|Win32
		{061B4312-50DC-441E-96EE-3AC00C2773A4}.DLL Universal Debug|Win32.Build.0 = DLL Universal Debug|Win32
		{061B4312-50DC-441E-96EE-3AC00C2773A4}.DLL Universal Release|Win32.ActiveCfg = DLL Universal Release|Win32
		{061B4312-50DC-441E-96EE-3AC00C2773A4}.DLL Universal Release|Win32.Build.0 = DLL Universal Release|Win32
		{061B4312-50DC-441E-96EE-3AC00C2773A4}.DLL Universal Unicode Debug|Win32.ActiveCfg = DLL Universal Unicode Debug|Win32
		{061B4312-50DC-441E-96EE-3AC00C2773A4}.DLL Universal Unicode Debug|Win32.Build.0 = DLL Universal Unicode Debug|Win32
		{061B4312-50DC-441E-96EE-3AC00C2773A4}.DLL Universal Unicode Release|Win32.ActiveCfg = DLL Universal Unicode Release|Win32
		{061B4312-50DC-441E-96EE-3AC00C2773A4}.DLL Universal Unicode Release|Win32.Build.0 = DLL Universal Unicode Release|Win32
		{061B4312-50DC-441E-96EE-3AC00C2773A4}.Release|Win32.ActiveCfg = Release|Win32
		{061B4312-50DC-441E-96EE-3AC00C2773A4}.Release|Win32.Build.0 = Release|Win32
		{061B4312-50DC-441E-96EE-3AC00C2773A4}.Unicode Debug|Win32.ActiveCfg = Unicode Debug|Win32
		{061B4312-50DC-441E-96EE-3AC00C2773A4}.Unicode Debug|Win32.Build.0 = Unicode Debug|Win32
		{061B4312-50DC-441E-96EE-3AC00C2773A4}.Unicode Release|Win32.ActiveCfg = Unicode Release|Win32
		{061B4312-50DC-441E-96EE-3AC00C2773A4}.Unicode Release|Win32.Build.0 = Unicode Release|Win32
		{061B4312-50DC-441E-96EE-3AC00C2773A4}.Universal Debug|Win32.ActiveCfg = Universal Debug|Win32
		{061B4312-50DC-441E-96EE-3AC00C2773A4}.Universal Debug|Win32.Build.0 = Universal Debug|Win32
		{061B4312-50DC-441E-96EE-3AC00C2773A4}.Universal Release|Win32.ActiveCfg = Universal Release|Win32
		{061B4312-50DC-441E-96EE-3AC00C2773A4}.Universal Release|Win32.Build.0 = Universal Release|Win32
		{061B4312-50DC-441E-96EE-3AC00C2773A4}.Universal Unicode Debug|Win32.ActiveCfg = Universal Unicode Debug|Win32
		{061B4312-50DC-441E-96EE-3AC00C2773A4}.Universal Unicode Debug|Win32.Build.0 = Universal Unicode Debug|Win32
		{061B4312-50DC-441E-96EE-3AC00C2773A4}.Universal Unicode Release|Win32.ActiveCfg = Universal Unicode Release|Win32
		{061B4312-50DC-441E-96EE-3AC00C2773A4}.Universal Unicode Release|Win32.Build.0 = Universal Unicode Release|Win32
		{58CB7479-42C1-4A3D-AF9D-DD89943A0051}.Debug|Win32.ActiveCfg = Debug|Win32
		{58CB7479-42C1-4A3D-AF9D-DD89943A0051}.Debug|Win32.Build.0 = Debug|Win32
		{58CB7479-42C1-4A3D-AF9D-DD89943A0051}.DLL Debug|Win32.ActiveCfg = DLL Debug|Win32
		{58CB7479-42C1-4A3D-AF9D-DD89943A0051}.DLL Debug|Win32.Build.0 = DLL Debug|Win32
		{58CB7479-42C1-4A3D-AF9D-DD89943A0051}.DLL Release|Win32.ActiveCfg = DLL Release|Win32
		{58CB7479-42C1-4A3D-AF9D-DD89943A0051}.DLL Release|Win32.Build.0 = DLL Release|Win32
		{58CB7479-42C1-4A3D-AF9D-DD89943A0051}.DLL Unicode Debug|Win32.ActiveCfg = DLL Unicode Debug|Win32
		{58CB7479-42C1-4A3D-AF9D-DD89943A0051}.DLL Unicode Debug|Win32.Build.0 = DLL Unicode Debug|Win32
		{58CB7479-42C1-4A3D-AF9D-DD89943A0051}.DLL Unicode Release|Win32.ActiveCfg = DLL Unicode Release|Win32
		{58CB7479-42C1-4A3D-AF9D-DD89943A0051}.DLL Unicode Release|Win32.Build.0 = DLL Unicode Release|Win32
		{58CB7479-42C1-4A3D-AF9D-DD89943A0051}.DLL Universal Debug|Win32.ActiveCfg = DLL Universal Debug|Win32
		{58CB7479-42C1-4A3D-AF9D-DD89943A0051}.DLL Universal Debug|Win32.Build.0 = DLL Universal Debug|Win32
		{58CB7479-42C1-4A3D-AF9D-DD89943A0051}.DLL Universal Release|Win32.ActiveCfg = DLL Universal Release|Win32
		{58CB7479-42C1-4A3D-AF9D-DD89943A0051}.DLL Universal Release|Win32.Build.0 = DLL Universal Release|Win32
		{58CB7479-42C1-4A3D-AF9D-DD89943A0051}.DLL Universal Unicode Debug|Win32.ActiveCfg = DLL Universal Unicode Debug|Win32
		{58CB7479-42C1-4A3D-AF9D-DD89943A0051}.DLL Universal Unicode Debug|Win32.Build.0 = DLL Universal Unicode Debug|Win32
		{58CB7479-42C1-4A3D-AF9D-DD89943A0051}.DLL Universal Unicode Release|Win32.ActiveCfg = DLL Universal Unicode Release|Win32
		{58CB7479-42C1-4A3D-AF9D-DD89943A0051}.DLL Universal Unicode Release|Win32.Build.0 = DLL Universal Unicode Release|Win32
		{58CB7479-42C1-4A3D-AF9D-DD89943A0051}.Release|Win32.ActiveCfg = Release|Win32
		{58CB7479-42C1-4A3D-AF9D-DD89943A0051}.Release|Win32.Build.0 = Release|Win32
		{58CB7479-42C1-4A3D-AF9D-DD89943A0051}.Unicode Debug|Win32.ActiveCfg = Unicode Debug|Win32
		{58CB7479-42C1-4A3D-AF9D-DD89943A0051}.Unicode Debug|Win32.Build.0 = Unicode Debug|Win32
		{58CB7479-42C1-4A3D-AF9D-DD89943A0051}.Unicode Release|Win32.ActiveCfg = Unicode Release|Win32
		{58CB7479-42C1-4A3D-AF9D-DD89943A0051}.Unicode Release|Win32.Build.0 = Unicode Release|Win32
		{58CB7479-42C1-4A3D-AF9D-DD89943A0051}.Universal Debug|Win32.ActiveCfg = Universal Debug|Win32
		{58CB7479-42C1-4A3D-AF9D-DD89943A0051}.Universal Debug|Win32.Build.0 = Universal Debug|Win32
		{58CB7479-42C1-4A3D-AF9D-DD89943A0051}.Universal Release|Win32.ActiveCfg = Universal Release|Win32
		{58CB7479-42C1-4A3D-AF9D-DD89943A0051}.Universal Release|Win32.Build.0 = Universal Release|Win32
		{58CB7479-42C1-4A3D-AF9D-DD89943A0051}.Universal Unicode Debug|Win32.ActiveCfg = Universal Unicode Debug|Win32
		{58CB7479-42C1-4A3D-AF9D-DD89943A0051}.Universal Unicode Debug|Win32.Build.0 = Universal Unicode Debug|Win32
		{58CB7479-42C1-4A3D-AF9D-DD89943A0051}.Universal Unicode Release|Win32.ActiveCfg = Universal Unicode Release|Win32
		{58CB7479-42C1-4A3D-AF9D-DD89943A0051}.Universal Unicode Release|Win32.Build.0 = Universal Unicode Release|Win32
		{6EC6B247-B0B9-4808-94DD-85D3D6C13ABC}.Debug|Win32.ActiveCfg = Debug|Win32
		{6EC6B247-B0B9-4808-94DD-85D3D6C13ABC}.Debug|Win32.Build.0 = Debug|Win32
		{6EC6B247-B0B9-4808-94DD-85D3D6C13ABC}.DLL Debug|Win32.ActiveCfg = DLL Debug|Win32
		{6EC6B247-B0B9-4808-94DD-85D3D6C13ABC}.DLL Debug|Win32.Build.0 = DLL Debug|Win32
		{6EC6B247-B0B9-4808-94DD-85D3D6C13ABC}.DLL Release|Win32.ActiveCfg = DLL Release|Win32
		{6EC6B247-B0B9-4808-94DD-85D3D6C13ABC}.DLL Release|Win32.Build.0 = DLL Release|Win32
		{6EC6B247-B0B9-4808-94DD-85D3D6C13ABC}.DLL Unicode Debug|Win32.ActiveCfg = DLL Unicode Debug|Win32
		{6EC6B247-B0B9-4808-94DD-85D3D6C13ABC}.DLL Unicode Debug|Win32.Build.0 = DLL Unicode Debug|Win32
		{6EC6B247-B0B9-4808-94DD-85D3D6C13ABC}.DLL Unicode Release|Win32.ActiveCfg = DLL Unicode Release|Win32
		{6EC6B247-B0B9-4808-94DD-85D3D6C13ABC}.DLL Unicode Release|Win32.Build.0 = DLL Unicode Release|Win32
		{6EC6B247-B0B9-4808-94DD-85D3D6C13ABC}.DLL Universal Debug|Win32.ActiveCfg = DLL Universal Debug|Win32
		{6EC6B247-B0B9-4808-94DD-85D3D6C13ABC}.DLL Universal Debug|Win32.Build.0 = DLL Universal Debug|Win32
		{6EC6B247-B0B9-4808-94DD-85D3D6C13ABC}.DLL Universal Release|Win32.ActiveCfg = DLL Universal Release|Win32
		{6EC6B247-B0B9-4808-94DD-85D3D6C13ABC}.DLL Universal Release|Win32.Build.0 = DLL Universal Release|Win32
		{6EC6B247-B0B9-4808-94DD-85D3D6C13ABC}.DLL Universal Unicode Debug|Win32.ActiveCfg = DLL Universal Unicode Debug|Win32
		{6EC6B247-B0B9-4808-94DD-85D3D6C13ABC}.DLL Universal Unicode Debug|Win32.Build.0 = DLL Universal Unicode Debug|Win32
		{6EC6B247-B0B9-4808-94DD-85D3D6C13ABC}.DLL Universal Unicode Release|Win32.ActiveCfg = DLL Universal Unicode Release|Win32
		{6EC6B247-B0B9-4808-94DD-85D3D6C13ABC}.DLL Universal Unicode Release|Win32.Build.0 = DLL Universal Unicode Release|Win32
		{6EC6B247-B0B9-4808-94DD-85D3D6C13ABC}.Release|Win32.ActiveCfg = Release|Win32
		{6EC6B247-B0B9-4808-94DD-85D3D6C13ABC}.Release|Win32.Build.0 = Release|Win32
		{6EC6B247-B0B9-4808-94DD-85D3D6C13ABC}.Unicode Debug|Win32.ActiveCfg = Unicode Debug|Win32
		{6EC6B247-B0B9-4808-94DD-85D3D6C13ABC}.Unicode Debug|Win32.Build.0 = Unicode Debug|Win32
		{6EC6B247-B0B9-4808-94DD-85D3D6C13ABC}.Unicode Release|Win32.ActiveCfg = Unicode Release|Win32
		{6EC6B247-B0B9-4808-94DD-85D3D6C13ABC}.Unicode Release|Win32.Build.0 = Unicode Release|Win32
		{6EC6B247-B0B9-4808-94DD-85D3D6C13ABC}.Universal Debug|Win32.ActiveCfg = Universal Debug|Win32
		{6EC6B247-B0B9-4808-94DD-85D3D6C13ABC}.Universal Debug|Win32.Build.0 = Universal Debug|Win32
		{6EC6B247-B0B9-4808-94DD-85D3D6C13ABC}.Universal Release|Win32.ActiveCfg = Universal Release|Win32
		{6EC6B247-B0B9-4808-94DD-85D3D6C13ABC}.Universal Release|Win32.Build.0 = Universal Release|Win32
		{6EC6B247-B0B9-4808-94DD-85D3D6C13ABC}.Universal Unicode Debug|Win32.ActiveCfg = Universal Unicode Debug|Win32
		{6EC6B247-B0B9-4808-94DD-85D3D6C13ABC}.Universal Unicode Debug|Win32.Build.0 = Universal Unicode Debug|Win32
		{6EC6B247-B0B9-4808-94DD-85D3D6C13ABC}.Universal Unicode Release|Win32.ActiveCfg = Universal Unicode Release|Win32
		{6EC6B247-B0B9-4808-94DD-85D3D6C13ABC}.Universal Unicode Release|Win32.Build.0 = Universal Unicode Release|Win32
		{026DD97A-A1CF-40D9-A652-56A2C6A47CF2}.Debug|Win32.ActiveCfg = Debug|Win32
		{026DD97A-A1CF-40D9-A652-56A2C6A47CF2}.Debug|Win32.Build.0 = Debug|Win32
		{026DD97A-A1CF-40D9-A652-56A2C6A47CF2}.DLL Debug|Win32.ActiveCfg = Debug|Win32
		{026DD97A-A1CF-40D9-A652-56A2C6A47CF2}.DLL Debug|Win32.Build.0 = Debug|Win32
		{026DD97A-A1CF-40D9-A652-56A2C6A47CF2}.DLL Release|Win32.ActiveCfg = Release|Win32
		{026DD97A-A1CF-40D9-A652-56A2C6A47CF2}.DLL Release|Win32.Build.0 = Release|Win32
		{026DD97A-A1CF-40D9-A652-56A2C6A47CF2}.DLL Unicode Debug|Win32.ActiveCfg = Debug|Win32
		{026DD97A-A1CF-40D9-A652-56A2C6A47CF2}.DLL Unicode Debug|Win32.Build.0 = Debug|Win32
		{026DD97A-A1CF-40D9-A652-56A2C6A47CF2}.DLL Unicode Release|Win32.ActiveCfg = Release|Win32
		{026DD97A-A1CF-40D9-A652-56A2C6A47CF2}.DLL Unicode Release|Win32.Build.0 = Release|Win32
		{026DD97A-A1CF-40D9-A652-56A2C6A47CF2}.DLL Universal Debug|Win32.ActiveCfg = Debug|Win32
		{026DD97A-A1CF-40D9-A652-56A2C6A47CF2}.DLL Universal Debug|Win32.Build.0 = Debug|Win32
		{026DD97A-A1CF-40D9-A652-56A2C6A47CF2}.DLL Universal Release|Win32.ActiveCfg = Release|Win32
		{026DD97A-A1CF-40D9-A652-56A2C6A47CF2}.DLL Universal Release|Win32.Build.0 = Release|Win32
		{026DD97A-A1CF-40D9-A652-56A2C6A47CF2}.DLL Universal Unicode Debug|Win32.ActiveCfg = Debug|Win32
		{026DD97A-A1CF-40D9-A652-56A2C6A47CF2}.DLL Universal Unicode Debug|Win32.Build.0 = Debug|Win32
		{026DD97A-A1CF-40D9-A652-56A2C6A47CF2}.DLL Universal Unicode Release|Win32.ActiveCfg = Release|Win32
		{026DD97A-A1CF-40D9-A652-56A2C6A47CF2}.DLL Universal Unicode Release|Win32.Build.0 = Release|Win32
		{026DD97A-A1CF-40D9-A652-56A2C6A47CF2}.Release|Win32.ActiveCfg = Release|Win32
		{026DD97A-A1CF-40D9-A652-56A2C6A47CF2}.Release|Win32.Build.0 = Release|Win32
		{026DD97A-A1CF-40D9-A652-56A2C6A47CF2}.Unicode Debug|Win32.ActiveCfg = Debug|Win32
		{026DD97A-A1CF-40D9-A652-56A2C6A47CF2}.Unicode Debug|Win32.Build.0 = Debug|Win32
		{026DD97A-A1CF-40D9-A652-56A2C6A47CF2}.Unicode Release|Win32.ActiveCfg = Release|Win32
		{026DD97A-A1CF-40D9-A652-56A2C6A47CF2}.Unicode Release|Win32.Build.0 = Release|Win32
		{026DD97A-A1CF-40D9-A652-56A2C6A47CF2}.Universal Debug|Win32.ActiveCfg = Debug|Win32
		{026DD97A-A1CF-40D9-A652-56A2C6A47CF2}.Universal Debug|Win32.Build.0 = Debug|Win32
		{026DD97A-A1CF-40D9-A652-56A2C6A47CF2}.Universal Release|Win32.ActiveCfg = Release|Win32
		{026DD97A-A1CF-40D9-A652-56A2C6A47CF2}.Universal Release|Win32.Build.0 = Release|Win32
		{026DD97A-A1CF-40D9-A652-56A2C6A47CF2}.Universal Unicode Debug|Win32.ActiveCfg = Debug|Win32
		{026DD97A-A1CF-40D9-A652-56A2C6A47CF2}.Universal Unicode Debug|Win32.Build.0 = Debug|Win32
		{026DD97A-A1CF-40D9-A652-56A2C6A47CF2}.Universal Unicode Release|Win32.ActiveCfg = Release|Win32
		{026DD97A-A1CF-40D9-A652-56A2C6A47CF2}.Universal Unicode Release|Win32.Build.0 = Release|Win32
		{C6614F59-928D-4A72-B21B-9AB7B1211283}.Debug|Win32.ActiveCfg = Debug|Win32
		{C6614F59-928D-4A72-B21B-9AB7B1211283}.Debug|Win32.Build.0 = Debug|Win32
		{C6614F59-928D-4A72-B21B-9AB7B1211283}.DLL Debug|Win32.ActiveCfg = Debug|Win32
		{C6614F59-928D-4A72-B21B-9AB7B1211283}.DLL Debug|Win32.Build.0 = Debug|Win32
		{C6614F59-928D-4A72-B21B-9AB7B1211283}.DLL Release|Win32.ActiveCfg = Release|Win32
		{C6614F59-928D-4A72-B21B-9AB7B1211283}.DLL Release|Win32.Build.0 = Release|Win32
		{C6614F59-928D-4A72-B21B-9AB7B1211283}.DLL Unicode Debug|Win32.ActiveCfg = Debug|Win32
		{C6614F59-928D-4A72-B21B-9AB7B1211283}.DLL Unicode Debug|Win32.Build.0 = Debug|Win32
		{C6614F59-928D-4A72-B21B-9AB7B1211283}.DLL Unicode Release|Win32.ActiveCfg = Release|Win32
		{C6614F59-928D-4A72-B21B-9AB7B1211283}.DLL Unicode Release|Win32.Build.0 = Release|Win32
		{C6614F59-928D-4A72-B21B-9AB7B1211283}.DLL Universal Debug|Win32.ActiveCfg = Debug|Win32
		{C6614F59-928D-4A72-B21B-9AB7B1211283}.DLL Universal Debug|Win32.Build.0 = Debug|Win32
		{C6614F59-928D-4A72-B21B-9AB7B1211283}.DLL Universal Release|Win32.ActiveCfg = Release|Win32
		{C6614F59-928D-4A72-B21B-9AB7B1211283}.DLL Universal Release|Win32.Build.0 = Release|Win32
		{C6614F59-928D-4A72-B21B-9AB7B1211283}.DLL Universal Unicode Debug|Win32.ActiveCfg = Debug|Win32
		{C6614F59-928D-4A72-B21B-9AB7B1211283}.DLL Universal Unicode Debug|Win32.Build.0 = Debug|Win32
		{C6614F59-928D-4A72-B21B-9AB7B1211283}.DLL Universal Unicode Release|Win32.ActiveCfg = Release|Win32
		{C6614F59-928D-4A72-B21B-9AB7B1211283}.DLL Universal Unicode Release|Win32.Build.0 = Release|Win32
		{C6614F59-928D-4A72-B21B-9AB7B1211283}.Release|Win32.ActiveCfg = Release|Win32
		{C6614F59-928D-4A72-B21B-9AB7B1211283}.Release|Win32.Build.0 = Release|Win32
		{C6614F59-928D-4A72-B21B-9AB7B1211283}.Unicode Debug|Win32.ActiveCfg = Debug|Win32
		{C6614F59-928D-4A72-B21B-9AB7B1211283}.Unicode Debug|Win32.Build.0 = Debug|Win32
		{C6614F59-928D-4A72-B21B-9AB7B1211283}.Unicode Release|Win32.ActiveCfg = Release|Win32
		{C6614F59-928D-4A72-B21B-9AB7B1211283}.Unicode Release|Win32.Build.0 = Release|Win32
		{C6614F59-928D-4A72-B21B-9AB7B1211283}.Universal Debug|Win32.ActiveCfg = Debug|Win32
		{C6614F59-928D-4A72-B21B-9AB7B1211283}.Universal Debug|Win32.Build.0 = Debug|Win32
		{C6614F59-928D-4A72-B21B-9AB7B1211283}.Universal Release|Win32.ActiveCfg = Release|Win32
		{C6614F59-928D-4A72-B21B-9AB7B1211283}.Universal Release|Win32.Build.0 = Release|Win32
		{C6614F59-928D-4A72-B21B-9AB7B1211283}.Universal Unicode Debug|Win32.ActiveCfg = Debug|Win32
		{C6614F59-928D-4A72-B21B-9AB7B1211283}.Universal Unicode Debug|Win32.Build.0 = Debug|Win32
		{C6614F59-928D-4A72-B21B-9AB7B1211283}.Universal Unicode Release|Win32.ActiveCfg = Release|Win32
		{C6614F59-928D-4A72-B21B-9AB7B1211283}.Universal Unicode Release|Win32.Build.0 = Release|Win32
	EndGlobalSection
	GlobalSection(SolutionProperties) = preSolution
		HideSolutionNode = FALSE
	EndGlobalSection
	GlobalSection(NestedProjects) = preSolution
		{7E602DBF-D2F0-4FEE-B1B9-EE22859A8B0E} = {B99D614A-CDDA-4A23-81E7-539932A29860}
		{9859476C-81E7-44E6-8515-93253850DB4C} = {B99D614A-CDDA-4A23-81E7-539932A29860}
		{026DD97A-A1CF-40D9-A652-56A2C6A47CF2} = {B99D614A-CDDA-4A23-81E7-539932A29860}
		{C6614F59-928D-4A72-B21B-9AB7B1211283} = {B99D614A-CDDA-4A23-81E7-539932A29860}
		{0264F668-0FEA-44B2-AA6A-B560D4FDEC73} = {9859476C-81E7-44E6-8515-93253850DB4C}
		{21EDDC0F-C9DF-4E3A-946D-CF24F7D60F2C} = {9859476C-81E7-44E6-8515-93253850DB4C}
		{AD674477-C9BC-4E46-8433-17AF206E9A3F} = {21EDDC0F-C9DF-4E3A-946D-CF24F7D60F2C}
		{D014496F-0F76-4A57-9F8F-CFF8A569D6AC} = {21EDDC0F-C9DF-4E3A-946D-CF24F7D60F2C}
		{F6B88FE2-C09D-4AC6-A9C0-FA7A809BE5F0} = {21EDDC0F-C9DF-4E3A-946D-CF24F7D60F2C}
		{7BA8DC77-BD06-4A0C-878C-1FE16FCF1969} = {21EDDC0F-C9DF-4E3A-946D-CF24F7D60F2C}
		{B6AA3B28-6E3E-40FA-9EE4-0D8AFE14BCFA} = {21EDDC0F-C9DF-4E3A-946D-CF24F7D60F2C}
		{F2EA407C-ACFB-4925-916B-2F2E0717AC0A} = {21EDDC0F-C9DF-4E3A-946D-CF24F7D60F2C}
		{DD3F8E21-24EB-48DA-8F6E-864B48324371} = {21EDDC0F-C9DF-4E3A-946D-CF24F7D60F2C}
		{13867B9C-A389-44C8-A344-9873E0F23EB5} = {21EDDC0F-C9DF-4E3A-946D-CF24F7D60F2C}
		{6FDBEAF9-9E6D-4D59-9E6B-772001313F03} = {21EDDC0F-C9DF-4E3A-946D-CF24F7D60F2C}
		{1DD2DCA0-D245-4FE0-AF66-3B80CBBF2AF3} = {21EDDC0F-C9DF-4E3A-946D-CF24F7D60F2C}
		{A45DCEC5-EC51-4AC8-87CF-3FAD3B568E91} = {21EDDC0F-C9DF-4E3A-946D-CF24F7D60F2C}
		{2F0362F3-9148-4B51-BC90-5D8A2BCC45EA} = {21EDDC0F-C9DF-4E3A-946D-CF24F7D60F2C}
		{483BCC4F-4850-48E1-9F92-D1945FE47F1A} = {21EDDC0F-C9DF-4E3A-946D-CF24F7D60F2C}
		{0692891D-87A4-45CF-8029-18F4AC9DFBFB} = {21EDDC0F-C9DF-4E3A-946D-CF24F7D60F2C}
		{95F33FA9-4DAE-4FA2-8CDD-8C1E9483774D} = {21EDDC0F-C9DF-4E3A-946D-CF24F7D60F2C}
		{95275C55-28B7-4FD7-B28B-4ACE7A182F89} = {21EDDC0F-C9DF-4E3A-946D-CF24F7D60F2C}
		{1B8ED247-6F14-4D88-8FEF-7F3A6E965150} = {21EDDC0F-C9DF-4E3A-946D-CF24F7D60F2C}
		{061B4312-50DC-441E-96EE-3AC00C2773A4} = {21EDDC0F-C9DF-4E3A-946D-CF24F7D60F2C}
		{58CB7479-42C1-4A3D-AF9D-DD89943A0051} = {21EDDC0F-C9DF-4E3A-946D-CF24F7D60F2C}
		{6EC6B247-B0B9-4808-94DD-85D3D6C13ABC} = {21EDDC0F-C9DF-4E3A-946D-CF24F7D60F2C}
	EndGlobalSection
EndGlobal
