
Microsoft Visual Studio Solution File, Format Version 10.00
# Visual Studio 2008
Project("{8BC9CEB8-8B4A-11D0-8D11-00A0C91BC942}") = "orange-grass", "orange-grass.vcproj", "{D80E209F-FE3D-41C6-B2C3-5B20A687BBF8}"
	ProjectSection(ProjectDependencies) = postProject
		{62848574-5733-4E61-9FED-FBC64E02D50C} = {62848574-5733-4E61-9FED-FBC64E02D50C}
		{BD6D0094-C867-4592-A37D-138A36A91D58} = {BD6D0094-C867-4592-A37D-138A36A91D58}
		{CD6D0094-C867-4592-A37D-138A36A91D58} = {CD6D0094-C867-4592-A37D-138A36A91D58}
		{8D9287B3-0AC5-434C-BDD4-F78B40254471} = {8D9287B3-0AC5-434C-BDD4-F78B40254471}
		{758886E9-155C-4D71-B472-928B522E5E35} = {758886E9-155C-4D71-B472-928B522E5E35}
	EndProjectSection
EndProject
Project("{8BC9CEB8-8B4A-11D0-8D11-00A0C91BC942}") = "og", "..\..\..\engine\og.vcproj", "{8D9287B3-0AC5-434C-BDD4-F78B40254471}"
	ProjectSection(ProjectDependencies) = postProject
		{62848574-5733-4E61-9FED-FBC64E02D50C} = {62848574-5733-4E61-9FED-FBC64E02D50C}
		{BD6D0094-C867-4592-A37D-138A36A91D58} = {BD6D0094-C867-4592-A37D-138A36A91D58}
		{CD6D0094-C867-4592-A37D-138A36A91D58} = {CD6D0094-C867-4592-A37D-138A36A91D58}
		{758886E9-155C-4D71-B472-928B522E5E35} = {758886E9-155C-4D71-B472-928B522E5E35}
	EndProjectSection
EndProject
Project("{8BC9CEB8-8B4A-11D0-8D11-00A0C91BC942}") = "lua", "..\..\..\engine\sdk\lua\lua.vcproj", "{BD6D0094-C867-4592-A37D-138A36A91D58}"
EndProject
Project("{8BC9CEB8-8B4A-11D0-8D11-00A0C91BC942}") = "tinyxml", "..\..\..\engine\sdk\tinyxml\tinyxml.vcproj", "{62848574-5733-4E61-9FED-FBC64E02D50C}"
EndProject
Project("{2150E333-8FDC-42A3-9474-1A3956D46DE8}") = "SDK", "SDK", "{E0A25BE8-43D3-4DD2-992A-EE8D4A5CF018}"
EndProject
Project("{8BC9CEB8-8B4A-11D0-8D11-00A0C91BC942}") = "PVR", "..\..\..\engine\sdk\PVR\PVR.vcproj", "{758886E9-155C-4D71-B472-928B522E5E35}"
	ProjectSection(ProjectDependencies) = postProject
		{62848574-5733-4E61-9FED-FBC64E02D50C} = {62848574-5733-4E61-9FED-FBC64E02D50C}
		{BD6D0094-C867-4592-A37D-138A36A91D58} = {BD6D0094-C867-4592-A37D-138A36A91D58}
		{CD6D0094-C867-4592-A37D-138A36A91D58} = {CD6D0094-C867-4592-A37D-138A36A91D58}
	EndProjectSection
EndProject
Project("{8BC9CEB8-8B4A-11D0-8D11-00A0C91BC942}") = "stlport", "..\..\..\engine\sdk\STLport-5.2.1\src\stlport.vcproj", "{CD6D0094-C867-4592-A37D-138A36A91D58}"
EndProject
Global
	GlobalSection(SolutionConfigurationPlatforms) = preSolution
		Debug|Win32 = Debug|Win32
		DLL Debug|Win32 = DLL Debug|Win32
		DLL Release|Win32 = DLL Release|Win32
		DLL Unicode Debug|Win32 = DLL Unicode Debug|Win32
		DLL Unicode Release|Win32 = DLL Unicode Release|Win32
		DLL Universal Debug|Win32 = DLL Universal Debug|Win32
		DLL Universal Release|Win32 = DLL Universal Release|Win32
		DLL Universal Unicode Debug|Win32 = DLL Universal Unicode Debug|Win32
		DLL Universal Unicode Release|Win32 = DLL Universal Unicode Release|Win32
		Release|Win32 = Release|Win32
		Unicode Debug|Win32 = Unicode Debug|Win32
		Unicode Release|Win32 = Unicode Release|Win32
		Universal Debug|Win32 = Universal Debug|Win32
		Universal Release|Win32 = Universal Release|Win32
		Universal Unicode Debug|Win32 = Universal Unicode Debug|Win32
		Universal Unicode Release|Win32 = Universal Unicode Release|Win32
	EndGlobalSection
	GlobalSection(ProjectConfigurationPlatforms) = postSolution
		{D80E209F-FE3D-41C6-B2C3-5B20A687BBF8}.Debug|Win32.ActiveCfg = Debug|Win32
		{D80E209F-FE3D-41C6-B2C3-5B20A687BBF8}.Debug|Win32.Build.0 = Debug|Win32
		{D80E209F-FE3D-41C6-B2C3-5B20A687BBF8}.DLL Debug|Win32.ActiveCfg = Debug|Win32
		{D80E209F-FE3D-41C6-B2C3-5B20A687BBF8}.DLL Debug|Win32.Build.0 = Debug|Win32
		{D80E209F-FE3D-41C6-B2C3-5B20A687BBF8}.DLL Release|Win32.ActiveCfg = Release|Win32
		{D80E209F-FE3D-41C6-B2C3-5B20A687BBF8}.DLL Release|Win32.Build.0 = Release|Win32
		{D80E209F-FE3D-41C6-B2C3-5B20A687BBF8}.DLL Unicode Debug|Win32.ActiveCfg = Debug|Win32
		{D80E209F-FE3D-41C6-B2C3-5B20A687BBF8}.DLL Unicode Debug|Win32.Build.0 = Debug|Win32
		{D80E209F-FE3D-41C6-B2C3-5B20A687BBF8}.DLL Unicode Release|Win32.ActiveCfg = Release|Win32
		{D80E209F-FE3D-41C6-B2C3-5B20A687BBF8}.DLL Unicode Release|Win32.Build.0 = Release|Win32
		{D80E209F-FE3D-41C6-B2C3-5B20A687BBF8}.DLL Universal Debug|Win32.ActiveCfg = Debug|Win32
		{D80E209F-FE3D-41C6-B2C3-5B20A687BBF8}.DLL Universal Debug|Win32.Build.0 = Debug|Win32
		{D80E209F-FE3D-41C6-B2C3-5B20A687BBF8}.DLL Universal Release|Win32.ActiveCfg = Release|Win32
		{D80E209F-FE3D-41C6-B2C3-5B20A687BBF8}.DLL Universal Release|Win32.Build.0 = Release|Win32
		{D80E209F-FE3D-41C6-B2C3-5B20A687BBF8}.DLL Universal Unicode Debug|Win32.ActiveCfg = Debug|Win32
		{D80E209F-FE3D-41C6-B2C3-5B20A687BBF8}.DLL Universal Unicode Debug|Win32.Build.0 = Debug|Win32
		{D80E209F-FE3D-41C6-B2C3-5B20A687BBF8}.DLL Universal Unicode Release|Win32.ActiveCfg = Release|Win32
		{D80E209F-FE3D-41C6-B2C3-5B20A687BBF8}.DLL Universal Unicode Release|Win32.Build.0 = Release|Win32
		{D80E209F-FE3D-41C6-B2C3-5B20A687BBF8}.Release|Win32.ActiveCfg = Release|Win32
		{D80E209F-FE3D-41C6-B2C3-5B20A687BBF8}.Release|Win32.Build.0 = Release|Win32
		{D80E209F-FE3D-41C6-B2C3-5B20A687BBF8}.Unicode Debug|Win32.ActiveCfg = Debug|Win32
		{D80E209F-FE3D-41C6-B2C3-5B20A687BBF8}.Unicode Debug|Win32.Build.0 = Debug|Win32
		{D80E209F-FE3D-41C6-B2C3-5B20A687BBF8}.Unicode Release|Win32.ActiveCfg = Release|Win32
		{D80E209F-FE3D-41C6-B2C3-5B20A687BBF8}.Unicode Release|Win32.Build.0 = Release|Win32
		{D80E209F-FE3D-41C6-B2C3-5B20A687BBF8}.Universal Debug|Win32.ActiveCfg = Debug|Win32
		{D80E209F-FE3D-41C6-B2C3-5B20A687BBF8}.Universal Debug|Win32.Build.0 = Debug|Win32
		{D80E209F-FE3D-41C6-B2C3-5B20A687BBF8}.Universal Release|Win32.ActiveCfg = Release|Win32
		{D80E209F-FE3D-41C6-B2C3-5B20A687BBF8}.Universal Release|Win32.Build.0 = Release|Win32
		{D80E209F-FE3D-41C6-B2C3-5B20A687BBF8}.Universal Unicode Debug|Win32.ActiveCfg = Debug|Win32
		{D80E209F-FE3D-41C6-B2C3-5B20A687BBF8}.Universal Unicode Debug|Win32.Build.0 = Debug|Win32
		{D80E209F-FE3D-41C6-B2C3-5B20A687BBF8}.Universal Unicode Release|Win32.ActiveCfg = Release|Win32
		{D80E209F-FE3D-41C6-B2C3-5B20A687BBF8}.Universal Unicode Release|Win32.Build.0 = Release|Win32
		{8D9287B3-0AC5-434C-BDD4-F78B40254471}.Debug|Win32.ActiveCfg = Debug|Win32
		{8D9287B3-0AC5-434C-BDD4-F78B40254471}.Debug|Win32.Build.0 = Debug|Win32
		{8D9287B3-0AC5-434C-BDD4-F78B40254471}.DLL Debug|Win32.ActiveCfg = Debug|Win32
		{8D9287B3-0AC5-434C-BDD4-F78B40254471}.DLL Debug|Win32.Build.0 = Debug|Win32
		{8D9287B3-0AC5-434C-BDD4-F78B40254471}.DLL Release|Win32.ActiveCfg = Release|Win32
		{8D9287B3-0AC5-434C-BDD4-F78B40254471}.DLL Release|Win32.Build.0 = Release|Win32
		{8D9287B3-0AC5-434C-BDD4-F78B40254471}.DLL Unicode Debug|Win32.ActiveCfg = Debug|Win32
		{8D9287B3-0AC5-434C-BDD4-F78B40254471}.DLL Unicode Debug|Win32.Build.0 = Debug|Win32
		{8D9287B3-0AC5-434C-BDD4-F78B40254471}.DLL Unicode Release|Win32.ActiveCfg = Release|Win32
		{8D9287B3-0AC5-434C-BDD4-F78B40254471}.DLL Unicode Release|Win32.Build.0 = Release|Win32
		{8D9287B3-0AC5-434C-BDD4-F78B40254471}.DLL Universal Debug|Win32.ActiveCfg = Debug|Win32
		{8D9287B3-0AC5-434C-BDD4-F78B40254471}.DLL Universal Debug|Win32.Build.0 = Debug|Win32
		{8D9287B3-0AC5-434C-BDD4-F78B40254471}.DLL Universal Release|Win32.ActiveCfg = Release|Win32
		{8D9287B3-0AC5-434C-BDD4-F78B40254471}.DLL Universal Release|Win32.Build.0 = Release|Win32
		{8D9287B3-0AC5-434C-BDD4-F78B40254471}.DLL Universal Unicode Debug|Win32.ActiveCfg = Debug|Win32
		{8D9287B3-0AC5-434C-BDD4-F78B40254471}.DLL Universal Unicode Debug|Win32.Build.0 = Debug|Win32
		{8D9287B3-0AC5-434C-BDD4-F78B40254471}.DLL Universal Unicode Release|Win32.ActiveCfg = Release|Win32
		{8D9287B3-0AC5-434C-BDD4-F78B40254471}.DLL Universal Unicode Release|Win32.Build.0 = Release|Win32
		{8D9287B3-0AC5-434C-BDD4-F78B40254471}.Release|Win32.ActiveCfg = Release|Win32
		{8D9287B3-0AC5-434C-BDD4-F78B40254471}.Release|Win32.Build.0 = Release|Win32
		{8D9287B3-0AC5-434C-BDD4-F78B40254471}.Unicode Debug|Win32.ActiveCfg = Debug|Win32
		{8D9287B3-0AC5-434C-BDD4-F78B40254471}.Unicode Debug|Win32.Build.0 = Debug|Win32
		{8D9287B3-0AC5-434C-BDD4-F78B40254471}.Unicode Release|Win32.ActiveCfg = Release|Win32
		{8D9287B3-0AC5-434C-BDD4-F78B40254471}.Unicode Release|Win32.Build.0 = Release|Win32
		{8D9287B3-0AC5-434C-BDD4-F78B40254471}.Universal Debug|Win32.ActiveCfg = Debug|Win32
		{8D9287B3-0AC5-434C-BDD4-F78B40254471}.Universal Debug|Win32.Build.0 = Debug|Win32
		{8D9287B3-0AC5-434C-BDD4-F78B40254471}.Universal Release|Win32.ActiveCfg = Release|Win32
		{8D9287B3-0AC5-434C-BDD4-F78B40254471}.Universal Release|Win32.Build.0 = Release|Win32
		{8D9287B3-0AC5-434C-BDD4-F78B40254471}.Universal Unicode Debug|Win32.ActiveCfg = Debug|Win32
		{8D9287B3-0AC5-434C-BDD4-F78B40254471}.Universal Unicode Debug|Win32.Build.0 = Debug|Win32
		{8D9287B3-0AC5-434C-BDD4-F78B40254471}.Universal Unicode Release|Win32.ActiveCfg = Release|Win32
		{8D9287B3-0AC5-434C-BDD4-F78B40254471}.Universal Unicode Release|Win32.Build.0 = Release|Win32
		{BD6D0094-C867-4592-A37D-138A36A91D58}.Debug|Win32.ActiveCfg = Debug|Win32
		{BD6D0094-C867-4592-A37D-138A36A91D58}.Debug|Win32.Build.0 = Debug|Win32
		{BD6D0094-C867-4592-A37D-138A36A91D58}.DLL Debug|Win32.ActiveCfg = Debug|Win32
		{BD6D0094-C867-4592-A37D-138A36A91D58}.DLL Debug|Win32.Build.0 = Debug|Win32
		{BD6D0094-C867-4592-A37D-138A36A91D58}.DLL Release|Win32.ActiveCfg = Release|Win32
		{BD6D0094-C867-4592-A37D-138A36A91D58}.DLL Release|Win32.Build.0 = Release|Win32
		{BD6D0094-C867-4592-A37D-138A36A91D58}.DLL Unicode Debug|Win32.ActiveCfg = Debug|Win32
		{BD6D0094-C867-4592-A37D-138A36A91D58}.DLL Unicode Debug|Win32.Build.0 = Debug|Win32
		{BD6D0094-C867-4592-A37D-138A36A91D58}.DLL Unicode Release|Win32.ActiveCfg = Release|Win32
		{BD6D0094-C867-4592-A37D-138A36A91D58}.DLL Unicode Release|Win32.Build.0 = Release|Win32
		{BD6D0094-C867-4592-A37D-138A36A91D58}.DLL Universal Debug|Win32.ActiveCfg = Debug|Win32
		{BD6D0094-C867-4592-A37D-138A36A91D58}.DLL Universal Debug|Win32.Build.0 = Debug|Win32
		{BD6D0094-C867-4592-A37D-138A36A91D58}.DLL Universal Release|Win32.ActiveCfg = Release|Win32
		{BD6D0094-C867-4592-A37D-138A36A91D58}.DLL Universal Release|Win32.Build.0 = Release|Win32
		{BD6D0094-C867-4592-A37D-138A36A91D58}.DLL Universal Unicode Debug|Win32.ActiveCfg = Debug|Win32
		{BD6D0094-C867-4592-A37D-138A36A91D58}.DLL Universal Unicode Debug|Win32.Build.0 = Debug|Win32
		{BD6D0094-C867-4592-A37D-138A36A91D58}.DLL Universal Unicode Release|Win32.ActiveCfg = Release|Win32
		{BD6D0094-C867-4592-A37D-138A36A91D58}.DLL Universal Unicode Release|Win32.Build.0 = Release|Win32
		{BD6D0094-C867-4592-A37D-138A36A91D58}.Release|Win32.ActiveCfg = Release|Win32
		{BD6D0094-C867-4592-A37D-138A36A91D58}.Release|Win32.Build.0 = Release|Win32
		{BD6D0094-C867-4592-A37D-138A36A91D58}.Unicode Debug|Win32.ActiveCfg = Debug|Win32
		{BD6D0094-C867-4592-A37D-138A36A91D58}.Unicode Debug|Win32.Build.0 = Debug|Win32
		{BD6D0094-C867-4592-A37D-138A36A91D58}.Unicode Release|Win32.ActiveCfg = Release|Win32
		{BD6D0094-C867-4592-A37D-138A36A91D58}.Unicode Release|Win32.Build.0 = Release|Win32
		{BD6D0094-C867-4592-A37D-138A36A91D58}.Universal Debug|Win32.ActiveCfg = Debug|Win32
		{BD6D0094-C867-4592-A37D-138A36A91D58}.Universal Debug|Win32.Build.0 = Debug|Win32
		{BD6D0094-C867-4592-A37D-138A36A91D58}.Universal Release|Win32.ActiveCfg = Release|Win32
		{BD6D0094-C867-4592-A37D-138A36A91D58}.Universal Release|Win32.Build.0 = Release|Win32
		{BD6D0094-C867-4592-A37D-138A36A91D58}.Universal Unicode Debug|Win32.ActiveCfg = Debug|Win32
		{BD6D0094-C867-4592-A37D-138A36A91D58}.Universal Unicode Debug|Win32.Build.0 = Debug|Win32
		{BD6D0094-C867-4592-A37D-138A36A91D58}.Universal Unicode Release|Win32.ActiveCfg = Release|Win32
		{BD6D0094-C867-4592-A37D-138A36A91D58}.Universal Unicode Release|Win32.Build.0 = Release|Win32
		{62848574-5733-4E61-9FED-FBC64E02D50C}.Debug|Win32.ActiveCfg = Debug|Win32
		{62848574-5733-4E61-9FED-FBC64E02D50C}.Debug|Win32.Build.0 = Debug|Win32
		{62848574-5733-4E61-9FED-FBC64E02D50C}.DLL Debug|Win32.ActiveCfg = Debug|Win32
		{62848574-5733-4E61-9FED-FBC64E02D50C}.DLL Debug|Win32.Build.0 = Debug|Win32
		{62848574-5733-4E61-9FED-FBC64E02D50C}.DLL Release|Win32.ActiveCfg = Release|Win32
		{62848574-5733-4E61-9FED-FBC64E02D50C}.DLL Release|Win32.Build.0 = Release|Win32
		{62848574-5733-4E61-9FED-FBC64E02D50C}.DLL Unicode Debug|Win32.ActiveCfg = Debug|Win32
		{62848574-5733-4E61-9FED-FBC64E02D50C}.DLL Unicode Debug|Win32.Build.0 = Debug|Win32
		{62848574-5733-4E61-9FED-FBC64E02D50C}.DLL Unicode Release|Win32.ActiveCfg = Release|Win32
		{62848574-5733-4E61-9FED-FBC64E02D50C}.DLL Unicode Release|Win32.Build.0 = Release|Win32
		{62848574-5733-4E61-9FED-FBC64E02D50C}.DLL Universal Debug|Win32.ActiveCfg = Debug|Win32
		{62848574-5733-4E61-9FED-FBC64E02D50C}.DLL Universal Debug|Win32.Build.0 = Debug|Win32
		{62848574-5733-4E61-9FED-FBC64E02D50C}.DLL Universal Release|Win32.ActiveCfg = Release|Win32
		{62848574-5733-4E61-9FED-FBC64E02D50C}.DLL Universal Release|Win32.Build.0 = Release|Win32
		{62848574-5733-4E61-9FED-FBC64E02D50C}.DLL Universal Unicode Debug|Win32.ActiveCfg = Debug|Win32
		{62848574-5733-4E61-9FED-FBC64E02D50C}.DLL Universal Unicode Debug|Win32.Build.0 = Debug|Win32
		{62848574-5733-4E61-9FED-FBC64E02D50C}.DLL Universal Unicode Release|Win32.ActiveCfg = Release|Win32
		{62848574-5733-4E61-9FED-FBC64E02D50C}.DLL Universal Unicode Release|Win32.Build.0 = Release|Win32
		{62848574-5733-4E61-9FED-FBC64E02D50C}.Release|Win32.ActiveCfg = Release|Win32
		{62848574-5733-4E61-9FED-FBC64E02D50C}.Release|Win32.Build.0 = Release|Win32
		{62848574-5733-4E61-9FED-FBC64E02D50C}.Unicode Debug|Win32.ActiveCfg = Debug|Win32
		{62848574-5733-4E61-9FED-FBC64E02D50C}.Unicode Debug|Win32.Build.0 = Debug|Win32
		{62848574-5733-4E61-9FED-FBC64E02D50C}.Unicode Release|Win32.ActiveCfg = Release|Win32
		{62848574-5733-4E61-9FED-FBC64E02D50C}.Unicode Release|Win32.Build.0 = Release|Win32
		{62848574-5733-4E61-9FED-FBC64E02D50C}.Universal Debug|Win32.ActiveCfg = Debug|Win32
		{62848574-5733-4E61-9FED-FBC64E02D50C}.Universal Debug|Win32.Build.0 = Debug|Win32
		{62848574-5733-4E61-9FED-FBC64E02D50C}.Universal Release|Win32.ActiveCfg = Release|Win32
		{62848574-5733-4E61-9FED-FBC64E02D50C}.Universal Release|Win32.Build.0 = Release|Win32
		{62848574-5733-4E61-9FED-FBC64E02D50C}.Universal Unicode Debug|Win32.ActiveCfg = Debug|Win32
		{62848574-5733-4E61-9FED-FBC64E02D50C}.Universal Unicode Debug|Win32.Build.0 = Debug|Win32
		{62848574-5733-4E61-9FED-FBC64E02D50C}.Universal Unicode Release|Win32.ActiveCfg = Release|Win32
		{62848574-5733-4E61-9FED-FBC64E02D50C}.Universal Unicode Release|Win32.Build.0 = Release|Win32
		{758886E9-155C-4D71-B472-928B522E5E35}.Debug|Win32.ActiveCfg = Debug|Win32
		{758886E9-155C-4D71-B472-928B522E5E35}.Debug|Win32.Build.0 = Debug|Win32
		{758886E9-155C-4D71-B472-928B522E5E35}.DLL Debug|Win32.ActiveCfg = Debug|Win32
		{758886E9-155C-4D71-B472-928B522E5E35}.DLL Debug|Win32.Build.0 = Debug|Win32
		{758886E9-155C-4D71-B472-928B522E5E35}.DLL Release|Win32.ActiveCfg = Release|Win32
		{758886E9-155C-4D71-B472-928B522E5E35}.DLL Release|Win32.Build.0 = Release|Win32
		{758886E9-155C-4D71-B472-928B522E5E35}.DLL Unicode Debug|Win32.ActiveCfg = Debug|Win32
		{758886E9-155C-4D71-B472-928B522E5E35}.DLL Unicode Debug|Win32.Build.0 = Debug|Win32
		{758886E9-155C-4D71-B472-928B522E5E35}.DLL Unicode Release|Win32.ActiveCfg = Release|Win32
		{758886E9-155C-4D71-B472-928B522E5E35}.DLL Unicode Release|Win32.Build.0 = Release|Win32
		{758886E9-155C-4D71-B472-928B522E5E35}.DLL Universal Debug|Win32.ActiveCfg = Debug|Win32
		{758886E9-155C-4D71-B472-928B522E5E35}.DLL Universal Debug|Win32.Build.0 = Debug|Win32
		{758886E9-155C-4D71-B472-928B522E5E35}.DLL Universal Release|Win32.ActiveCfg = Release|Win32
		{758886E9-155C-4D71-B472-928B522E5E35}.DLL Universal Release|Win32.Build.0 = Release|Win32
		{758886E9-155C-4D71-B472-928B522E5E35}.DLL Universal Unicode Debug|Win32.ActiveCfg = Debug|Win32
		{758886E9-155C-4D71-B472-928B522E5E35}.DLL Universal Unicode Debug|Win32.Build.0 = Debug|Win32
		{758886E9-155C-4D71-B472-928B522E5E35}.DLL Universal Unicode Release|Win32.ActiveCfg = Release|Win32
		{758886E9-155C-4D71-B472-928B522E5E35}.DLL Universal Unicode Release|Win32.Build.0 = Release|Win32
		{758886E9-155C-4D71-B472-928B522E5E35}.Release|Win32.ActiveCfg = Release|Win32
		{758886E9-155C-4D71-B472-928B522E5E35}.Release|Win32.Build.0 = Release|Win32
		{758886E9-155C-4D71-B472-928B522E5E35}.Unicode Debug|Win32.ActiveCfg = Debug|Win32
		{758886E9-155C-4D71-B472-928B522E5E35}.Unicode Debug|Win32.Build.0 = Debug|Win32
		{758886E9-155C-4D71-B472-928B522E5E35}.Unicode Release|Win32.ActiveCfg = Release|Win32
		{758886E9-155C-4D71-B472-928B522E5E35}.Unicode Release|Win32.Build.0 = Release|Win32
		{758886E9-155C-4D71-B472-928B522E5E35}.Universal Debug|Win32.ActiveCfg = Debug|Win32
		{758886E9-155C-4D71-B472-928B522E5E35}.Universal Debug|Win32.Build.0 = Debug|Win32
		{758886E9-155C-4D71-B472-928B522E5E35}.Universal Release|Win32.ActiveCfg = Release|Win32
		{758886E9-155C-4D71-B472-928B522E5E35}.Universal Release|Win32.Build.0 = Release|Win32
		{758886E9-155C-4D71-B472-928B522E5E35}.Universal Unicode Debug|Win32.ActiveCfg = Debug|Win32
		{758886E9-155C-4D71-B472-928B522E5E35}.Universal Unicode Debug|Win32.Build.0 = Debug|Win32
		{758886E9-155C-4D71-B472-928B522E5E35}.Universal Unicode Release|Win32.ActiveCfg = Release|Win32
		{758886E9-155C-4D71-B472-928B522E5E35}.Universal Unicode Release|Win32.Build.0 = Release|Win32
		{CD6D0094-C867-4592-A37D-138A36A91D58}.Debug|Win32.ActiveCfg = Debug|Win32
		{CD6D0094-C867-4592-A37D-138A36A91D58}.Debug|Win32.Build.0 = Debug|Win32
		{CD6D0094-C867-4592-A37D-138A36A91D58}.DLL Debug|Win32.ActiveCfg = Debug|Win32
		{CD6D0094-C867-4592-A37D-138A36A91D58}.DLL Debug|Win32.Build.0 = Debug|Win32
		{CD6D0094-C867-4592-A37D-138A36A91D58}.DLL Release|Win32.ActiveCfg = Release|Win32
		{CD6D0094-C867-4592-A37D-138A36A91D58}.DLL Release|Win32.Build.0 = Release|Win32
		{CD6D0094-C867-4592-A37D-138A36A91D58}.DLL Unicode Debug|Win32.ActiveCfg = Debug|Win32
		{CD6D0094-C867-4592-A37D-138A36A91D58}.DLL Unicode Debug|Win32.Build.0 = Debug|Win32
		{CD6D0094-C867-4592-A37D-138A36A91D58}.DLL Unicode Release|Win32.ActiveCfg = Release|Win32
		{CD6D0094-C867-4592-A37D-138A36A91D58}.DLL Unicode Release|Win32.Build.0 = Release|Win32
		{CD6D0094-C867-4592-A37D-138A36A91D58}.DLL Universal Debug|Win32.ActiveCfg = Debug|Win32
		{CD6D0094-C867-4592-A37D-138A36A91D58}.DLL Universal Debug|Win32.Build.0 = Debug|Win32
		{CD6D0094-C867-4592-A37D-138A36A91D58}.DLL Universal Release|Win32.ActiveCfg = Release|Win32
		{CD6D0094-C867-4592-A37D-138A36A91D58}.DLL Universal Release|Win32.Build.0 = Release|Win32
		{CD6D0094-C867-4592-A37D-138A36A91D58}.DLL Universal Unicode Debug|Win32.ActiveCfg = Debug|Win32
		{CD6D0094-C867-4592-A37D-138A36A91D58}.DLL Universal Unicode Debug|Win32.Build.0 = Debug|Win32
		{CD6D0094-C867-4592-A37D-138A36A91D58}.DLL Universal Unicode Release|Win32.ActiveCfg = Release|Win32
		{CD6D0094-C867-4592-A37D-138A36A91D58}.DLL Universal Unicode Release|Win32.Build.0 = Release|Win32
		{CD6D0094-C867-4592-A37D-138A36A91D58}.Release|Win32.ActiveCfg = Release|Win32
		{CD6D0094-C867-4592-A37D-138A36A91D58}.Release|Win32.Build.0 = Release|Win32
		{CD6D0094-C867-4592-A37D-138A36A91D58}.Unicode Debug|Win32.ActiveCfg = Debug|Win32
		{CD6D0094-C867-4592-A37D-138A36A91D58}.Unicode Debug|Win32.Build.0 = Debug|Win32
		{CD6D0094-C867-4592-A37D-138A36A91D58}.Unicode Release|Win32.ActiveCfg = Release|Win32
		{CD6D0094-C867-4592-A37D-138A36A91D58}.Unicode Release|Win32.Build.0 = Release|Win32
		{CD6D0094-C867-4592-A37D-138A36A91D58}.Universal Debug|Win32.ActiveCfg = Debug|Win32
		{CD6D0094-C867-4592-A37D-138A36A91D58}.Universal Debug|Win32.Build.0 = Debug|Win32
		{CD6D0094-C867-4592-A37D-138A36A91D58}.Universal Release|Win32.ActiveCfg = Release|Win32
		{CD6D0094-C867-4592-A37D-138A36A91D58}.Universal Release|Win32.Build.0 = Release|Win32
		{CD6D0094-C867-4592-A37D-138A36A91D58}.Universal Unicode Debug|Win32.ActiveCfg = Debug|Win32
		{CD6D0094-C867-4592-A37D-138A36A91D58}.Universal Unicode Debug|Win32.Build.0 = Debug|Win32
		{CD6D0094-C867-4592-A37D-138A36A91D58}.Universal Unicode Release|Win32.ActiveCfg = Release|Win32
		{CD6D0094-C867-4592-A37D-138A36A91D58}.Universal Unicode Release|Win32.Build.0 = Release|Win32
	EndGlobalSection
	GlobalSection(SolutionProperties) = preSolution
		HideSolutionNode = FALSE
	EndGlobalSection
	GlobalSection(NestedProjects) = preSolution
		{62848574-5733-4E61-9FED-FBC64E02D50C} = {E0A25BE8-43D3-4DD2-992A-EE8D4A5CF018}
		{BD6D0094-C867-4592-A37D-138A36A91D58} = {E0A25BE8-43D3-4DD2-992A-EE8D4A5CF018}
		{758886E9-155C-4D71-B472-928B522E5E35} = {E0A25BE8-43D3-4DD2-992A-EE8D4A5CF018}
		{CD6D0094-C867-4592-A37D-138A36A91D58} = {E0A25BE8-43D3-4DD2-992A-EE8D4A5CF018}
	EndGlobalSection
EndGlobal
