
Microsoft Visual Studio Solution File, Format Version 10.00
# Visual Studio 2008
Project("{8BC9CEB8-8B4A-11D0-8D11-00A0C91BC942}") = "og", "..\engine\src\win32\og.vcproj", "{8D9287B3-0AC5-434C-BDD4-F78B40254471}"
	ProjectSection(ProjectDependencies) = postProject
		{62848574-5733-4E61-9FED-FBC64E02D50C} = {62848574-5733-4E61-9FED-FBC64E02D50C}
		{758886E9-155C-4D71-B472-928B522E5E35} = {758886E9-155C-4D71-B472-928B522E5E35}
	EndProjectSection
EndProject
Project("{8BC9CEB8-8B4A-11D0-8D11-00A0C91BC942}") = "PVR", "..\engine\sdk\PVR\PVR.vcproj", "{758886E9-155C-4D71-B472-928B522E5E35}"
EndProject
Project("{8BC9CEB8-8B4A-11D0-8D11-00A0C91BC942}") = "tinyxml", "..\engine\sdk\tinyxml\src\tinyxml.vcproj", "{62848574-5733-4E61-9FED-FBC64E02D50C}"
EndProject
Project("{8BC9CEB8-8B4A-11D0-8D11-00A0C91BC942}") = "MapEditor", "MapEditor\MapEditor.vcproj", "{7E602DBF-D2F0-4FEE-B1B9-EE22859A8B0E}"
	ProjectSection(ProjectDependencies) = postProject
		{0264F668-0FEA-44B2-AA6A-B560D4FDEC73} = {0264F668-0FEA-44B2-AA6A-B560D4FDEC73}
		{8D9287B3-0AC5-434C-BDD4-F78B40254471} = {8D9287B3-0AC5-434C-BDD4-F78B40254471}
	EndProjectSection
EndProject
Project("{2150E333-8FDC-42A3-9474-1A3956D46DE8}") = "OGEngine", "OGEngine", "{3157CED6-2263-470B-9612-C28F7C0051E9}"
EndProject
Project("{8BC9CEB8-8B4A-11D0-8D11-00A0C91BC942}") = "ToolFramework", "SDK\ToolFramework\ToolFramework.vcproj", "{0264F668-0FEA-44B2-AA6A-B560D4FDEC73}"
EndProject
Project("{8BC9CEB8-8B4A-11D0-8D11-00A0C91BC942}") = "AirAssault", "..\game\src\AirAssault.vcproj", "{63A6813A-AD96-41D2-8E64-0A05C442C270}"
	ProjectSection(ProjectDependencies) = postProject
		{62848574-5733-4E61-9FED-FBC64E02D50C} = {62848574-5733-4E61-9FED-FBC64E02D50C}
		{8D9287B3-0AC5-434C-BDD4-F78B40254471} = {8D9287B3-0AC5-434C-BDD4-F78B40254471}
		{758886E9-155C-4D71-B472-928B522E5E35} = {758886E9-155C-4D71-B472-928B522E5E35}
	EndProjectSection
EndProject
Project("{8BC9CEB8-8B4A-11D0-8D11-00A0C91BC942}") = "Viewer", "Viewer\Viewer.vcproj", "{026DD97A-A1CF-40D9-A652-56A2C6A47CF2}"
	ProjectSection(ProjectDependencies) = postProject
		{0264F668-0FEA-44B2-AA6A-B560D4FDEC73} = {0264F668-0FEA-44B2-AA6A-B560D4FDEC73}
		{62848574-5733-4E61-9FED-FBC64E02D50C} = {62848574-5733-4E61-9FED-FBC64E02D50C}
		{8D9287B3-0AC5-434C-BDD4-F78B40254471} = {8D9287B3-0AC5-434C-BDD4-F78B40254471}
		{758886E9-155C-4D71-B472-928B522E5E35} = {758886E9-155C-4D71-B472-928B522E5E35}
	EndProjectSection
EndProject
Global
	GlobalSection(SolutionConfigurationPlatforms) = preSolution
		Debug|Win32 = Debug|Win32
		DLL Debug|Win32 = DLL Debug|Win32
		DLL Release|Win32 = DLL Release|Win32
		DLL Unicode Debug|Win32 = DLL Unicode Debug|Win32
		DLL Unicode Release|Win32 = DLL Unicode Release|Win32
		DLL Universal Debug|Win32 = DLL Universal Debug|Win32
		DLL Universal Release|Win32 = DLL Universal Release|Win32
		DLL Universal Unicode Debug|Win32 = DLL Universal Unicode Debug|Win32
		DLL Universal Unicode Release|Win32 = DLL Universal Unicode Release|Win32
		Release|Win32 = Release|Win32
		Unicode Debug|Win32 = Unicode Debug|Win32
		Unicode Release|Win32 = Unicode Release|Win32
		Universal Debug|Win32 = Universal Debug|Win32
		Universal Release|Win32 = Universal Release|Win32
		Universal Unicode Debug|Win32 = Universal Unicode Debug|Win32
		Universal Unicode Release|Win32 = Universal Unicode Release|Win32
	EndGlobalSection
	GlobalSection(ProjectConfigurationPlatforms) = postSolution
		{8D9287B3-0AC5-434C-BDD4-F78B40254471}.Debug|Win32.ActiveCfg = Debug|Win32
		{8D9287B3-0AC5-434C-BDD4-F78B40254471}.Debug|Win32.Build.0 = Debug|Win32
		{8D9287B3-0AC5-434C-BDD4-F78B40254471}.DLL Debug|Win32.ActiveCfg = Debug|Win32
		{8D9287B3-0AC5-434C-BDD4-F78B40254471}.DLL Debug|Win32.Build.0 = Debug|Win32
		{8D9287B3-0AC5-434C-BDD4-F78B40254471}.DLL Release|Win32.ActiveCfg = Release|Win32
		{8D9287B3-0AC5-434C-BDD4-F78B40254471}.DLL Release|Win32.Build.0 = Release|Win32
		{8D9287B3-0AC5-434C-BDD4-F78B40254471}.DLL Unicode Debug|Win32.ActiveCfg = Debug|Win32
		{8D9287B3-0AC5-434C-BDD4-F78B40254471}.DLL Unicode Debug|Win32.Build.0 = Debug|Win32
		{8D9287B3-0AC5-434C-BDD4-F78B40254471}.DLL Unicode Release|Win32.ActiveCfg = Release|Win32
		{8D9287B3-0AC5-434C-BDD4-F78B40254471}.DLL Unicode Release|Win32.Build.0 = Release|Win32
		{8D9287B3-0AC5-434C-BDD4-F78B40254471}.DLL Universal Debug|Win32.ActiveCfg = Debug|Win32
		{8D9287B3-0AC5-434C-BDD4-F78B40254471}.DLL Universal Debug|Win32.Build.0 = Debug|Win32
		{8D9287B3-0AC5-434C-BDD4-F78B40254471}.DLL Universal Release|Win32.ActiveCfg = Release|Win32
		{8D9287B3-0AC5-434C-BDD4-F78B40254471}.DLL Universal Release|Win32.Build.0 = Release|Win32
		{8D9287B3-0AC5-434C-BDD4-F78B40254471}.DLL Universal Unicode Debug|Win32.ActiveCfg = Debug|Win32
		{8D9287B3-0AC5-434C-BDD4-F78B40254471}.DLL Universal Unicode Debug|Win32.Build.0 = Debug|Win32
		{8D9287B3-0AC5-434C-BDD4-F78B40254471}.DLL Universal Unicode Release|Win32.ActiveCfg = Release|Win32
		{8D9287B3-0AC5-434C-BDD4-F78B40254471}.DLL Universal Unicode Release|Win32.Build.0 = Release|Win32
		{8D9287B3-0AC5-434C-BDD4-F78B40254471}.Release|Win32.ActiveCfg = Release|Win32
		{8D9287B3-0AC5-434C-BDD4-F78B40254471}.Release|Win32.Build.0 = Release|Win32
		{8D9287B3-0AC5-434C-BDD4-F78B40254471}.Unicode Debug|Win32.ActiveCfg = Debug|Win32
		{8D9287B3-0AC5-434C-BDD4-F78B40254471}.Unicode Debug|Win32.Build.0 = Debug|Win32
		{8D9287B3-0AC5-434C-BDD4-F78B40254471}.Unicode Release|Win32.ActiveCfg = Release|Win32
		{8D9287B3-0AC5-434C-BDD4-F78B40254471}.Unicode Release|Win32.Build.0 = Release|Win32
		{8D9287B3-0AC5-434C-BDD4-F78B40254471}.Universal Debug|Win32.ActiveCfg = Debug|Win32
		{8D9287B3-0AC5-434C-BDD4-F78B40254471}.Universal Debug|Win32.Build.0 = Debug|Win32
		{8D9287B3-0AC5-434C-BDD4-F78B40254471}.Universal Release|Win32.ActiveCfg = Release|Win32
		{8D9287B3-0AC5-434C-BDD4-F78B40254471}.Universal Release|Win32.Build.0 = Release|Win32
		{8D9287B3-0AC5-434C-BDD4-F78B40254471}.Universal Unicode Debug|Win32.ActiveCfg = Debug|Win32
		{8D9287B3-0AC5-434C-BDD4-F78B40254471}.Universal Unicode Debug|Win32.Build.0 = Debug|Win32
		{8D9287B3-0AC5-434C-BDD4-F78B40254471}.Universal Unicode Release|Win32.ActiveCfg = Release|Win32
		{8D9287B3-0AC5-434C-BDD4-F78B40254471}.Universal Unicode Release|Win32.Build.0 = Release|Win32
		{758886E9-155C-4D71-B472-928B522E5E35}.Debug|Win32.ActiveCfg = Debug|Win32
		{758886E9-155C-4D71-B472-928B522E5E35}.Debug|Win32.Build.0 = Debug|Win32
		{758886E9-155C-4D71-B472-928B522E5E35}.DLL Debug|Win32.ActiveCfg = Debug|Win32
		{758886E9-155C-4D71-B472-928B522E5E35}.DLL Debug|Win32.Build.0 = Debug|Win32
		{758886E9-155C-4D71-B472-928B522E5E35}.DLL Release|Win32.ActiveCfg = Release|Win32
		{758886E9-155C-4D71-B472-928B522E5E35}.DLL Release|Win32.Build.0 = Release|Win32
		{758886E9-155C-4D71-B472-928B522E5E35}.DLL Unicode Debug|Win32.ActiveCfg = Debug|Win32
		{758886E9-155C-4D71-B472-928B522E5E35}.DLL Unicode Debug|Win32.Build.0 = Debug|Win32
		{758886E9-155C-4D71-B472-928B522E5E35}.DLL Unicode Release|Win32.ActiveCfg = Release|Win32
		{758886E9-155C-4D71-B472-928B522E5E35}.DLL Unicode Release|Win32.Build.0 = Release|Win32
		{758886E9-155C-4D71-B472-928B522E5E35}.DLL Universal Debug|Win32.ActiveCfg = Debug|Win32
		{758886E9-155C-4D71-B472-928B522E5E35}.DLL Universal Debug|Win32.Build.0 = Debug|Win32
		{758886E9-155C-4D71-B472-928B522E5E35}.DLL Universal Release|Win32.ActiveCfg = Release|Win32
		{758886E9-155C-4D71-B472-928B522E5E35}.DLL Universal Release|Win32.Build.0 = Release|Win32
		{758886E9-155C-4D71-B472-928B522E5E35}.DLL Universal Unicode Debug|Win32.ActiveCfg = Debug|Win32
		{758886E9-155C-4D71-B472-928B522E5E35}.DLL Universal Unicode Debug|Win32.Build.0 = Debug|Win32
		{758886E9-155C-4D71-B472-928B522E5E35}.DLL Universal Unicode Release|Win32.ActiveCfg = Release|Win32
		{758886E9-155C-4D71-B472-928B522E5E35}.DLL Universal Unicode Release|Win32.Build.0 = Release|Win32
		{758886E9-155C-4D71-B472-928B522E5E35}.Release|Win32.ActiveCfg = Release|Win32
		{758886E9-155C-4D71-B472-928B522E5E35}.Release|Win32.Build.0 = Release|Win32
		{758886E9-155C-4D71-B472-928B522E5E35}.Unicode Debug|Win32.ActiveCfg = Debug|Win32
		{758886E9-155C-4D71-B472-928B522E5E35}.Unicode Debug|Win32.Build.0 = Debug|Win32
		{758886E9-155C-4D71-B472-928B522E5E35}.Unicode Release|Win32.ActiveCfg = Release|Win32
		{758886E9-155C-4D71-B472-928B522E5E35}.Unicode Release|Win32.Build.0 = Release|Win32
		{758886E9-155C-4D71-B472-928B522E5E35}.Universal Debug|Win32.ActiveCfg = Debug|Win32
		{758886E9-155C-4D71-B472-928B522E5E35}.Universal Debug|Win32.Build.0 = Debug|Win32
		{758886E9-155C-4D71-B472-928B522E5E35}.Universal Release|Win32.ActiveCfg = Release|Win32
		{758886E9-155C-4D71-B472-928B522E5E35}.Universal Release|Win32.Build.0 = Release|Win32
		{758886E9-155C-4D71-B472-928B522E5E35}.Universal Unicode Debug|Win32.ActiveCfg = Debug|Win32
		{758886E9-155C-4D71-B472-928B522E5E35}.Universal Unicode Debug|Win32.Build.0 = Debug|Win32
		{758886E9-155C-4D71-B472-928B522E5E35}.Universal Unicode Release|Win32.ActiveCfg = Release|Win32
		{758886E9-155C-4D71-B472-928B522E5E35}.Universal Unicode Release|Win32.Build.0 = Release|Win32
		{62848574-5733-4E61-9FED-FBC64E02D50C}.Debug|Win32.ActiveCfg = Debug|Win32
		{62848574-5733-4E61-9FED-FBC64E02D50C}.Debug|Win32.Build.0 = Debug|Win32
		{62848574-5733-4E61-9FED-FBC64E02D50C}.DLL Debug|Win32.ActiveCfg = Debug|Win32
		{62848574-5733-4E61-9FED-FBC64E02D50C}.DLL Debug|Win32.Build.0 = Debug|Win32
		{62848574-5733-4E61-9FED-FBC64E02D50C}.DLL Release|Win32.ActiveCfg = Release|Win32
		{62848574-5733-4E61-9FED-FBC64E02D50C}.DLL Release|Win32.Build.0 = Release|Win32
		{62848574-5733-4E61-9FED-FBC64E02D50C}.DLL Unicode Debug|Win32.ActiveCfg = Debug|Win32
		{62848574-5733-4E61-9FED-FBC64E02D50C}.DLL Unicode Debug|Win32.Build.0 = Debug|Win32
		{62848574-5733-4E61-9FED-FBC64E02D50C}.DLL Unicode Release|Win32.ActiveCfg = Release|Win32
		{62848574-5733-4E61-9FED-FBC64E02D50C}.DLL Unicode Release|Win32.Build.0 = Release|Win32
		{62848574-5733-4E61-9FED-FBC64E02D50C}.DLL Universal Debug|Win32.ActiveCfg = Debug|Win32
		{62848574-5733-4E61-9FED-FBC64E02D50C}.DLL Universal Debug|Win32.Build.0 = Debug|Win32
		{62848574-5733-4E61-9FED-FBC64E02D50C}.DLL Universal Release|Win32.ActiveCfg = Release|Win32
		{62848574-5733-4E61-9FED-FBC64E02D50C}.DLL Universal Release|Win32.Build.0 = Release|Win32
		{62848574-5733-4E61-9FED-FBC64E02D50C}.DLL Universal Unicode Debug|Win32.ActiveCfg = Debug|Win32
		{62848574-5733-4E61-9FED-FBC64E02D50C}.DLL Universal Unicode Debug|Win32.Build.0 = Debug|Win32
		{62848574-5733-4E61-9FED-FBC64E02D50C}.DLL Universal Unicode Release|Win32.ActiveCfg = Release|Win32
		{62848574-5733-4E61-9FED-FBC64E02D50C}.DLL Universal Unicode Release|Win32.Build.0 = Release|Win32
		{62848574-5733-4E61-9FED-FBC64E02D50C}.Release|Win32.ActiveCfg = Release|Win32
		{62848574-5733-4E61-9FED-FBC64E02D50C}.Release|Win32.Build.0 = Release|Win32
		{62848574-5733-4E61-9FED-FBC64E02D50C}.Unicode Debug|Win32.ActiveCfg = Debug|Win32
		{62848574-5733-4E61-9FED-FBC64E02D50C}.Unicode Debug|Win32.Build.0 = Debug|Win32
		{62848574-5733-4E61-9FED-FBC64E02D50C}.Unicode Release|Win32.ActiveCfg = Release|Win32
		{62848574-5733-4E61-9FED-FBC64E02D50C}.Unicode Release|Win32.Build.0 = Release|Win32
		{62848574-5733-4E61-9FED-FBC64E02D50C}.Universal Debug|Win32.ActiveCfg = Debug|Win32
		{62848574-5733-4E61-9FED-FBC64E02D50C}.Universal Debug|Win32.Build.0 = Debug|Win32
		{62848574-5733-4E61-9FED-FBC64E02D50C}.Universal Release|Win32.ActiveCfg = Release|Win32
		{62848574-5733-4E61-9FED-FBC64E02D50C}.Universal Release|Win32.Build.0 = Release|Win32
		{62848574-5733-4E61-9FED-FBC64E02D50C}.Universal Unicode Debug|Win32.ActiveCfg = Debug|Win32
		{62848574-5733-4E61-9FED-FBC64E02D50C}.Universal Unicode Debug|Win32.Build.0 = Debug|Win32
		{62848574-5733-4E61-9FED-FBC64E02D50C}.Universal Unicode Release|Win32.ActiveCfg = Release|Win32
		{62848574-5733-4E61-9FED-FBC64E02D50C}.Universal Unicode Release|Win32.Build.0 = Release|Win32
		{7E602DBF-D2F0-4FEE-B1B9-EE22859A8B0E}.Debug|Win32.ActiveCfg = Debug|Win32
		{7E602DBF-D2F0-4FEE-B1B9-EE22859A8B0E}.Debug|Win32.Build.0 = Debug|Win32
		{7E602DBF-D2F0-4FEE-B1B9-EE22859A8B0E}.DLL Debug|Win32.ActiveCfg = Debug|Win32
		{7E602DBF-D2F0-4FEE-B1B9-EE22859A8B0E}.DLL Debug|Win32.Build.0 = Debug|Win32
		{7E602DBF-D2F0-4FEE-B1B9-EE22859A8B0E}.DLL Release|Win32.ActiveCfg = Release|Win32
		{7E602DBF-D2F0-4FEE-B1B9-EE22859A8B0E}.DLL Release|Win32.Build.0 = Release|Win32
		{7E602DBF-D2F0-4FEE-B1B9-EE22859A8B0E}.DLL Unicode Debug|Win32.ActiveCfg = Debug|Win32
		{7E602DBF-D2F0-4FEE-B1B9-EE22859A8B0E}.DLL Unicode Debug|Win32.Build.0 = Debug|Win32
		{7E602DBF-D2F0-4FEE-B1B9-EE22859A8B0E}.DLL Unicode Release|Win32.ActiveCfg = Release|Win32
		{7E602DBF-D2F0-4FEE-B1B9-EE22859A8B0E}.DLL Unicode Release|Win32.Build.0 = Release|Win32
		{7E602DBF-D2F0-4FEE-B1B9-EE22859A8B0E}.DLL Universal Debug|Win32.ActiveCfg = Debug|Win32
		{7E602DBF-D2F0-4FEE-B1B9-EE22859A8B0E}.DLL Universal Debug|Win32.Build.0 = Debug|Win32
		{7E602DBF-D2F0-4FEE-B1B9-EE22859A8B0E}.DLL Universal Release|Win32.ActiveCfg = Release|Win32
		{7E602DBF-D2F0-4FEE-B1B9-EE22859A8B0E}.DLL Universal Release|Win32.Build.0 = Release|Win32
		{7E602DBF-D2F0-4FEE-B1B9-EE22859A8B0E}.DLL Universal Unicode Debug|Win32.ActiveCfg = Debug|Win32
		{7E602DBF-D2F0-4FEE-B1B9-EE22859A8B0E}.DLL Universal Unicode Debug|Win32.Build.0 = Debug|Win32
		{7E602DBF-D2F0-4FEE-B1B9-EE22859A8B0E}.DLL Universal Unicode Release|Win32.ActiveCfg = Release|Win32
		{7E602DBF-D2F0-4FEE-B1B9-EE22859A8B0E}.DLL Universal Unicode Release|Win32.Build.0 = Release|Win32
		{7E602DBF-D2F0-4FEE-B1B9-EE22859A8B0E}.Release|Win32.ActiveCfg = Release|Win32
		{7E602DBF-D2F0-4FEE-B1B9-EE22859A8B0E}.Release|Win32.Build.0 = Release|Win32
		{7E602DBF-D2F0-4FEE-B1B9-EE22859A8B0E}.Unicode Debug|Win32.ActiveCfg = Debug|Win32
		{7E602DBF-D2F0-4FEE-B1B9-EE22859A8B0E}.Unicode Debug|Win32.Build.0 = Debug|Win32
		{7E602DBF-D2F0-4FEE-B1B9-EE22859A8B0E}.Unicode Release|Win32.ActiveCfg = Release|Win32
		{7E602DBF-D2F0-4FEE-B1B9-EE22859A8B0E}.Unicode Release|Win32.Build.0 = Release|Win32
		{7E602DBF-D2F0-4FEE-B1B9-EE22859A8B0E}.Universal Debug|Win32.ActiveCfg = Debug|Win32
		{7E602DBF-D2F0-4FEE-B1B9-EE22859A8B0E}.Universal Debug|Win32.Build.0 = Debug|Win32
		{7E602DBF-D2F0-4FEE-B1B9-EE22859A8B0E}.Universal Release|Win32.ActiveCfg = Release|Win32
		{7E602DBF-D2F0-4FEE-B1B9-EE22859A8B0E}.Universal Release|Win32.Build.0 = Release|Win32
		{7E602DBF-D2F0-4FEE-B1B9-EE22859A8B0E}.Universal Unicode Debug|Win32.ActiveCfg = Debug|Win32
		{7E602DBF-D2F0-4FEE-B1B9-EE22859A8B0E}.Universal Unicode Debug|Win32.Build.0 = Debug|Win32
		{7E602DBF-D2F0-4FEE-B1B9-EE22859A8B0E}.Universal Unicode Release|Win32.ActiveCfg = Release|Win32
		{7E602DBF-D2F0-4FEE-B1B9-EE22859A8B0E}.Universal Unicode Release|Win32.Build.0 = Release|Win32
		{0264F668-0FEA-44B2-AA6A-B560D4FDEC73}.Debug|Win32.ActiveCfg = Debug|Win32
		{0264F668-0FEA-44B2-AA6A-B560D4FDEC73}.Debug|Win32.Build.0 = Debug|Win32
		{0264F668-0FEA-44B2-AA6A-B560D4FDEC73}.DLL Debug|Win32.ActiveCfg = Debug|Win32
		{0264F668-0FEA-44B2-AA6A-B560D4FDEC73}.DLL Debug|Win32.Build.0 = Debug|Win32
		{0264F668-0FEA-44B2-AA6A-B560D4FDEC73}.DLL Release|Win32.ActiveCfg = Release|Win32
		{0264F668-0FEA-44B2-AA6A-B560D4FDEC73}.DLL Release|Win32.Build.0 = Release|Win32
		{0264F668-0FEA-44B2-AA6A-B560D4FDEC73}.DLL Unicode Debug|Win32.ActiveCfg = Debug|Win32
		{0264F668-0FEA-44B2-AA6A-B560D4FDEC73}.DLL Unicode Debug|Win32.Build.0 = Debug|Win32
		{0264F668-0FEA-44B2-AA6A-B560D4FDEC73}.DLL Unicode Release|Win32.ActiveCfg = Release|Win32
		{0264F668-0FEA-44B2-AA6A-B560D4FDEC73}.DLL Unicode Release|Win32.Build.0 = Release|Win32
		{0264F668-0FEA-44B2-AA6A-B560D4FDEC73}.DLL Universal Debug|Win32.ActiveCfg = Debug|Win32
		{0264F668-0FEA-44B2-AA6A-B560D4FDEC73}.DLL Universal Debug|Win32.Build.0 = Debug|Win32
		{0264F668-0FEA-44B2-AA6A-B560D4FDEC73}.DLL Universal Release|Win32.ActiveCfg = Release|Win32
		{0264F668-0FEA-44B2-AA6A-B560D4FDEC73}.DLL Universal Release|Win32.Build.0 = Release|Win32
		{0264F668-0FEA-44B2-AA6A-B560D4FDEC73}.DLL Universal Unicode Debug|Win32.ActiveCfg = Debug|Win32
		{0264F668-0FEA-44B2-AA6A-B560D4FDEC73}.DLL Universal Unicode Debug|Win32.Build.0 = Debug|Win32
		{0264F668-0FEA-44B2-AA6A-B560D4FDEC73}.DLL Universal Unicode Release|Win32.ActiveCfg = Release|Win32
		{0264F668-0FEA-44B2-AA6A-B560D4FDEC73}.DLL Universal Unicode Release|Win32.Build.0 = Release|Win32
		{0264F668-0FEA-44B2-AA6A-B560D4FDEC73}.Release|Win32.ActiveCfg = Release|Win32
		{0264F668-0FEA-44B2-AA6A-B560D4FDEC73}.Release|Win32.Build.0 = Release|Win32
		{0264F668-0FEA-44B2-AA6A-B560D4FDEC73}.Unicode Debug|Win32.ActiveCfg = Debug|Win32
		{0264F668-0FEA-44B2-AA6A-B560D4FDEC73}.Unicode Debug|Win32.Build.0 = Debug|Win32
		{0264F668-0FEA-44B2-AA6A-B560D4FDEC73}.Unicode Release|Win32.ActiveCfg = Release|Win32
		{0264F668-0FEA-44B2-AA6A-B560D4FDEC73}.Unicode Release|Win32.Build.0 = Release|Win32
		{0264F668-0FEA-44B2-AA6A-B560D4FDEC73}.Universal Debug|Win32.ActiveCfg = Debug|Win32
		{0264F668-0FEA-44B2-AA6A-B560D4FDEC73}.Universal Debug|Win32.Build.0 = Debug|Win32
		{0264F668-0FEA-44B2-AA6A-B560D4FDEC73}.Universal Release|Win32.ActiveCfg = Release|Win32
		{0264F668-0FEA-44B2-AA6A-B560D4FDEC73}.Universal Release|Win32.Build.0 = Release|Win32
		{0264F668-0FEA-44B2-AA6A-B560D4FDEC73}.Universal Unicode Debug|Win32.ActiveCfg = Debug|Win32
		{0264F668-0FEA-44B2-AA6A-B560D4FDEC73}.Universal Unicode Debug|Win32.Build.0 = Debug|Win32
		{0264F668-0FEA-44B2-AA6A-B560D4FDEC73}.Universal Unicode Release|Win32.ActiveCfg = Release|Win32
		{0264F668-0FEA-44B2-AA6A-B560D4FDEC73}.Universal Unicode Release|Win32.Build.0 = Release|Win32
		{63A6813A-AD96-41D2-8E64-0A05C442C270}.Debug|Win32.ActiveCfg = Debug|Win32
		{63A6813A-AD96-41D2-8E64-0A05C442C270}.Debug|Win32.Build.0 = Debug|Win32
		{63A6813A-AD96-41D2-8E64-0A05C442C270}.DLL Debug|Win32.ActiveCfg = Debug|Win32
		{63A6813A-AD96-41D2-8E64-0A05C442C270}.DLL Debug|Win32.Build.0 = Debug|Win32
		{63A6813A-AD96-41D2-8E64-0A05C442C270}.DLL Release|Win32.ActiveCfg = Release|Win32
		{63A6813A-AD96-41D2-8E64-0A05C442C270}.DLL Release|Win32.Build.0 = Release|Win32
		{63A6813A-AD96-41D2-8E64-0A05C442C270}.DLL Unicode Debug|Win32.ActiveCfg = Debug|Win32
		{63A6813A-AD96-41D2-8E64-0A05C442C270}.DLL Unicode Debug|Win32.Build.0 = Debug|Win32
		{63A6813A-AD96-41D2-8E64-0A05C442C270}.DLL Unicode Release|Win32.ActiveCfg = Release|Win32
		{63A6813A-AD96-41D2-8E64-0A05C442C270}.DLL Unicode Release|Win32.Build.0 = Release|Win32
		{63A6813A-AD96-41D2-8E64-0A05C442C270}.DLL Universal Debug|Win32.ActiveCfg = Debug|Win32
		{63A6813A-AD96-41D2-8E64-0A05C442C270}.DLL Universal Debug|Win32.Build.0 = Debug|Win32
		{63A6813A-AD96-41D2-8E64-0A05C442C270}.DLL Universal Release|Win32.ActiveCfg = Release|Win32
		{63A6813A-AD96-41D2-8E64-0A05C442C270}.DLL Universal Release|Win32.Build.0 = Release|Win32
		{63A6813A-AD96-41D2-8E64-0A05C442C270}.DLL Universal Unicode Debug|Win32.ActiveCfg = Debug|Win32
		{63A6813A-AD96-41D2-8E64-0A05C442C270}.DLL Universal Unicode Debug|Win32.Build.0 = Debug|Win32
		{63A6813A-AD96-41D2-8E64-0A05C442C270}.DLL Universal Unicode Release|Win32.ActiveCfg = Release|Win32
		{63A6813A-AD96-41D2-8E64-0A05C442C270}.DLL Universal Unicode Release|Win32.Build.0 = Release|Win32
		{63A6813A-AD96-41D2-8E64-0A05C442C270}.Release|Win32.ActiveCfg = Release|Win32
		{63A6813A-AD96-41D2-8E64-0A05C442C270}.Release|Win32.Build.0 = Release|Win32
		{63A6813A-AD96-41D2-8E64-0A05C442C270}.Unicode Debug|Win32.ActiveCfg = Debug|Win32
		{63A6813A-AD96-41D2-8E64-0A05C442C270}.Unicode Debug|Win32.Build.0 = Debug|Win32
		{63A6813A-AD96-41D2-8E64-0A05C442C270}.Unicode Release|Win32.ActiveCfg = Release|Win32
		{63A6813A-AD96-41D2-8E64-0A05C442C270}.Unicode Release|Win32.Build.0 = Release|Win32
		{63A6813A-AD96-41D2-8E64-0A05C442C270}.Universal Debug|Win32.ActiveCfg = Debug|Win32
		{63A6813A-AD96-41D2-8E64-0A05C442C270}.Universal Debug|Win32.Build.0 = Debug|Win32
		{63A6813A-AD96-41D2-8E64-0A05C442C270}.Universal Release|Win32.ActiveCfg = Release|Win32
		{63A6813A-AD96-41D2-8E64-0A05C442C270}.Universal Release|Win32.Build.0 = Release|Win32
		{63A6813A-AD96-41D2-8E64-0A05C442C270}.Universal Unicode Debug|Win32.ActiveCfg = Debug|Win32
		{63A6813A-AD96-41D2-8E64-0A05C442C270}.Universal Unicode Debug|Win32.Build.0 = Debug|Win32
		{63A6813A-AD96-41D2-8E64-0A05C442C270}.Universal Unicode Release|Win32.ActiveCfg = Release|Win32
		{63A6813A-AD96-41D2-8E64-0A05C442C270}.Universal Unicode Release|Win32.Build.0 = Release|Win32
		{026DD97A-A1CF-40D9-A652-56A2C6A47CF2}.Debug|Win32.ActiveCfg = Debug|Win32
		{026DD97A-A1CF-40D9-A652-56A2C6A47CF2}.Debug|Win32.Build.0 = Debug|Win32
		{026DD97A-A1CF-40D9-A652-56A2C6A47CF2}.DLL Debug|Win32.ActiveCfg = Debug|Win32
		{026DD97A-A1CF-40D9-A652-56A2C6A47CF2}.DLL Debug|Win32.Build.0 = Debug|Win32
		{026DD97A-A1CF-40D9-A652-56A2C6A47CF2}.DLL Release|Win32.ActiveCfg = Release|Win32
		{026DD97A-A1CF-40D9-A652-56A2C6A47CF2}.DLL Release|Win32.Build.0 = Release|Win32
		{026DD97A-A1CF-40D9-A652-56A2C6A47CF2}.DLL Unicode Debug|Win32.ActiveCfg = Debug|Win32
		{026DD97A-A1CF-40D9-A652-56A2C6A47CF2}.DLL Unicode Debug|Win32.Build.0 = Debug|Win32
		{026DD97A-A1CF-40D9-A652-56A2C6A47CF2}.DLL Unicode Release|Win32.ActiveCfg = Release|Win32
		{026DD97A-A1CF-40D9-A652-56A2C6A47CF2}.DLL Unicode Release|Win32.Build.0 = Release|Win32
		{026DD97A-A1CF-40D9-A652-56A2C6A47CF2}.DLL Universal Debug|Win32.ActiveCfg = Debug|Win32
		{026DD97A-A1CF-40D9-A652-56A2C6A47CF2}.DLL Universal Debug|Win32.Build.0 = Debug|Win32
		{026DD97A-A1CF-40D9-A652-56A2C6A47CF2}.DLL Universal Release|Win32.ActiveCfg = Release|Win32
		{026DD97A-A1CF-40D9-A652-56A2C6A47CF2}.DLL Universal Release|Win32.Build.0 = Release|Win32
		{026DD97A-A1CF-40D9-A652-56A2C6A47CF2}.DLL Universal Unicode Debug|Win32.ActiveCfg = Debug|Win32
		{026DD97A-A1CF-40D9-A652-56A2C6A47CF2}.DLL Universal Unicode Debug|Win32.Build.0 = Debug|Win32
		{026DD97A-A1CF-40D9-A652-56A2C6A47CF2}.DLL Universal Unicode Release|Win32.ActiveCfg = Release|Win32
		{026DD97A-A1CF-40D9-A652-56A2C6A47CF2}.DLL Universal Unicode Release|Win32.Build.0 = Release|Win32
		{026DD97A-A1CF-40D9-A652-56A2C6A47CF2}.Release|Win32.ActiveCfg = Release|Win32
		{026DD97A-A1CF-40D9-A652-56A2C6A47CF2}.Release|Win32.Build.0 = Release|Win32
		{026DD97A-A1CF-40D9-A652-56A2C6A47CF2}.Unicode Debug|Win32.ActiveCfg = Debug|Win32
		{026DD97A-A1CF-40D9-A652-56A2C6A47CF2}.Unicode Debug|Win32.Build.0 = Debug|Win32
		{026DD97A-A1CF-40D9-A652-56A2C6A47CF2}.Unicode Release|Win32.ActiveCfg = Release|Win32
		{026DD97A-A1CF-40D9-A652-56A2C6A47CF2}.Unicode Release|Win32.Build.0 = Release|Win32
		{026DD97A-A1CF-40D9-A652-56A2C6A47CF2}.Universal Debug|Win32.ActiveCfg = Debug|Win32
		{026DD97A-A1CF-40D9-A652-56A2C6A47CF2}.Universal Debug|Win32.Build.0 = Debug|Win32
		{026DD97A-A1CF-40D9-A652-56A2C6A47CF2}.Universal Release|Win32.ActiveCfg = Release|Win32
		{026DD97A-A1CF-40D9-A652-56A2C6A47CF2}.Universal Release|Win32.Build.0 = Release|Win32
		{026DD97A-A1CF-40D9-A652-56A2C6A47CF2}.Universal Unicode Debug|Win32.ActiveCfg = Debug|Win32
		{026DD97A-A1CF-40D9-A652-56A2C6A47CF2}.Universal Unicode Debug|Win32.Build.0 = Debug|Win32
		{026DD97A-A1CF-40D9-A652-56A2C6A47CF2}.Universal Unicode Release|Win32.ActiveCfg = Release|Win32
		{026DD97A-A1CF-40D9-A652-56A2C6A47CF2}.Universal Unicode Release|Win32.Build.0 = Release|Win32
	EndGlobalSection
	GlobalSection(SolutionProperties) = preSolution
		HideSolutionNode = FALSE
	EndGlobalSection
	GlobalSection(NestedProjects) = preSolution
		{758886E9-155C-4D71-B472-928B522E5E35} = {3157CED6-2263-470B-9612-C28F7C0051E9}
		{62848574-5733-4E61-9FED-FBC64E02D50C} = {3157CED6-2263-470B-9612-C28F7C0051E9}
		{8D9287B3-0AC5-434C-BDD4-F78B40254471} = {3157CED6-2263-470B-9612-C28F7C0051E9}
	EndGlobalSection
EndGlobal
